// !$*UTF8*$!
{
	archiveVersion = 1;
	classes = {
	};
	objectVersion = 51;
	objects = {

/* Begin PBXBuildFile section */
		0104A03423F717FA00C52ED2 /* SignInVC.swift in Sources */ = {isa = PBXBuildFile; fileRef = 0104A03323F717FA00C52ED2 /* SignInVC.swift */; };
		0104A03623F719AC00C52ED2 /* AppEnums.swift in Sources */ = {isa = PBXBuildFile; fileRef = 0104A03523F719AC00C52ED2 /* AppEnums.swift */; };
		0106E87423F722C700429EBE /* GlobalData.swift in Sources */ = {isa = PBXBuildFile; fileRef = 0106E87323F722C700429EBE /* GlobalData.swift */; };
		0106E87623F7502500429EBE /* TemporaryData.swift in Sources */ = {isa = PBXBuildFile; fileRef = 0106E87523F7502500429EBE /* TemporaryData.swift */; };
		010713BF23F89E8100D2EA7F /* WalletCell.swift in Sources */ = {isa = PBXBuildFile; fileRef = 010713BE23F89E8100D2EA7F /* WalletCell.swift */; };
		010713C123F8A41C00D2EA7F /* AddWalletVC.swift in Sources */ = {isa = PBXBuildFile; fileRef = 010713C023F8A41C00D2EA7F /* AddWalletVC.swift */; };
		013C84B823F4A9620007B7EB /* Transaction.swift in Sources */ = {isa = PBXBuildFile; fileRef = 013C84B723F4A9620007B7EB /* Transaction.swift */; };
		013C84BA23F4A96C0007B7EB /* Wallet.swift in Sources */ = {isa = PBXBuildFile; fileRef = 013C84B923F4A96C0007B7EB /* Wallet.swift */; };
		013C84BC23F4A9A30007B7EB /* Extensions.swift in Sources */ = {isa = PBXBuildFile; fileRef = 013C84BB23F4A9A30007B7EB /* Extensions.swift */; };
		013C84BE23F4A9F10007B7EB /* ExchangeManager.swift in Sources */ = {isa = PBXBuildFile; fileRef = 013C84BD23F4A9F10007B7EB /* ExchangeManager.swift */; };
		013C84C023F4AA0D0007B7EB /* StorageManager.swift in Sources */ = {isa = PBXBuildFile; fileRef = 013C84BF23F4AA0D0007B7EB /* StorageManager.swift */; };
		013C84C223F4AB220007B7EB /* Enums.swift in Sources */ = {isa = PBXBuildFile; fileRef = 013C84C123F4AB220007B7EB /* Enums.swift */; };
		013C84C423F4AD770007B7EB /* Factory.swift in Sources */ = {isa = PBXBuildFile; fileRef = 013C84C323F4AD770007B7EB /* Factory.swift */; };
		013C84C623F4AF600007B7EB /* TestData.swift in Sources */ = {isa = PBXBuildFile; fileRef = 013C84C523F4AF600007B7EB /* TestData.swift */; };
		013C84C823F4B3C00007B7EB /* OverviewTransactionCell.swift in Sources */ = {isa = PBXBuildFile; fileRef = 013C84C723F4B3C00007B7EB /* OverviewTransactionCell.swift */; };
		013C84CA23F4B3D20007B7EB /* TransactionCell.swift in Sources */ = {isa = PBXBuildFile; fileRef = 013C84C923F4B3D20007B7EB /* TransactionCell.swift */; };
		0146E20923F5DBCB0076CC61 /* AddTransactionVC.swift in Sources */ = {isa = PBXBuildFile; fileRef = 0146E20823F5DBCB0076CC61 /* AddTransactionVC.swift */; };
		0165347F23F6E87E00776770 /* GoogleService-Info.plist in Resources */ = {isa = PBXBuildFile; fileRef = 0165347E23F6E87E00776770 /* GoogleService-Info.plist */; };
		017E848423FBFD5600850C7C /* CurrencySelectCell.swift in Sources */ = {isa = PBXBuildFile; fileRef = 017E848323FBFD5600850C7C /* CurrencySelectCell.swift */; };
		019F476D23FB3624004CB77D /* Array+Extensions.swift in Sources */ = {isa = PBXBuildFile; fileRef = 019F471E23FB3623004CB77D /* Array+Extensions.swift */; };
		019F476E23FB3624004CB77D /* UISegmentedControl+Extensions.swift in Sources */ = {isa = PBXBuildFile; fileRef = 019F471F23FB3623004CB77D /* UISegmentedControl+Extensions.swift */; };
		019F476F23FB3624004CB77D /* UIImageView+Extensions.swift in Sources */ = {isa = PBXBuildFile; fileRef = 019F472023FB3623004CB77D /* UIImageView+Extensions.swift */; };
		019F477023FB3624004CB77D /* UIViewController+Extensions.swift in Sources */ = {isa = PBXBuildFile; fileRef = 019F472123FB3623004CB77D /* UIViewController+Extensions.swift */; };
		019F477123FB3624004CB77D /* UIView+Extensions.swift in Sources */ = {isa = PBXBuildFile; fileRef = 019F472223FB3623004CB77D /* UIView+Extensions.swift */; };
		019F477223FB3624004CB77D /* Date+Extension.swift in Sources */ = {isa = PBXBuildFile; fileRef = 019F472323FB3623004CB77D /* Date+Extension.swift */; };
		019F477323FB3624004CB77D /* String+Extensions.swift in Sources */ = {isa = PBXBuildFile; fileRef = 019F472423FB3623004CB77D /* String+Extensions.swift */; };
		019F477423FB3624004CB77D /* UITextView+Extensions.swift in Sources */ = {isa = PBXBuildFile; fileRef = 019F472523FB3623004CB77D /* UITextView+Extensions.swift */; };
		019F477523FB3624004CB77D /* UIColor+Extensions.swift in Sources */ = {isa = PBXBuildFile; fileRef = 019F472623FB3623004CB77D /* UIColor+Extensions.swift */; };
		019F477623FB3624004CB77D /* UIImage+Extensions.swift in Sources */ = {isa = PBXBuildFile; fileRef = 019F472723FB3623004CB77D /* UIImage+Extensions.swift */; };
		019F477723FB3624004CB77D /* UISearchBar+Extensions.swift in Sources */ = {isa = PBXBuildFile; fileRef = 019F472823FB3623004CB77D /* UISearchBar+Extensions.swift */; };
		019F477823FB3624004CB77D /* UIApplication+Extensions.swift in Sources */ = {isa = PBXBuildFile; fileRef = 019F472923FB3623004CB77D /* UIApplication+Extensions.swift */; };
		019F477923FB3624004CB77D /* UIAlertController+Extensions.swift in Sources */ = {isa = PBXBuildFile; fileRef = 019F472A23FB3623004CB77D /* UIAlertController+Extensions.swift */; };
		019F477A23FB3624004CB77D /* Optional+Extensions.swift in Sources */ = {isa = PBXBuildFile; fileRef = 019F472B23FB3623004CB77D /* Optional+Extensions.swift */; };
		019F477B23FB3624004CB77D /* Common+Extensions.swift in Sources */ = {isa = PBXBuildFile; fileRef = 019F472C23FB3623004CB77D /* Common+Extensions.swift */; };
		019F477C23FB3624004CB77D /* Locale+Extensions.swift in Sources */ = {isa = PBXBuildFile; fileRef = 019F472D23FB3623004CB77D /* Locale+Extensions.swift */; };
		019F477D23FB3624004CB77D /* UITextField+Extensions.swift in Sources */ = {isa = PBXBuildFile; fileRef = 019F472E23FB3623004CB77D /* UITextField+Extensions.swift */; };
		019F477E23FB3624004CB77D /* AttributedTextBlock.swift in Sources */ = {isa = PBXBuildFile; fileRef = 019F473123FB3623004CB77D /* AttributedTextBlock.swift */; };
		019F477F23FB3624004CB77D /* TextViewController.swift in Sources */ = {isa = PBXBuildFile; fileRef = 019F473223FB3623004CB77D /* TextViewController.swift */; };
		019F478023FB3624004CB77D /* Countries.bundle in Resources */ = {isa = PBXBuildFile; fileRef = 019F473523FB3623004CB77D /* Countries.bundle */; };
		019F478123FB3624004CB77D /* LocaleStore.swift in Sources */ = {isa = PBXBuildFile; fileRef = 019F473723FB3623004CB77D /* LocaleStore.swift */; };
		019F478223FB3624004CB77D /* LocaleInfo.swift in Sources */ = {isa = PBXBuildFile; fileRef = 019F473923FB3623004CB77D /* LocaleInfo.swift */; };
		019F478323FB3624004CB77D /* LocalePickerViewController.swift in Sources */ = {isa = PBXBuildFile; fileRef = 019F473A23FB3623004CB77D /* LocalePickerViewController.swift */; };
		019F478423FB3624004CB77D /* PhoneCodeCell.swift in Sources */ = {isa = PBXBuildFile; fileRef = 019F473C23FB3623004CB77D /* PhoneCodeCell.swift */; };
		019F478523FB3624004CB77D /* CurrencyCell.swift in Sources */ = {isa = PBXBuildFile; fileRef = 019F473D23FB3623004CB77D /* CurrencyCell.swift */; };
		019F478623FB3624004CB77D /* CountryCell.swift in Sources */ = {isa = PBXBuildFile; fileRef = 019F473E23FB3623004CB77D /* CountryCell.swift */; };
		019F478723FB3624004CB77D /* TwoTextFieldsViewController.swift in Sources */ = {isa = PBXBuildFile; fileRef = 019F474023FB3623004CB77D /* TwoTextFieldsViewController.swift */; };
		019F478823FB3624004CB77D /* OneTextFieldViewController.swift in Sources */ = {isa = PBXBuildFile; fileRef = 019F474123FB3623004CB77D /* OneTextFieldViewController.swift */; };
		019F478923FB3624004CB77D /* Assets.swift in Sources */ = {isa = PBXBuildFile; fileRef = 019F474423FB3624004CB77D /* Assets.swift */; };
		019F478A23FB3624004CB77D /* PhotoLibraryPickerViewController.swift in Sources */ = {isa = PBXBuildFile; fileRef = 019F474523FB3624004CB77D /* PhotoLibraryPickerViewController.swift */; };
		019F478B23FB3624004CB77D /* LocationSearchResultsViewController.swift in Sources */ = {isa = PBXBuildFile; fileRef = 019F474723FB3624004CB77D /* LocationSearchResultsViewController.swift */; };
		019F478C23FB3624004CB77D /* LocationPickerViewController.swift in Sources */ = {isa = PBXBuildFile; fileRef = 019F474823FB3624004CB77D /* LocationPickerViewController.swift */; };
		019F478D23FB3624004CB77D /* SearchHistoryManager.swift in Sources */ = {isa = PBXBuildFile; fileRef = 019F474A23FB3624004CB77D /* SearchHistoryManager.swift */; };
		019F478E23FB3624004CB77D /* Location.swift in Sources */ = {isa = PBXBuildFile; fileRef = 019F474C23FB3624004CB77D /* Location.swift */; };
		019F478F23FB3624004CB77D /* Address.swift in Sources */ = {isa = PBXBuildFile; fileRef = 019F474D23FB3624004CB77D /* Address.swift */; };
		019F479023FB3624004CB77D /* PickerViewViewController.swift in Sources */ = {isa = PBXBuildFile; fileRef = 019F474F23FB3624004CB77D /* PickerViewViewController.swift */; };
		019F479123FB3624004CB77D /* ContactsPickerViewController.swift in Sources */ = {isa = PBXBuildFile; fileRef = 019F475123FB3624004CB77D /* ContactsPickerViewController.swift */; };
		019F479223FB3624004CB77D /* Contacts.swift in Sources */ = {isa = PBXBuildFile; fileRef = 019F475323FB3624004CB77D /* Contacts.swift */; };
		019F479323FB3624004CB77D /* Contact.swift in Sources */ = {isa = PBXBuildFile; fileRef = 019F475523FB3624004CB77D /* Contact.swift */; };
		019F479423FB3624004CB77D /* ContactCell.swift in Sources */ = {isa = PBXBuildFile; fileRef = 019F475723FB3624004CB77D /* ContactCell.swift */; };
		019F479523FB3624004CB77D /* ColorPickerViewController.swift in Sources */ = {isa = PBXBuildFile; fileRef = 019F475923FB3624004CB77D /* ColorPickerViewController.swift */; };
		019F479623FB3624004CB77D /* DatePickerViewController.swift in Sources */ = {isa = PBXBuildFile; fileRef = 019F475B23FB3624004CB77D /* DatePickerViewController.swift */; };
		019F479723FB3624004CB77D /* ImagePickerViewController.swift in Sources */ = {isa = PBXBuildFile; fileRef = 019F475D23FB3624004CB77D /* ImagePickerViewController.swift */; };
		019F479823FB3624004CB77D /* ItemWithImage.swift in Sources */ = {isa = PBXBuildFile; fileRef = 019F475F23FB3624004CB77D /* ItemWithImage.swift */; };
		019F479923FB3624004CB77D /* PhotoLayout.swift in Sources */ = {isa = PBXBuildFile; fileRef = 019F476223FB3624004CB77D /* PhotoLayout.swift */; };
		019F479A23FB3624004CB77D /* TelegramPickerViewController.swift in Sources */ = {isa = PBXBuildFile; fileRef = 019F476323FB3624004CB77D /* TelegramPickerViewController.swift */; };
		019F479B23FB3624004CB77D /* ItemWithPhoto.swift in Sources */ = {isa = PBXBuildFile; fileRef = 019F476523FB3624004CB77D /* ItemWithPhoto.swift */; };
		019F479C23FB3624004CB77D /* LikeButtonCell.swift in Sources */ = {isa = PBXBuildFile; fileRef = 019F476623FB3624004CB77D /* LikeButtonCell.swift */; };
		019F479D23FB3624004CB77D /* Label.swift in Sources */ = {isa = PBXBuildFile; fileRef = 019F476823FB3624004CB77D /* Label.swift */; };
		019F479E23FB3624004CB77D /* SegmentedControl.swift in Sources */ = {isa = PBXBuildFile; fileRef = 019F476923FB3624004CB77D /* SegmentedControl.swift */; };
		019F479F23FB3624004CB77D /* GradientSlider.swift in Sources */ = {isa = PBXBuildFile; fileRef = 019F476A23FB3624004CB77D /* GradientSlider.swift */; };
		019F47A023FB3624004CB77D /* TextField.swift in Sources */ = {isa = PBXBuildFile; fileRef = 019F476B23FB3624004CB77D /* TextField.swift */; };
		019F47A123FB3624004CB77D /* Button.swift in Sources */ = {isa = PBXBuildFile; fileRef = 019F476C23FB3624004CB77D /* Button.swift */; };
		01A58D7023DCADFA004F124C /* AppDelegate.swift in Sources */ = {isa = PBXBuildFile; fileRef = 01A58D6F23DCADFA004F124C /* AppDelegate.swift */; };
		01A58D7223DCADFA004F124C /* SceneDelegate.swift in Sources */ = {isa = PBXBuildFile; fileRef = 01A58D7123DCADFA004F124C /* SceneDelegate.swift */; };
		01A58D7423DCADFA004F124C /* OverviewVC.swift in Sources */ = {isa = PBXBuildFile; fileRef = 01A58D7323DCADFA004F124C /* OverviewVC.swift */; };
		01A58D7623DCADFA004F124C /* WalletVC.swift in Sources */ = {isa = PBXBuildFile; fileRef = 01A58D7523DCADFA004F124C /* WalletVC.swift */; };
		01A58D7923DCADFA004F124C /* Main.storyboard in Resources */ = {isa = PBXBuildFile; fileRef = 01A58D7723DCADFA004F124C /* Main.storyboard */; };
		01A58D7C23DCADFA004F124C /* Financial_Assistant.xcdatamodeld in Sources */ = {isa = PBXBuildFile; fileRef = 01A58D7A23DCADFA004F124C /* Financial_Assistant.xcdatamodeld */; };
		01A58D7E23DCADFC004F124C /* Assets.xcassets in Resources */ = {isa = PBXBuildFile; fileRef = 01A58D7D23DCADFC004F124C /* Assets.xcassets */; };
		01A58D8123DCADFC004F124C /* LaunchScreen.storyboard in Resources */ = {isa = PBXBuildFile; fileRef = 01A58D7F23DCADFC004F124C /* LaunchScreen.storyboard */; };
		01A58D8C23DCADFC004F124C /* Financial_AssistantTests.swift in Sources */ = {isa = PBXBuildFile; fileRef = 01A58D8B23DCADFC004F124C /* Financial_AssistantTests.swift */; };
		01A58D9723DCADFC004F124C /* Financial_AssistantUITests.swift in Sources */ = {isa = PBXBuildFile; fileRef = 01A58D9623DCADFC004F124C /* Financial_AssistantUITests.swift */; };
		01D3037923F9A4D500D5448C /* DetailTransactionVC.swift in Sources */ = {isa = PBXBuildFile; fileRef = 01D3037823F9A4D500D5448C /* DetailTransactionVC.swift */; };
		01D3037B23F9BD4000D5448C /* SpinnerViewController.swift in Sources */ = {isa = PBXBuildFile; fileRef = 01D3037A23F9BD4000D5448C /* SpinnerViewController.swift */; };
		01D3037D23F9C3F000D5448C /* DetailWalletVC.swift in Sources */ = {isa = PBXBuildFile; fileRef = 01D3037C23F9C3F000D5448C /* DetailWalletVC.swift */; };
		01D891D423EE150D0009FD5A /* TransactionsVC.swift in Sources */ = {isa = PBXBuildFile; fileRef = 01D891D323EE150D0009FD5A /* TransactionsVC.swift */; };
		01D891D623EE1B890009FD5A /* StatisticsVC.swift in Sources */ = {isa = PBXBuildFile; fileRef = 01D891D523EE1B890009FD5A /* StatisticsVC.swift */; };
		01D891D823EE1B9F0009FD5A /* PlanningVC.swift in Sources */ = {isa = PBXBuildFile; fileRef = 01D891D723EE1B9F0009FD5A /* PlanningVC.swift */; };
		01D891DA23EE1BB00009FD5A /* SettingsVC.swift in Sources */ = {isa = PBXBuildFile; fileRef = 01D891D923EE1BB00009FD5A /* SettingsVC.swift */; };
		2AF39AAA13126845F8E1AA52 /* Pods_Financial_Assistant_Financial_AssistantUITests.framework in Frameworks */ = {isa = PBXBuildFile; fileRef = 9068C0C598984CC8E5D7C2D3 /* Pods_Financial_Assistant_Financial_AssistantUITests.framework */; };
		419A7304580E49D33DC63C4F /* Pods_Financial_AssistantTests.framework in Frameworks */ = {isa = PBXBuildFile; fileRef = D32A3B623323BDFC53972DF6 /* Pods_Financial_AssistantTests.framework */; };
		64D1080FF5680F6319FE028B /* Pods_Financial_Assistant.framework in Frameworks */ = {isa = PBXBuildFile; fileRef = 064357AD4F8FFA20CB940FDD /* Pods_Financial_Assistant.framework */; };
/* End PBXBuildFile section */

/* Begin PBXContainerItemProxy section */
		01A58D8823DCADFC004F124C /* PBXContainerItemProxy */ = {
			isa = PBXContainerItemProxy;
			containerPortal = 01A58D6423DCADFA004F124C /* Project object */;
			proxyType = 1;
			remoteGlobalIDString = 01A58D6B23DCADFA004F124C;
			remoteInfo = "Financial Assistant";
		};
		01A58D9323DCADFC004F124C /* PBXContainerItemProxy */ = {
			isa = PBXContainerItemProxy;
			containerPortal = 01A58D6423DCADFA004F124C /* Project object */;
			proxyType = 1;
			remoteGlobalIDString = 01A58D6B23DCADFA004F124C;
			remoteInfo = "Financial Assistant";
		};
/* End PBXContainerItemProxy section */

/* Begin PBXFileReference section */
		0104A03323F717FA00C52ED2 /* SignInVC.swift */ = {isa = PBXFileReference; lastKnownFileType = sourcecode.swift; path = SignInVC.swift; sourceTree = "<group>"; };
		0104A03523F719AC00C52ED2 /* AppEnums.swift */ = {isa = PBXFileReference; lastKnownFileType = sourcecode.swift; path = AppEnums.swift; sourceTree = "<group>"; };
		0106E87323F722C700429EBE /* GlobalData.swift */ = {isa = PBXFileReference; lastKnownFileType = sourcecode.swift; path = GlobalData.swift; sourceTree = "<group>"; };
		0106E87523F7502500429EBE /* TemporaryData.swift */ = {isa = PBXFileReference; lastKnownFileType = sourcecode.swift; path = TemporaryData.swift; sourceTree = "<group>"; };
		010713BE23F89E8100D2EA7F /* WalletCell.swift */ = {isa = PBXFileReference; lastKnownFileType = sourcecode.swift; path = WalletCell.swift; sourceTree = "<group>"; };
		010713C023F8A41C00D2EA7F /* AddWalletVC.swift */ = {isa = PBXFileReference; lastKnownFileType = sourcecode.swift; path = AddWalletVC.swift; sourceTree = "<group>"; };
		013C84B723F4A9620007B7EB /* Transaction.swift */ = {isa = PBXFileReference; lastKnownFileType = sourcecode.swift; path = Transaction.swift; sourceTree = "<group>"; };
		013C84B923F4A96C0007B7EB /* Wallet.swift */ = {isa = PBXFileReference; lastKnownFileType = sourcecode.swift; path = Wallet.swift; sourceTree = "<group>"; };
		013C84BB23F4A9A30007B7EB /* Extensions.swift */ = {isa = PBXFileReference; lastKnownFileType = sourcecode.swift; path = Extensions.swift; sourceTree = "<group>"; };
		013C84BD23F4A9F10007B7EB /* ExchangeManager.swift */ = {isa = PBXFileReference; lastKnownFileType = sourcecode.swift; path = ExchangeManager.swift; sourceTree = "<group>"; };
		013C84BF23F4AA0D0007B7EB /* StorageManager.swift */ = {isa = PBXFileReference; lastKnownFileType = sourcecode.swift; path = StorageManager.swift; sourceTree = "<group>"; };
		013C84C123F4AB220007B7EB /* Enums.swift */ = {isa = PBXFileReference; lastKnownFileType = sourcecode.swift; path = Enums.swift; sourceTree = "<group>"; };
		013C84C323F4AD770007B7EB /* Factory.swift */ = {isa = PBXFileReference; lastKnownFileType = sourcecode.swift; path = Factory.swift; sourceTree = "<group>"; };
		013C84C523F4AF600007B7EB /* TestData.swift */ = {isa = PBXFileReference; lastKnownFileType = sourcecode.swift; path = TestData.swift; sourceTree = "<group>"; };
		013C84C723F4B3C00007B7EB /* OverviewTransactionCell.swift */ = {isa = PBXFileReference; lastKnownFileType = sourcecode.swift; path = OverviewTransactionCell.swift; sourceTree = "<group>"; };
		013C84C923F4B3D20007B7EB /* TransactionCell.swift */ = {isa = PBXFileReference; lastKnownFileType = sourcecode.swift; path = TransactionCell.swift; sourceTree = "<group>"; };
		0146E20823F5DBCB0076CC61 /* AddTransactionVC.swift */ = {isa = PBXFileReference; lastKnownFileType = sourcecode.swift; path = AddTransactionVC.swift; sourceTree = "<group>"; };
		0165347E23F6E87E00776770 /* GoogleService-Info.plist */ = {isa = PBXFileReference; fileEncoding = 4; lastKnownFileType = text.plist.xml; path = "GoogleService-Info.plist"; sourceTree = "<group>"; };
		017E848323FBFD5600850C7C /* CurrencySelectCell.swift */ = {isa = PBXFileReference; lastKnownFileType = sourcecode.swift; path = CurrencySelectCell.swift; sourceTree = "<group>"; };
		019F471E23FB3623004CB77D /* Array+Extensions.swift */ = {isa = PBXFileReference; fileEncoding = 4; lastKnownFileType = sourcecode.swift; path = "Array+Extensions.swift"; sourceTree = "<group>"; };
		019F471F23FB3623004CB77D /* UISegmentedControl+Extensions.swift */ = {isa = PBXFileReference; fileEncoding = 4; lastKnownFileType = sourcecode.swift; path = "UISegmentedControl+Extensions.swift"; sourceTree = "<group>"; };
		019F472023FB3623004CB77D /* UIImageView+Extensions.swift */ = {isa = PBXFileReference; fileEncoding = 4; lastKnownFileType = sourcecode.swift; path = "UIImageView+Extensions.swift"; sourceTree = "<group>"; };
		019F472123FB3623004CB77D /* UIViewController+Extensions.swift */ = {isa = PBXFileReference; fileEncoding = 4; lastKnownFileType = sourcecode.swift; path = "UIViewController+Extensions.swift"; sourceTree = "<group>"; };
		019F472223FB3623004CB77D /* UIView+Extensions.swift */ = {isa = PBXFileReference; fileEncoding = 4; lastKnownFileType = sourcecode.swift; path = "UIView+Extensions.swift"; sourceTree = "<group>"; };
		019F472323FB3623004CB77D /* Date+Extension.swift */ = {isa = PBXFileReference; fileEncoding = 4; lastKnownFileType = sourcecode.swift; path = "Date+Extension.swift"; sourceTree = "<group>"; };
		019F472423FB3623004CB77D /* String+Extensions.swift */ = {isa = PBXFileReference; fileEncoding = 4; lastKnownFileType = sourcecode.swift; path = "String+Extensions.swift"; sourceTree = "<group>"; };
		019F472523FB3623004CB77D /* UITextView+Extensions.swift */ = {isa = PBXFileReference; fileEncoding = 4; lastKnownFileType = sourcecode.swift; path = "UITextView+Extensions.swift"; sourceTree = "<group>"; };
		019F472623FB3623004CB77D /* UIColor+Extensions.swift */ = {isa = PBXFileReference; fileEncoding = 4; lastKnownFileType = sourcecode.swift; path = "UIColor+Extensions.swift"; sourceTree = "<group>"; };
		019F472723FB3623004CB77D /* UIImage+Extensions.swift */ = {isa = PBXFileReference; fileEncoding = 4; lastKnownFileType = sourcecode.swift; path = "UIImage+Extensions.swift"; sourceTree = "<group>"; };
		019F472823FB3623004CB77D /* UISearchBar+Extensions.swift */ = {isa = PBXFileReference; fileEncoding = 4; lastKnownFileType = sourcecode.swift; path = "UISearchBar+Extensions.swift"; sourceTree = "<group>"; };
		019F472923FB3623004CB77D /* UIApplication+Extensions.swift */ = {isa = PBXFileReference; fileEncoding = 4; lastKnownFileType = sourcecode.swift; path = "UIApplication+Extensions.swift"; sourceTree = "<group>"; };
		019F472A23FB3623004CB77D /* UIAlertController+Extensions.swift */ = {isa = PBXFileReference; fileEncoding = 4; lastKnownFileType = sourcecode.swift; path = "UIAlertController+Extensions.swift"; sourceTree = "<group>"; };
		019F472B23FB3623004CB77D /* Optional+Extensions.swift */ = {isa = PBXFileReference; fileEncoding = 4; lastKnownFileType = sourcecode.swift; path = "Optional+Extensions.swift"; sourceTree = "<group>"; };
		019F472C23FB3623004CB77D /* Common+Extensions.swift */ = {isa = PBXFileReference; fileEncoding = 4; lastKnownFileType = sourcecode.swift; path = "Common+Extensions.swift"; sourceTree = "<group>"; };
		019F472D23FB3623004CB77D /* Locale+Extensions.swift */ = {isa = PBXFileReference; fileEncoding = 4; lastKnownFileType = sourcecode.swift; path = "Locale+Extensions.swift"; sourceTree = "<group>"; };
		019F472E23FB3623004CB77D /* UITextField+Extensions.swift */ = {isa = PBXFileReference; fileEncoding = 4; lastKnownFileType = sourcecode.swift; path = "UITextField+Extensions.swift"; sourceTree = "<group>"; };
		019F473123FB3623004CB77D /* AttributedTextBlock.swift */ = {isa = PBXFileReference; fileEncoding = 4; lastKnownFileType = sourcecode.swift; path = AttributedTextBlock.swift; sourceTree = "<group>"; };
		019F473223FB3623004CB77D /* TextViewController.swift */ = {isa = PBXFileReference; fileEncoding = 4; lastKnownFileType = sourcecode.swift; path = TextViewController.swift; sourceTree = "<group>"; };
		019F473523FB3623004CB77D /* Countries.bundle */ = {isa = PBXFileReference; lastKnownFileType = "wrapper.plug-in"; path = Countries.bundle; sourceTree = "<group>"; };
		019F473723FB3623004CB77D /* LocaleStore.swift */ = {isa = PBXFileReference; fileEncoding = 4; lastKnownFileType = sourcecode.swift; path = LocaleStore.swift; sourceTree = "<group>"; };
		019F473923FB3623004CB77D /* LocaleInfo.swift */ = {isa = PBXFileReference; fileEncoding = 4; lastKnownFileType = sourcecode.swift; path = LocaleInfo.swift; sourceTree = "<group>"; };
		019F473A23FB3623004CB77D /* LocalePickerViewController.swift */ = {isa = PBXFileReference; fileEncoding = 4; lastKnownFileType = sourcecode.swift; path = LocalePickerViewController.swift; sourceTree = "<group>"; };
		019F473C23FB3623004CB77D /* PhoneCodeCell.swift */ = {isa = PBXFileReference; fileEncoding = 4; lastKnownFileType = sourcecode.swift; path = PhoneCodeCell.swift; sourceTree = "<group>"; };
		019F473D23FB3623004CB77D /* CurrencyCell.swift */ = {isa = PBXFileReference; fileEncoding = 4; lastKnownFileType = sourcecode.swift; path = CurrencyCell.swift; sourceTree = "<group>"; };
		019F473E23FB3623004CB77D /* CountryCell.swift */ = {isa = PBXFileReference; fileEncoding = 4; lastKnownFileType = sourcecode.swift; path = CountryCell.swift; sourceTree = "<group>"; };
		019F474023FB3623004CB77D /* TwoTextFieldsViewController.swift */ = {isa = PBXFileReference; fileEncoding = 4; lastKnownFileType = sourcecode.swift; path = TwoTextFieldsViewController.swift; sourceTree = "<group>"; };
		019F474123FB3623004CB77D /* OneTextFieldViewController.swift */ = {isa = PBXFileReference; fileEncoding = 4; lastKnownFileType = sourcecode.swift; path = OneTextFieldViewController.swift; sourceTree = "<group>"; };
		019F474423FB3624004CB77D /* Assets.swift */ = {isa = PBXFileReference; fileEncoding = 4; lastKnownFileType = sourcecode.swift; path = Assets.swift; sourceTree = "<group>"; };
		019F474523FB3624004CB77D /* PhotoLibraryPickerViewController.swift */ = {isa = PBXFileReference; fileEncoding = 4; lastKnownFileType = sourcecode.swift; path = PhotoLibraryPickerViewController.swift; sourceTree = "<group>"; };
		019F474723FB3624004CB77D /* LocationSearchResultsViewController.swift */ = {isa = PBXFileReference; fileEncoding = 4; lastKnownFileType = sourcecode.swift; path = LocationSearchResultsViewController.swift; sourceTree = "<group>"; };
		019F474823FB3624004CB77D /* LocationPickerViewController.swift */ = {isa = PBXFileReference; fileEncoding = 4; lastKnownFileType = sourcecode.swift; path = LocationPickerViewController.swift; sourceTree = "<group>"; };
		019F474A23FB3624004CB77D /* SearchHistoryManager.swift */ = {isa = PBXFileReference; fileEncoding = 4; lastKnownFileType = sourcecode.swift; path = SearchHistoryManager.swift; sourceTree = "<group>"; };
		019F474C23FB3624004CB77D /* Location.swift */ = {isa = PBXFileReference; fileEncoding = 4; lastKnownFileType = sourcecode.swift; path = Location.swift; sourceTree = "<group>"; };
		019F474D23FB3624004CB77D /* Address.swift */ = {isa = PBXFileReference; fileEncoding = 4; lastKnownFileType = sourcecode.swift; path = Address.swift; sourceTree = "<group>"; };
		019F474F23FB3624004CB77D /* PickerViewViewController.swift */ = {isa = PBXFileReference; fileEncoding = 4; lastKnownFileType = sourcecode.swift; path = PickerViewViewController.swift; sourceTree = "<group>"; };
		019F475123FB3624004CB77D /* ContactsPickerViewController.swift */ = {isa = PBXFileReference; fileEncoding = 4; lastKnownFileType = sourcecode.swift; path = ContactsPickerViewController.swift; sourceTree = "<group>"; };
		019F475323FB3624004CB77D /* Contacts.swift */ = {isa = PBXFileReference; fileEncoding = 4; lastKnownFileType = sourcecode.swift; path = Contacts.swift; sourceTree = "<group>"; };
		019F475523FB3624004CB77D /* Contact.swift */ = {isa = PBXFileReference; fileEncoding = 4; lastKnownFileType = sourcecode.swift; path = Contact.swift; sourceTree = "<group>"; };
		019F475723FB3624004CB77D /* ContactCell.swift */ = {isa = PBXFileReference; fileEncoding = 4; lastKnownFileType = sourcecode.swift; path = ContactCell.swift; sourceTree = "<group>"; };
		019F475923FB3624004CB77D /* ColorPickerViewController.swift */ = {isa = PBXFileReference; fileEncoding = 4; lastKnownFileType = sourcecode.swift; path = ColorPickerViewController.swift; sourceTree = "<group>"; };
		019F475B23FB3624004CB77D /* DatePickerViewController.swift */ = {isa = PBXFileReference; fileEncoding = 4; lastKnownFileType = sourcecode.swift; path = DatePickerViewController.swift; sourceTree = "<group>"; };
		019F475D23FB3624004CB77D /* ImagePickerViewController.swift */ = {isa = PBXFileReference; fileEncoding = 4; lastKnownFileType = sourcecode.swift; path = ImagePickerViewController.swift; sourceTree = "<group>"; };
		019F475F23FB3624004CB77D /* ItemWithImage.swift */ = {isa = PBXFileReference; fileEncoding = 4; lastKnownFileType = sourcecode.swift; path = ItemWithImage.swift; sourceTree = "<group>"; };
		019F476223FB3624004CB77D /* PhotoLayout.swift */ = {isa = PBXFileReference; fileEncoding = 4; lastKnownFileType = sourcecode.swift; path = PhotoLayout.swift; sourceTree = "<group>"; };
		019F476323FB3624004CB77D /* TelegramPickerViewController.swift */ = {isa = PBXFileReference; fileEncoding = 4; lastKnownFileType = sourcecode.swift; path = TelegramPickerViewController.swift; sourceTree = "<group>"; };
		019F476523FB3624004CB77D /* ItemWithPhoto.swift */ = {isa = PBXFileReference; fileEncoding = 4; lastKnownFileType = sourcecode.swift; path = ItemWithPhoto.swift; sourceTree = "<group>"; };
		019F476623FB3624004CB77D /* LikeButtonCell.swift */ = {isa = PBXFileReference; fileEncoding = 4; lastKnownFileType = sourcecode.swift; path = LikeButtonCell.swift; sourceTree = "<group>"; };
		019F476823FB3624004CB77D /* Label.swift */ = {isa = PBXFileReference; fileEncoding = 4; lastKnownFileType = sourcecode.swift; path = Label.swift; sourceTree = "<group>"; };
		019F476923FB3624004CB77D /* SegmentedControl.swift */ = {isa = PBXFileReference; fileEncoding = 4; lastKnownFileType = sourcecode.swift; path = SegmentedControl.swift; sourceTree = "<group>"; };
		019F476A23FB3624004CB77D /* GradientSlider.swift */ = {isa = PBXFileReference; fileEncoding = 4; lastKnownFileType = sourcecode.swift; path = GradientSlider.swift; sourceTree = "<group>"; };
		019F476B23FB3624004CB77D /* TextField.swift */ = {isa = PBXFileReference; fileEncoding = 4; lastKnownFileType = sourcecode.swift; path = TextField.swift; sourceTree = "<group>"; };
		019F476C23FB3624004CB77D /* Button.swift */ = {isa = PBXFileReference; fileEncoding = 4; lastKnownFileType = sourcecode.swift; path = Button.swift; sourceTree = "<group>"; };
		01A58D6C23DCADFA004F124C /* Financial Assistant.app */ = {isa = PBXFileReference; explicitFileType = wrapper.application; includeInIndex = 0; path = "Financial Assistant.app"; sourceTree = BUILT_PRODUCTS_DIR; };
		01A58D6F23DCADFA004F124C /* AppDelegate.swift */ = {isa = PBXFileReference; lastKnownFileType = sourcecode.swift; path = AppDelegate.swift; sourceTree = "<group>"; };
		01A58D7123DCADFA004F124C /* SceneDelegate.swift */ = {isa = PBXFileReference; lastKnownFileType = sourcecode.swift; path = SceneDelegate.swift; sourceTree = "<group>"; };
		01A58D7323DCADFA004F124C /* OverviewVC.swift */ = {isa = PBXFileReference; lastKnownFileType = sourcecode.swift; path = OverviewVC.swift; sourceTree = "<group>"; };
		01A58D7523DCADFA004F124C /* WalletVC.swift */ = {isa = PBXFileReference; lastKnownFileType = sourcecode.swift; path = WalletVC.swift; sourceTree = "<group>"; };
		01A58D7823DCADFA004F124C /* Base */ = {isa = PBXFileReference; lastKnownFileType = file.storyboard; name = Base; path = Base.lproj/Main.storyboard; sourceTree = "<group>"; };
		01A58D7B23DCADFA004F124C /* Financial_Assistant.xcdatamodel */ = {isa = PBXFileReference; lastKnownFileType = wrapper.xcdatamodel; path = Financial_Assistant.xcdatamodel; sourceTree = "<group>"; };
		01A58D7D23DCADFC004F124C /* Assets.xcassets */ = {isa = PBXFileReference; lastKnownFileType = folder.assetcatalog; path = Assets.xcassets; sourceTree = "<group>"; };
		01A58D8023DCADFC004F124C /* Base */ = {isa = PBXFileReference; lastKnownFileType = file.storyboard; name = Base; path = Base.lproj/LaunchScreen.storyboard; sourceTree = "<group>"; };
		01A58D8223DCADFC004F124C /* Info.plist */ = {isa = PBXFileReference; lastKnownFileType = text.plist.xml; path = Info.plist; sourceTree = "<group>"; };
		01A58D8723DCADFC004F124C /* Financial AssistantTests.xctest */ = {isa = PBXFileReference; explicitFileType = wrapper.cfbundle; includeInIndex = 0; path = "Financial AssistantTests.xctest"; sourceTree = BUILT_PRODUCTS_DIR; };
		01A58D8B23DCADFC004F124C /* Financial_AssistantTests.swift */ = {isa = PBXFileReference; lastKnownFileType = sourcecode.swift; path = Financial_AssistantTests.swift; sourceTree = "<group>"; };
		01A58D8D23DCADFC004F124C /* Info.plist */ = {isa = PBXFileReference; lastKnownFileType = text.plist.xml; path = Info.plist; sourceTree = "<group>"; };
		01A58D9223DCADFC004F124C /* Financial AssistantUITests.xctest */ = {isa = PBXFileReference; explicitFileType = wrapper.cfbundle; includeInIndex = 0; path = "Financial AssistantUITests.xctest"; sourceTree = BUILT_PRODUCTS_DIR; };
		01A58D9623DCADFC004F124C /* Financial_AssistantUITests.swift */ = {isa = PBXFileReference; lastKnownFileType = sourcecode.swift; path = Financial_AssistantUITests.swift; sourceTree = "<group>"; };
		01A58D9823DCADFC004F124C /* Info.plist */ = {isa = PBXFileReference; lastKnownFileType = text.plist.xml; path = Info.plist; sourceTree = "<group>"; };
		01D3037823F9A4D500D5448C /* DetailTransactionVC.swift */ = {isa = PBXFileReference; lastKnownFileType = sourcecode.swift; path = DetailTransactionVC.swift; sourceTree = "<group>"; };
		01D3037A23F9BD4000D5448C /* SpinnerViewController.swift */ = {isa = PBXFileReference; lastKnownFileType = sourcecode.swift; path = SpinnerViewController.swift; sourceTree = "<group>"; };
		01D3037C23F9C3F000D5448C /* DetailWalletVC.swift */ = {isa = PBXFileReference; lastKnownFileType = sourcecode.swift; path = DetailWalletVC.swift; sourceTree = "<group>"; };
		01D891D323EE150D0009FD5A /* TransactionsVC.swift */ = {isa = PBXFileReference; lastKnownFileType = sourcecode.swift; path = TransactionsVC.swift; sourceTree = "<group>"; };
		01D891D523EE1B890009FD5A /* StatisticsVC.swift */ = {isa = PBXFileReference; lastKnownFileType = sourcecode.swift; path = StatisticsVC.swift; sourceTree = "<group>"; };
		01D891D723EE1B9F0009FD5A /* PlanningVC.swift */ = {isa = PBXFileReference; lastKnownFileType = sourcecode.swift; path = PlanningVC.swift; sourceTree = "<group>"; };
		01D891D923EE1BB00009FD5A /* SettingsVC.swift */ = {isa = PBXFileReference; lastKnownFileType = sourcecode.swift; path = SettingsVC.swift; sourceTree = "<group>"; };
		064357AD4F8FFA20CB940FDD /* Pods_Financial_Assistant.framework */ = {isa = PBXFileReference; explicitFileType = wrapper.framework; includeInIndex = 0; path = Pods_Financial_Assistant.framework; sourceTree = BUILT_PRODUCTS_DIR; };
		08900C8C6FEE549447528E83 /* Pods-Financial Assistant.debug.xcconfig */ = {isa = PBXFileReference; includeInIndex = 1; lastKnownFileType = text.xcconfig; name = "Pods-Financial Assistant.debug.xcconfig"; path = "Target Support Files/Pods-Financial Assistant/Pods-Financial Assistant.debug.xcconfig"; sourceTree = "<group>"; };
		114DCD98F2004057D96EA491 /* Pods-Financial AssistantTests.debug.xcconfig */ = {isa = PBXFileReference; includeInIndex = 1; lastKnownFileType = text.xcconfig; name = "Pods-Financial AssistantTests.debug.xcconfig"; path = "Target Support Files/Pods-Financial AssistantTests/Pods-Financial AssistantTests.debug.xcconfig"; sourceTree = "<group>"; };
		5F4F3A5DB80E6E85032CB556 /* Pods-Financial Assistant-Financial AssistantUITests.release.xcconfig */ = {isa = PBXFileReference; includeInIndex = 1; lastKnownFileType = text.xcconfig; name = "Pods-Financial Assistant-Financial AssistantUITests.release.xcconfig"; path = "Target Support Files/Pods-Financial Assistant-Financial AssistantUITests/Pods-Financial Assistant-Financial AssistantUITests.release.xcconfig"; sourceTree = "<group>"; };
		9068C0C598984CC8E5D7C2D3 /* Pods_Financial_Assistant_Financial_AssistantUITests.framework */ = {isa = PBXFileReference; explicitFileType = wrapper.framework; includeInIndex = 0; path = Pods_Financial_Assistant_Financial_AssistantUITests.framework; sourceTree = BUILT_PRODUCTS_DIR; };
		97915949F6FB595C22BDFFD2 /* Pods-Financial AssistantTests.release.xcconfig */ = {isa = PBXFileReference; includeInIndex = 1; lastKnownFileType = text.xcconfig; name = "Pods-Financial AssistantTests.release.xcconfig"; path = "Target Support Files/Pods-Financial AssistantTests/Pods-Financial AssistantTests.release.xcconfig"; sourceTree = "<group>"; };
		BBECA15D6EE526C947F75F8A /* Pods-Financial Assistant.release.xcconfig */ = {isa = PBXFileReference; includeInIndex = 1; lastKnownFileType = text.xcconfig; name = "Pods-Financial Assistant.release.xcconfig"; path = "Target Support Files/Pods-Financial Assistant/Pods-Financial Assistant.release.xcconfig"; sourceTree = "<group>"; };
		C2484CB326186FFD47BF604E /* Pods-Financial Assistant-Financial AssistantUITests.debug.xcconfig */ = {isa = PBXFileReference; includeInIndex = 1; lastKnownFileType = text.xcconfig; name = "Pods-Financial Assistant-Financial AssistantUITests.debug.xcconfig"; path = "Target Support Files/Pods-Financial Assistant-Financial AssistantUITests/Pods-Financial Assistant-Financial AssistantUITests.debug.xcconfig"; sourceTree = "<group>"; };
		D32A3B623323BDFC53972DF6 /* Pods_Financial_AssistantTests.framework */ = {isa = PBXFileReference; explicitFileType = wrapper.framework; includeInIndex = 0; path = Pods_Financial_AssistantTests.framework; sourceTree = BUILT_PRODUCTS_DIR; };
/* End PBXFileReference section */

/* Begin PBXFrameworksBuildPhase section */
		01A58D6923DCADFA004F124C /* Frameworks */ = {
			isa = PBXFrameworksBuildPhase;
			buildActionMask = 2147483647;
			files = (
				64D1080FF5680F6319FE028B /* Pods_Financial_Assistant.framework in Frameworks */,
			);
			runOnlyForDeploymentPostprocessing = 0;
		};
		01A58D8423DCADFC004F124C /* Frameworks */ = {
			isa = PBXFrameworksBuildPhase;
			buildActionMask = 2147483647;
			files = (
				419A7304580E49D33DC63C4F /* Pods_Financial_AssistantTests.framework in Frameworks */,
			);
			runOnlyForDeploymentPostprocessing = 0;
		};
		01A58D8F23DCADFC004F124C /* Frameworks */ = {
			isa = PBXFrameworksBuildPhase;
			buildActionMask = 2147483647;
			files = (
				2AF39AAA13126845F8E1AA52 /* Pods_Financial_Assistant_Financial_AssistantUITests.framework in Frameworks */,
			);
			runOnlyForDeploymentPostprocessing = 0;
		};
/* End PBXFrameworksBuildPhase section */

/* Begin PBXGroup section */
		014916B723DD9D3B005D4C8F /* View */ = {
			isa = PBXGroup;
			children = (
				013C84C723F4B3C00007B7EB /* OverviewTransactionCell.swift */,
				013C84C923F4B3D20007B7EB /* TransactionCell.swift */,
				010713BE23F89E8100D2EA7F /* WalletCell.swift */,
				01D3037A23F9BD4000D5448C /* SpinnerViewController.swift */,
				017E848323FBFD5600850C7C /* CurrencySelectCell.swift */,
			);
			name = View;
			sourceTree = "<group>";
		};
		014916B823DD9D46005D4C8F /* Controllers */ = {
			isa = PBXGroup;
			children = (
				0104A03323F717FA00C52ED2 /* SignInVC.swift */,
				01A58D7323DCADFA004F124C /* OverviewVC.swift */,
				01A58D7523DCADFA004F124C /* WalletVC.swift */,
				01D891D323EE150D0009FD5A /* TransactionsVC.swift */,
				01D891D523EE1B890009FD5A /* StatisticsVC.swift */,
				01D891D723EE1B9F0009FD5A /* PlanningVC.swift */,
				01D891D923EE1BB00009FD5A /* SettingsVC.swift */,
				0146E20823F5DBCB0076CC61 /* AddTransactionVC.swift */,
				010713C023F8A41C00D2EA7F /* AddWalletVC.swift */,
				01D3037823F9A4D500D5448C /* DetailTransactionVC.swift */,
				01D3037C23F9C3F000D5448C /* DetailWalletVC.swift */,
			);
			name = Controllers;
			sourceTree = "<group>";
		};
		014916B923DD9D56005D4C8F /* Storyboards */ = {
			isa = PBXGroup;
			children = (
				01A58D7723DCADFA004F124C /* Main.storyboard */,
				01A58D7F23DCADFC004F124C /* LaunchScreen.storyboard */,
			);
			name = Storyboards;
			sourceTree = "<group>";
		};
		014916BA23DD9D5F005D4C8F /* Model */ = {
			isa = PBXGroup;
			children = (
				013C84B723F4A9620007B7EB /* Transaction.swift */,
				013C84B923F4A96C0007B7EB /* Wallet.swift */,
				013C84BD23F4A9F10007B7EB /* ExchangeManager.swift */,
				013C84C323F4AD770007B7EB /* Factory.swift */,
				013C84C123F4AB220007B7EB /* Enums.swift */,
				013C84C523F4AF600007B7EB /* TestData.swift */,
				0106E87523F7502500429EBE /* TemporaryData.swift */,
			);
			name = Model;
			sourceTree = "<group>";
		};
		014916BB23DD9D6A005D4C8F /* App Extensions */ = {
			isa = PBXGroup;
			children = (
				0104A03523F719AC00C52ED2 /* AppEnums.swift */,
				013C84BB23F4A9A30007B7EB /* Extensions.swift */,
				0106E87323F722C700429EBE /* GlobalData.swift */,
			);
			name = "App Extensions";
			sourceTree = "<group>";
		};
		014916BC23DD9D71005D4C8F /* Fonts */ = {
			isa = PBXGroup;
			children = (
			);
			name = Fonts;
			sourceTree = "<group>";
		};
		014916BD23DD9D7E005D4C8F /* Support Files */ = {
			isa = PBXGroup;
			children = (
				01A58D6F23DCADFA004F124C /* AppDelegate.swift */,
				01A58D7123DCADFA004F124C /* SceneDelegate.swift */,
				01A58D8223DCADFC004F124C /* Info.plist */,
				0165347E23F6E87E00776770 /* GoogleService-Info.plist */,
				01A58D7A23DCADFA004F124C /* Financial_Assistant.xcdatamodeld */,
			);
			name = "Support Files";
			sourceTree = "<group>";
		};
		014916BE23DD9F25005D4C8F /* Storage Manager */ = {
			isa = PBXGroup;
			children = (
				013C84BF23F4AA0D0007B7EB /* StorageManager.swift */,
			);
			name = "Storage Manager";
			sourceTree = "<group>";
		};
		019F471C23FB3623004CB77D /* PickersAndAlerts */ = {
			isa = PBXGroup;
			children = (
				019F471D23FB3623004CB77D /* Extensions */,
				019F472F23FB3623004CB77D /* Viewers */,
				019F473323FB3623004CB77D /* Pickers */,
				019F476723FB3624004CB77D /* Views */,
			);
			path = PickersAndAlerts;
			sourceTree = "<group>";
		};
		019F471D23FB3623004CB77D /* Extensions */ = {
			isa = PBXGroup;
			children = (
				019F471E23FB3623004CB77D /* Array+Extensions.swift */,
				019F471F23FB3623004CB77D /* UISegmentedControl+Extensions.swift */,
				019F472023FB3623004CB77D /* UIImageView+Extensions.swift */,
				019F472123FB3623004CB77D /* UIViewController+Extensions.swift */,
				019F472223FB3623004CB77D /* UIView+Extensions.swift */,
				019F472323FB3623004CB77D /* Date+Extension.swift */,
				019F472423FB3623004CB77D /* String+Extensions.swift */,
				019F472523FB3623004CB77D /* UITextView+Extensions.swift */,
				019F472623FB3623004CB77D /* UIColor+Extensions.swift */,
				019F472723FB3623004CB77D /* UIImage+Extensions.swift */,
				019F472823FB3623004CB77D /* UISearchBar+Extensions.swift */,
				019F472923FB3623004CB77D /* UIApplication+Extensions.swift */,
				019F472A23FB3623004CB77D /* UIAlertController+Extensions.swift */,
				019F472B23FB3623004CB77D /* Optional+Extensions.swift */,
				019F472C23FB3623004CB77D /* Common+Extensions.swift */,
				019F472D23FB3623004CB77D /* Locale+Extensions.swift */,
				019F472E23FB3623004CB77D /* UITextField+Extensions.swift */,
			);
			path = Extensions;
			sourceTree = "<group>";
		};
		019F472F23FB3623004CB77D /* Viewers */ = {
			isa = PBXGroup;
			children = (
				019F473023FB3623004CB77D /* Models */,
				019F473223FB3623004CB77D /* TextViewController.swift */,
			);
			path = Viewers;
			sourceTree = "<group>";
		};
		019F473023FB3623004CB77D /* Models */ = {
			isa = PBXGroup;
			children = (
				019F473123FB3623004CB77D /* AttributedTextBlock.swift */,
			);
			path = Models;
			sourceTree = "<group>";
		};
		019F473323FB3623004CB77D /* Pickers */ = {
			isa = PBXGroup;
			children = (
				019F473423FB3623004CB77D /* Locale */,
				019F473F23FB3623004CB77D /* TextFields */,
				019F474223FB3623004CB77D /* PhotoLibrary */,
				019F474623FB3624004CB77D /* Location */,
				019F474E23FB3624004CB77D /* PickerView */,
				019F475023FB3624004CB77D /* Contacts */,
				019F475823FB3624004CB77D /* Color */,
				019F475A23FB3624004CB77D /* Date */,
				019F475C23FB3624004CB77D /* Image */,
				019F476023FB3624004CB77D /* Telegram */,
			);
			path = Pickers;
			sourceTree = "<group>";
		};
		019F473423FB3623004CB77D /* Locale */ = {
			isa = PBXGroup;
			children = (
				019F473523FB3623004CB77D /* Countries.bundle */,
				019F473623FB3623004CB77D /* Managers */,
				019F473823FB3623004CB77D /* Models */,
				019F473A23FB3623004CB77D /* LocalePickerViewController.swift */,
				019F473B23FB3623004CB77D /* Views */,
			);
			path = Locale;
			sourceTree = "<group>";
		};
		019F473623FB3623004CB77D /* Managers */ = {
			isa = PBXGroup;
			children = (
				019F473723FB3623004CB77D /* LocaleStore.swift */,
			);
			path = Managers;
			sourceTree = "<group>";
		};
		019F473823FB3623004CB77D /* Models */ = {
			isa = PBXGroup;
			children = (
				019F473923FB3623004CB77D /* LocaleInfo.swift */,
			);
			path = Models;
			sourceTree = "<group>";
		};
		019F473B23FB3623004CB77D /* Views */ = {
			isa = PBXGroup;
			children = (
				019F473C23FB3623004CB77D /* PhoneCodeCell.swift */,
				019F473D23FB3623004CB77D /* CurrencyCell.swift */,
				019F473E23FB3623004CB77D /* CountryCell.swift */,
			);
			path = Views;
			sourceTree = "<group>";
		};
		019F473F23FB3623004CB77D /* TextFields */ = {
			isa = PBXGroup;
			children = (
				019F474023FB3623004CB77D /* TwoTextFieldsViewController.swift */,
				019F474123FB3623004CB77D /* OneTextFieldViewController.swift */,
			);
			path = TextFields;
			sourceTree = "<group>";
		};
		019F474223FB3623004CB77D /* PhotoLibrary */ = {
			isa = PBXGroup;
			children = (
				019F474323FB3624004CB77D /* Managers */,
				019F474523FB3624004CB77D /* PhotoLibraryPickerViewController.swift */,
			);
			path = PhotoLibrary;
			sourceTree = "<group>";
		};
		019F474323FB3624004CB77D /* Managers */ = {
			isa = PBXGroup;
			children = (
				019F474423FB3624004CB77D /* Assets.swift */,
			);
			path = Managers;
			sourceTree = "<group>";
		};
		019F474623FB3624004CB77D /* Location */ = {
			isa = PBXGroup;
			children = (
				019F474723FB3624004CB77D /* LocationSearchResultsViewController.swift */,
				019F474823FB3624004CB77D /* LocationPickerViewController.swift */,
				019F474923FB3624004CB77D /* Managers */,
				019F474B23FB3624004CB77D /* Models */,
			);
			path = Location;
			sourceTree = "<group>";
		};
		019F474923FB3624004CB77D /* Managers */ = {
			isa = PBXGroup;
			children = (
				019F474A23FB3624004CB77D /* SearchHistoryManager.swift */,
			);
			path = Managers;
			sourceTree = "<group>";
		};
		019F474B23FB3624004CB77D /* Models */ = {
			isa = PBXGroup;
			children = (
				019F474C23FB3624004CB77D /* Location.swift */,
				019F474D23FB3624004CB77D /* Address.swift */,
			);
			path = Models;
			sourceTree = "<group>";
		};
		019F474E23FB3624004CB77D /* PickerView */ = {
			isa = PBXGroup;
			children = (
				019F474F23FB3624004CB77D /* PickerViewViewController.swift */,
			);
			path = PickerView;
			sourceTree = "<group>";
		};
		019F475023FB3624004CB77D /* Contacts */ = {
			isa = PBXGroup;
			children = (
				019F475123FB3624004CB77D /* ContactsPickerViewController.swift */,
				019F475223FB3624004CB77D /* Managers */,
				019F475423FB3624004CB77D /* Models */,
				019F475623FB3624004CB77D /* Views */,
			);
			path = Contacts;
			sourceTree = "<group>";
		};
		019F475223FB3624004CB77D /* Managers */ = {
			isa = PBXGroup;
			children = (
				019F475323FB3624004CB77D /* Contacts.swift */,
			);
			path = Managers;
			sourceTree = "<group>";
		};
		019F475423FB3624004CB77D /* Models */ = {
			isa = PBXGroup;
			children = (
				019F475523FB3624004CB77D /* Contact.swift */,
			);
			path = Models;
			sourceTree = "<group>";
		};
		019F475623FB3624004CB77D /* Views */ = {
			isa = PBXGroup;
			children = (
				019F475723FB3624004CB77D /* ContactCell.swift */,
			);
			path = Views;
			sourceTree = "<group>";
		};
		019F475823FB3624004CB77D /* Color */ = {
			isa = PBXGroup;
			children = (
				019F475923FB3624004CB77D /* ColorPickerViewController.swift */,
			);
			path = Color;
			sourceTree = "<group>";
		};
		019F475A23FB3624004CB77D /* Date */ = {
			isa = PBXGroup;
			children = (
				019F475B23FB3624004CB77D /* DatePickerViewController.swift */,
			);
			path = Date;
			sourceTree = "<group>";
		};
		019F475C23FB3624004CB77D /* Image */ = {
			isa = PBXGroup;
			children = (
				019F475D23FB3624004CB77D /* ImagePickerViewController.swift */,
				019F475E23FB3624004CB77D /* Views */,
			);
			path = Image;
			sourceTree = "<group>";
		};
		019F475E23FB3624004CB77D /* Views */ = {
			isa = PBXGroup;
			children = (
				019F475F23FB3624004CB77D /* ItemWithImage.swift */,
			);
			path = Views;
			sourceTree = "<group>";
		};
		019F476023FB3624004CB77D /* Telegram */ = {
			isa = PBXGroup;
			children = (
				019F476123FB3624004CB77D /* Layouts */,
				019F476323FB3624004CB77D /* TelegramPickerViewController.swift */,
				019F476423FB3624004CB77D /* Views */,
			);
			path = Telegram;
			sourceTree = "<group>";
		};
		019F476123FB3624004CB77D /* Layouts */ = {
			isa = PBXGroup;
			children = (
				019F476223FB3624004CB77D /* PhotoLayout.swift */,
			);
			path = Layouts;
			sourceTree = "<group>";
		};
		019F476423FB3624004CB77D /* Views */ = {
			isa = PBXGroup;
			children = (
				019F476523FB3624004CB77D /* ItemWithPhoto.swift */,
				019F476623FB3624004CB77D /* LikeButtonCell.swift */,
			);
			path = Views;
			sourceTree = "<group>";
		};
		019F476723FB3624004CB77D /* Views */ = {
			isa = PBXGroup;
			children = (
				019F476823FB3624004CB77D /* Label.swift */,
				019F476923FB3624004CB77D /* SegmentedControl.swift */,
				019F476A23FB3624004CB77D /* GradientSlider.swift */,
				019F476B23FB3624004CB77D /* TextField.swift */,
				019F476C23FB3624004CB77D /* Button.swift */,
			);
			path = Views;
			sourceTree = "<group>";
		};
		019F47A223FB363E004CB77D /* Libraries */ = {
			isa = PBXGroup;
			children = (
				019F471C23FB3623004CB77D /* PickersAndAlerts */,
			);
			name = Libraries;
			sourceTree = "<group>";
		};
		01A58D6323DCADFA004F124C = {
			isa = PBXGroup;
			children = (
				01A58D6E23DCADFA004F124C /* Financial Assistant */,
				01A58D8A23DCADFC004F124C /* Financial AssistantTests */,
				01A58D9523DCADFC004F124C /* Financial AssistantUITests */,
				01A58D6D23DCADFA004F124C /* Products */,
				BE90C68969CFE7892771344A /* Pods */,
				FCD9BAD85C1BA77171158745 /* Frameworks */,
			);
			sourceTree = "<group>";
		};
		01A58D6D23DCADFA004F124C /* Products */ = {
			isa = PBXGroup;
			children = (
				01A58D6C23DCADFA004F124C /* Financial Assistant.app */,
				01A58D8723DCADFC004F124C /* Financial AssistantTests.xctest */,
				01A58D9223DCADFC004F124C /* Financial AssistantUITests.xctest */,
			);
			name = Products;
			sourceTree = "<group>";
		};
		01A58D6E23DCADFA004F124C /* Financial Assistant */ = {
			isa = PBXGroup;
			children = (
				014916B723DD9D3B005D4C8F /* View */,
				014916B923DD9D56005D4C8F /* Storyboards */,
				014916B823DD9D46005D4C8F /* Controllers */,
				014916BA23DD9D5F005D4C8F /* Model */,
				014916BE23DD9F25005D4C8F /* Storage Manager */,
				014916BB23DD9D6A005D4C8F /* App Extensions */,
				014916BC23DD9D71005D4C8F /* Fonts */,
				019F47A223FB363E004CB77D /* Libraries */,
				014916BD23DD9D7E005D4C8F /* Support Files */,
				01A58D7D23DCADFC004F124C /* Assets.xcassets */,
			);
			path = "Financial Assistant";
			sourceTree = "<group>";
		};
		01A58D8A23DCADFC004F124C /* Financial AssistantTests */ = {
			isa = PBXGroup;
			children = (
				01A58D8B23DCADFC004F124C /* Financial_AssistantTests.swift */,
				01A58D8D23DCADFC004F124C /* Info.plist */,
			);
			path = "Financial AssistantTests";
			sourceTree = "<group>";
		};
		01A58D9523DCADFC004F124C /* Financial AssistantUITests */ = {
			isa = PBXGroup;
			children = (
				01A58D9623DCADFC004F124C /* Financial_AssistantUITests.swift */,
				01A58D9823DCADFC004F124C /* Info.plist */,
			);
			path = "Financial AssistantUITests";
			sourceTree = "<group>";
		};
		BE90C68969CFE7892771344A /* Pods */ = {
			isa = PBXGroup;
			children = (
				08900C8C6FEE549447528E83 /* Pods-Financial Assistant.debug.xcconfig */,
				BBECA15D6EE526C947F75F8A /* Pods-Financial Assistant.release.xcconfig */,
				C2484CB326186FFD47BF604E /* Pods-Financial Assistant-Financial AssistantUITests.debug.xcconfig */,
				5F4F3A5DB80E6E85032CB556 /* Pods-Financial Assistant-Financial AssistantUITests.release.xcconfig */,
				114DCD98F2004057D96EA491 /* Pods-Financial AssistantTests.debug.xcconfig */,
				97915949F6FB595C22BDFFD2 /* Pods-Financial AssistantTests.release.xcconfig */,
			);
			path = Pods;
			sourceTree = "<group>";
		};
		FCD9BAD85C1BA77171158745 /* Frameworks */ = {
			isa = PBXGroup;
			children = (
				064357AD4F8FFA20CB940FDD /* Pods_Financial_Assistant.framework */,
				9068C0C598984CC8E5D7C2D3 /* Pods_Financial_Assistant_Financial_AssistantUITests.framework */,
				D32A3B623323BDFC53972DF6 /* Pods_Financial_AssistantTests.framework */,
			);
			name = Frameworks;
			sourceTree = "<group>";
		};
/* End PBXGroup section */

/* Begin PBXNativeTarget section */
		01A58D6B23DCADFA004F124C /* Financial Assistant */ = {
			isa = PBXNativeTarget;
			buildConfigurationList = 01A58D9B23DCADFC004F124C /* Build configuration list for PBXNativeTarget "Financial Assistant" */;
			buildPhases = (
				59ABB8E008A31B40A0E42945 /* [CP] Check Pods Manifest.lock */,
				01A58D6823DCADFA004F124C /* Sources */,
				01A58D6923DCADFA004F124C /* Frameworks */,
				01A58D6A23DCADFA004F124C /* Resources */,
				D2D62B4603B77A2C2B9A5656 /* [CP] Embed Pods Frameworks */,
				0F38DE22F7E8FCCC8B996B9C /* [CP] Copy Pods Resources */,
			);
			buildRules = (
			);
			dependencies = (
			);
			name = "Financial Assistant";
			productName = "Financial Assistant";
			productReference = 01A58D6C23DCADFA004F124C /* Financial Assistant.app */;
			productType = "com.apple.product-type.application";
		};
		01A58D8623DCADFC004F124C /* Financial AssistantTests */ = {
			isa = PBXNativeTarget;
			buildConfigurationList = 01A58D9E23DCADFC004F124C /* Build configuration list for PBXNativeTarget "Financial AssistantTests" */;
			buildPhases = (
				DEC5537F9DF9AEB9DC8F59E0 /* [CP] Check Pods Manifest.lock */,
				01A58D8323DCADFC004F124C /* Sources */,
				01A58D8423DCADFC004F124C /* Frameworks */,
				01A58D8523DCADFC004F124C /* Resources */,
			);
			buildRules = (
			);
			dependencies = (
				01A58D8923DCADFC004F124C /* PBXTargetDependency */,
			);
			name = "Financial AssistantTests";
			productName = "Financial AssistantTests";
			productReference = 01A58D8723DCADFC004F124C /* Financial AssistantTests.xctest */;
			productType = "com.apple.product-type.bundle.unit-test";
		};
		01A58D9123DCADFC004F124C /* Financial AssistantUITests */ = {
			isa = PBXNativeTarget;
			buildConfigurationList = 01A58DA123DCADFC004F124C /* Build configuration list for PBXNativeTarget "Financial AssistantUITests" */;
			buildPhases = (
				0AAE9662D1CBC8EFE1CDB26A /* [CP] Check Pods Manifest.lock */,
				01A58D8E23DCADFC004F124C /* Sources */,
				01A58D8F23DCADFC004F124C /* Frameworks */,
				01A58D9023DCADFC004F124C /* Resources */,
				7AC5B72C9C1721BF28808921 /* [CP] Embed Pods Frameworks */,
				C14D4E9752DEE0AC5F38A875 /* [CP] Copy Pods Resources */,
			);
			buildRules = (
			);
			dependencies = (
				01A58D9423DCADFC004F124C /* PBXTargetDependency */,
			);
			name = "Financial AssistantUITests";
			productName = "Financial AssistantUITests";
			productReference = 01A58D9223DCADFC004F124C /* Financial AssistantUITests.xctest */;
			productType = "com.apple.product-type.bundle.ui-testing";
		};
/* End PBXNativeTarget section */

/* Begin PBXProject section */
		01A58D6423DCADFA004F124C /* Project object */ = {
			isa = PBXProject;
			attributes = {
				LastSwiftUpdateCheck = 1130;
				LastUpgradeCheck = 1130;
				ORGANIZATIONNAME = "Andrii Halabuda";
				TargetAttributes = {
					01A58D6B23DCADFA004F124C = {
						CreatedOnToolsVersion = 11.3.1;
					};
					01A58D8623DCADFC004F124C = {
						CreatedOnToolsVersion = 11.3.1;
						TestTargetID = 01A58D6B23DCADFA004F124C;
					};
					01A58D9123DCADFC004F124C = {
						CreatedOnToolsVersion = 11.3.1;
						TestTargetID = 01A58D6B23DCADFA004F124C;
					};
				};
			};
			buildConfigurationList = 01A58D6723DCADFA004F124C /* Build configuration list for PBXProject "Financial Assistant" */;
			compatibilityVersion = "Xcode 9.3";
			developmentRegion = en;
			hasScannedForEncodings = 0;
			knownRegions = (
				en,
				Base,
			);
			mainGroup = 01A58D6323DCADFA004F124C;
			productRefGroup = 01A58D6D23DCADFA004F124C /* Products */;
			projectDirPath = "";
			projectRoot = "";
			targets = (
				01A58D6B23DCADFA004F124C /* Financial Assistant */,
				01A58D8623DCADFC004F124C /* Financial AssistantTests */,
				01A58D9123DCADFC004F124C /* Financial AssistantUITests */,
			);
		};
/* End PBXProject section */

/* Begin PBXResourcesBuildPhase section */
		01A58D6A23DCADFA004F124C /* Resources */ = {
			isa = PBXResourcesBuildPhase;
			buildActionMask = 2147483647;
			files = (
				01A58D8123DCADFC004F124C /* LaunchScreen.storyboard in Resources */,
				019F478023FB3624004CB77D /* Countries.bundle in Resources */,
				0165347F23F6E87E00776770 /* GoogleService-Info.plist in Resources */,
				01A58D7E23DCADFC004F124C /* Assets.xcassets in Resources */,
				01A58D7923DCADFA004F124C /* Main.storyboard in Resources */,
			);
			runOnlyForDeploymentPostprocessing = 0;
		};
		01A58D8523DCADFC004F124C /* Resources */ = {
			isa = PBXResourcesBuildPhase;
			buildActionMask = 2147483647;
			files = (
			);
			runOnlyForDeploymentPostprocessing = 0;
		};
		01A58D9023DCADFC004F124C /* Resources */ = {
			isa = PBXResourcesBuildPhase;
			buildActionMask = 2147483647;
			files = (
			);
			runOnlyForDeploymentPostprocessing = 0;
		};
/* End PBXResourcesBuildPhase section */

/* Begin PBXShellScriptBuildPhase section */
		0AAE9662D1CBC8EFE1CDB26A /* [CP] Check Pods Manifest.lock */ = {
			isa = PBXShellScriptBuildPhase;
			buildActionMask = 2147483647;
			files = (
			);
			inputFileListPaths = (
			);
			inputPaths = (
				"${PODS_PODFILE_DIR_PATH}/Podfile.lock",
				"${PODS_ROOT}/Manifest.lock",
			);
			name = "[CP] Check Pods Manifest.lock";
			outputFileListPaths = (
			);
			outputPaths = (
				"$(DERIVED_FILE_DIR)/Pods-Financial Assistant-Financial AssistantUITests-checkManifestLockResult.txt",
			);
			runOnlyForDeploymentPostprocessing = 0;
			shellPath = /bin/sh;
			shellScript = "diff \"${PODS_PODFILE_DIR_PATH}/Podfile.lock\" \"${PODS_ROOT}/Manifest.lock\" > /dev/null\nif [ $? != 0 ] ; then\n    # print error to STDERR\n    echo \"error: The sandbox is not in sync with the Podfile.lock. Run 'pod install' or update your CocoaPods installation.\" >&2\n    exit 1\nfi\n# This output is used by Xcode 'outputs' to avoid re-running this script phase.\necho \"SUCCESS\" > \"${SCRIPT_OUTPUT_FILE_0}\"\n";
			showEnvVarsInLog = 0;
		};
		0F38DE22F7E8FCCC8B996B9C /* [CP] Copy Pods Resources */ = {
			isa = PBXShellScriptBuildPhase;
			buildActionMask = 2147483647;
			files = (
			);
			inputFileListPaths = (
				"${PODS_ROOT}/Target Support Files/Pods-Financial Assistant/Pods-Financial Assistant-resources-${CONFIGURATION}-input-files.xcfilelist",
			);
			name = "[CP] Copy Pods Resources";
			outputFileListPaths = (
				"${PODS_ROOT}/Target Support Files/Pods-Financial Assistant/Pods-Financial Assistant-resources-${CONFIGURATION}-output-files.xcfilelist",
			);
			runOnlyForDeploymentPostprocessing = 0;
			shellPath = /bin/sh;
			shellScript = "\"${PODS_ROOT}/Target Support Files/Pods-Financial Assistant/Pods-Financial Assistant-resources.sh\"\n";
			showEnvVarsInLog = 0;
		};
		59ABB8E008A31B40A0E42945 /* [CP] Check Pods Manifest.lock */ = {
			isa = PBXShellScriptBuildPhase;
			buildActionMask = 2147483647;
			files = (
			);
			inputFileListPaths = (
			);
			inputPaths = (
				"${PODS_PODFILE_DIR_PATH}/Podfile.lock",
				"${PODS_ROOT}/Manifest.lock",
			);
			name = "[CP] Check Pods Manifest.lock";
			outputFileListPaths = (
			);
			outputPaths = (
				"$(DERIVED_FILE_DIR)/Pods-Financial Assistant-checkManifestLockResult.txt",
			);
			runOnlyForDeploymentPostprocessing = 0;
			shellPath = /bin/sh;
			shellScript = "diff \"${PODS_PODFILE_DIR_PATH}/Podfile.lock\" \"${PODS_ROOT}/Manifest.lock\" > /dev/null\nif [ $? != 0 ] ; then\n    # print error to STDERR\n    echo \"error: The sandbox is not in sync with the Podfile.lock. Run 'pod install' or update your CocoaPods installation.\" >&2\n    exit 1\nfi\n# This output is used by Xcode 'outputs' to avoid re-running this script phase.\necho \"SUCCESS\" > \"${SCRIPT_OUTPUT_FILE_0}\"\n";
			showEnvVarsInLog = 0;
		};
		7AC5B72C9C1721BF28808921 /* [CP] Embed Pods Frameworks */ = {
			isa = PBXShellScriptBuildPhase;
			buildActionMask = 2147483647;
			files = (
			);
			inputFileListPaths = (
				"${PODS_ROOT}/Target Support Files/Pods-Financial Assistant-Financial AssistantUITests/Pods-Financial Assistant-Financial AssistantUITests-frameworks-${CONFIGURATION}-input-files.xcfilelist",
			);
			name = "[CP] Embed Pods Frameworks";
			outputFileListPaths = (
				"${PODS_ROOT}/Target Support Files/Pods-Financial Assistant-Financial AssistantUITests/Pods-Financial Assistant-Financial AssistantUITests-frameworks-${CONFIGURATION}-output-files.xcfilelist",
			);
			runOnlyForDeploymentPostprocessing = 0;
			shellPath = /bin/sh;
			shellScript = "\"${PODS_ROOT}/Target Support Files/Pods-Financial Assistant-Financial AssistantUITests/Pods-Financial Assistant-Financial AssistantUITests-frameworks.sh\"\n";
			showEnvVarsInLog = 0;
		};
		C14D4E9752DEE0AC5F38A875 /* [CP] Copy Pods Resources */ = {
			isa = PBXShellScriptBuildPhase;
			buildActionMask = 2147483647;
			files = (
			);
			inputFileListPaths = (
				"${PODS_ROOT}/Target Support Files/Pods-Financial Assistant-Financial AssistantUITests/Pods-Financial Assistant-Financial AssistantUITests-resources-${CONFIGURATION}-input-files.xcfilelist",
			);
			name = "[CP] Copy Pods Resources";
			outputFileListPaths = (
				"${PODS_ROOT}/Target Support Files/Pods-Financial Assistant-Financial AssistantUITests/Pods-Financial Assistant-Financial AssistantUITests-resources-${CONFIGURATION}-output-files.xcfilelist",
			);
			runOnlyForDeploymentPostprocessing = 0;
			shellPath = /bin/sh;
			shellScript = "\"${PODS_ROOT}/Target Support Files/Pods-Financial Assistant-Financial AssistantUITests/Pods-Financial Assistant-Financial AssistantUITests-resources.sh\"\n";
			showEnvVarsInLog = 0;
		};
		D2D62B4603B77A2C2B9A5656 /* [CP] Embed Pods Frameworks */ = {
			isa = PBXShellScriptBuildPhase;
			buildActionMask = 2147483647;
			files = (
			);
			inputFileListPaths = (
				"${PODS_ROOT}/Target Support Files/Pods-Financial Assistant/Pods-Financial Assistant-frameworks-${CONFIGURATION}-input-files.xcfilelist",
			);
			name = "[CP] Embed Pods Frameworks";
			outputFileListPaths = (
				"${PODS_ROOT}/Target Support Files/Pods-Financial Assistant/Pods-Financial Assistant-frameworks-${CONFIGURATION}-output-files.xcfilelist",
			);
			runOnlyForDeploymentPostprocessing = 0;
			shellPath = /bin/sh;
			shellScript = "\"${PODS_ROOT}/Target Support Files/Pods-Financial Assistant/Pods-Financial Assistant-frameworks.sh\"\n";
			showEnvVarsInLog = 0;
		};
		DEC5537F9DF9AEB9DC8F59E0 /* [CP] Check Pods Manifest.lock */ = {
			isa = PBXShellScriptBuildPhase;
			buildActionMask = 2147483647;
			files = (
			);
			inputFileListPaths = (
			);
			inputPaths = (
				"${PODS_PODFILE_DIR_PATH}/Podfile.lock",
				"${PODS_ROOT}/Manifest.lock",
			);
			name = "[CP] Check Pods Manifest.lock";
			outputFileListPaths = (
			);
			outputPaths = (
				"$(DERIVED_FILE_DIR)/Pods-Financial AssistantTests-checkManifestLockResult.txt",
			);
			runOnlyForDeploymentPostprocessing = 0;
			shellPath = /bin/sh;
			shellScript = "diff \"${PODS_PODFILE_DIR_PATH}/Podfile.lock\" \"${PODS_ROOT}/Manifest.lock\" > /dev/null\nif [ $? != 0 ] ; then\n    # print error to STDERR\n    echo \"error: The sandbox is not in sync with the Podfile.lock. Run 'pod install' or update your CocoaPods installation.\" >&2\n    exit 1\nfi\n# This output is used by Xcode 'outputs' to avoid re-running this script phase.\necho \"SUCCESS\" > \"${SCRIPT_OUTPUT_FILE_0}\"\n";
			showEnvVarsInLog = 0;
		};
/* End PBXShellScriptBuildPhase section */

/* Begin PBXSourcesBuildPhase section */
		01A58D6823DCADFA004F124C /* Sources */ = {
			isa = PBXSourcesBuildPhase;
			buildActionMask = 2147483647;
			files = (
				019F479F23FB3624004CB77D /* GradientSlider.swift in Sources */,
				013C84C423F4AD770007B7EB /* Factory.swift in Sources */,
				019F476D23FB3624004CB77D /* Array+Extensions.swift in Sources */,
				019F47A023FB3624004CB77D /* TextField.swift in Sources */,
				019F478923FB3624004CB77D /* Assets.swift in Sources */,
				019F478823FB3624004CB77D /* OneTextFieldViewController.swift in Sources */,
				01A58D7C23DCADFA004F124C /* Financial_Assistant.xcdatamodeld in Sources */,
				0106E87423F722C700429EBE /* GlobalData.swift in Sources */,
				019F477923FB3624004CB77D /* UIAlertController+Extensions.swift in Sources */,
				019F477323FB3624004CB77D /* String+Extensions.swift in Sources */,
				01A58D7623DCADFA004F124C /* WalletVC.swift in Sources */,
				013C84CA23F4B3D20007B7EB /* TransactionCell.swift in Sources */,
				019F477123FB3624004CB77D /* UIView+Extensions.swift in Sources */,
				019F478A23FB3624004CB77D /* PhotoLibraryPickerViewController.swift in Sources */,
				0104A03423F717FA00C52ED2 /* SignInVC.swift in Sources */,
				01A58D7423DCADFA004F124C /* OverviewVC.swift in Sources */,
				019F47A123FB3624004CB77D /* Button.swift in Sources */,
				019F479523FB3624004CB77D /* ColorPickerViewController.swift in Sources */,
				019F478223FB3624004CB77D /* LocaleInfo.swift in Sources */,
				019F479623FB3624004CB77D /* DatePickerViewController.swift in Sources */,
				019F479123FB3624004CB77D /* ContactsPickerViewController.swift in Sources */,
				01D3037D23F9C3F000D5448C /* DetailWalletVC.swift in Sources */,
				019F479723FB3624004CB77D /* ImagePickerViewController.swift in Sources */,
				0146E20923F5DBCB0076CC61 /* AddTransactionVC.swift in Sources */,
				013C84C023F4AA0D0007B7EB /* StorageManager.swift in Sources */,
				019F479E23FB3624004CB77D /* SegmentedControl.swift in Sources */,
				010713C123F8A41C00D2EA7F /* AddWalletVC.swift in Sources */,
				013C84C823F4B3C00007B7EB /* OverviewTransactionCell.swift in Sources */,
				013C84BA23F4A96C0007B7EB /* Wallet.swift in Sources */,
				019F476F23FB3624004CB77D /* UIImageView+Extensions.swift in Sources */,
				019F479D23FB3624004CB77D /* Label.swift in Sources */,
				019F477823FB3624004CB77D /* UIApplication+Extensions.swift in Sources */,
				01D3037B23F9BD4000D5448C /* SpinnerViewController.swift in Sources */,
				019F478B23FB3624004CB77D /* LocationSearchResultsViewController.swift in Sources */,
				01D891D823EE1B9F0009FD5A /* PlanningVC.swift in Sources */,
				019F477723FB3624004CB77D /* UISearchBar+Extensions.swift in Sources */,
				019F478F23FB3624004CB77D /* Address.swift in Sources */,
				01D3037923F9A4D500D5448C /* DetailTransactionVC.swift in Sources */,
				019F478E23FB3624004CB77D /* Location.swift in Sources */,
				019F477F23FB3624004CB77D /* TextViewController.swift in Sources */,
				019F477D23FB3624004CB77D /* UITextField+Extensions.swift in Sources */,
				019F479323FB3624004CB77D /* Contact.swift in Sources */,
				019F479A23FB3624004CB77D /* TelegramPickerViewController.swift in Sources */,
				019F478623FB3624004CB77D /* CountryCell.swift in Sources */,
				019F478523FB3624004CB77D /* CurrencyCell.swift in Sources */,
				013C84BC23F4A9A30007B7EB /* Extensions.swift in Sources */,
				019F477A23FB3624004CB77D /* Optional+Extensions.swift in Sources */,
				017E848423FBFD5600850C7C /* CurrencySelectCell.swift in Sources */,
				013C84C223F4AB220007B7EB /* Enums.swift in Sources */,
				013C84C623F4AF600007B7EB /* TestData.swift in Sources */,
				019F477E23FB3624004CB77D /* AttributedTextBlock.swift in Sources */,
				019F479823FB3624004CB77D /* ItemWithImage.swift in Sources */,
				019F478423FB3624004CB77D /* PhoneCodeCell.swift in Sources */,
				019F478123FB3624004CB77D /* LocaleStore.swift in Sources */,
				013C84BE23F4A9F10007B7EB /* ExchangeManager.swift in Sources */,
				013C84B823F4A9620007B7EB /* Transaction.swift in Sources */,
				019F477C23FB3624004CB77D /* Locale+Extensions.swift in Sources */,
				019F476E23FB3624004CB77D /* UISegmentedControl+Extensions.swift in Sources */,
				019F478D23FB3624004CB77D /* SearchHistoryManager.swift in Sources */,
				019F478C23FB3624004CB77D /* LocationPickerViewController.swift in Sources */,
				019F477B23FB3624004CB77D /* Common+Extensions.swift in Sources */,
				019F477223FB3624004CB77D /* Date+Extension.swift in Sources */,
				019F479223FB3624004CB77D /* Contacts.swift in Sources */,
				019F479423FB3624004CB77D /* ContactCell.swift in Sources */,
				019F479023FB3624004CB77D /* PickerViewViewController.swift in Sources */,
				019F478323FB3624004CB77D /* LocalePickerViewController.swift in Sources */,
				010713BF23F89E8100D2EA7F /* WalletCell.swift in Sources */,
				01D891D423EE150D0009FD5A /* TransactionsVC.swift in Sources */,
				019F477523FB3624004CB77D /* UIColor+Extensions.swift in Sources */,
				019F478723FB3624004CB77D /* TwoTextFieldsViewController.swift in Sources */,
				019F479C23FB3624004CB77D /* LikeButtonCell.swift in Sources */,
				01D891D623EE1B890009FD5A /* StatisticsVC.swift in Sources */,
				0106E87623F7502500429EBE /* TemporaryData.swift in Sources */,
				019F479923FB3624004CB77D /* PhotoLayout.swift in Sources */,
				019F477023FB3624004CB77D /* UIViewController+Extensions.swift in Sources */,
				019F477423FB3624004CB77D /* UITextView+Extensions.swift in Sources */,
				019F479B23FB3624004CB77D /* ItemWithPhoto.swift in Sources */,
				0104A03623F719AC00C52ED2 /* AppEnums.swift in Sources */,
				01A58D7023DCADFA004F124C /* AppDelegate.swift in Sources */,
				019F477623FB3624004CB77D /* UIImage+Extensions.swift in Sources */,
				01A58D7223DCADFA004F124C /* SceneDelegate.swift in Sources */,
				01D891DA23EE1BB00009FD5A /* SettingsVC.swift in Sources */,
			);
			runOnlyForDeploymentPostprocessing = 0;
		};
		01A58D8323DCADFC004F124C /* Sources */ = {
			isa = PBXSourcesBuildPhase;
			buildActionMask = 2147483647;
			files = (
				01A58D8C23DCADFC004F124C /* Financial_AssistantTests.swift in Sources */,
			);
			runOnlyForDeploymentPostprocessing = 0;
		};
		01A58D8E23DCADFC004F124C /* Sources */ = {
			isa = PBXSourcesBuildPhase;
			buildActionMask = 2147483647;
			files = (
				01A58D9723DCADFC004F124C /* Financial_AssistantUITests.swift in Sources */,
			);
			runOnlyForDeploymentPostprocessing = 0;
		};
/* End PBXSourcesBuildPhase section */

/* Begin PBXTargetDependency section */
		01A58D8923DCADFC004F124C /* PBXTargetDependency */ = {
			isa = PBXTargetDependency;
			target = 01A58D6B23DCADFA004F124C /* Financial Assistant */;
			targetProxy = 01A58D8823DCADFC004F124C /* PBXContainerItemProxy */;
		};
		01A58D9423DCADFC004F124C /* PBXTargetDependency */ = {
			isa = PBXTargetDependency;
			target = 01A58D6B23DCADFA004F124C /* Financial Assistant */;
			targetProxy = 01A58D9323DCADFC004F124C /* PBXContainerItemProxy */;
		};
/* End PBXTargetDependency section */

/* Begin PBXVariantGroup section */
		01A58D7723DCADFA004F124C /* Main.storyboard */ = {
			isa = PBXVariantGroup;
			children = (
				01A58D7823DCADFA004F124C /* Base */,
			);
			name = Main.storyboard;
			sourceTree = "<group>";
		};
		01A58D7F23DCADFC004F124C /* LaunchScreen.storyboard */ = {
			isa = PBXVariantGroup;
			children = (
				01A58D8023DCADFC004F124C /* Base */,
			);
			name = LaunchScreen.storyboard;
			sourceTree = "<group>";
		};
/* End PBXVariantGroup section */

/* Begin XCBuildConfiguration section */
		01A58D9923DCADFC004F124C /* Debug */ = {
			isa = XCBuildConfiguration;
			buildSettings = {
				ALWAYS_SEARCH_USER_PATHS = NO;
				CLANG_ANALYZER_NONNULL = YES;
				CLANG_ANALYZER_NUMBER_OBJECT_CONVERSION = YES_AGGRESSIVE;
				CLANG_CXX_LANGUAGE_STANDARD = "gnu++14";
				CLANG_CXX_LIBRARY = "libc++";
				CLANG_ENABLE_MODULES = YES;
				CLANG_ENABLE_OBJC_ARC = YES;
				CLANG_ENABLE_OBJC_WEAK = YES;
				CLANG_WARN_BLOCK_CAPTURE_AUTORELEASING = YES;
				CLANG_WARN_BOOL_CONVERSION = YES;
				CLANG_WARN_COMMA = YES;
				CLANG_WARN_CONSTANT_CONVERSION = YES;
				CLANG_WARN_DEPRECATED_OBJC_IMPLEMENTATIONS = YES;
				CLANG_WARN_DIRECT_OBJC_ISA_USAGE = YES_ERROR;
				CLANG_WARN_DOCUMENTATION_COMMENTS = YES;
				CLANG_WARN_EMPTY_BODY = YES;
				CLANG_WARN_ENUM_CONVERSION = YES;
				CLANG_WARN_INFINITE_RECURSION = YES;
				CLANG_WARN_INT_CONVERSION = YES;
				CLANG_WARN_NON_LITERAL_NULL_CONVERSION = YES;
				CLANG_WARN_OBJC_IMPLICIT_RETAIN_SELF = YES;
				CLANG_WARN_OBJC_LITERAL_CONVERSION = YES;
				CLANG_WARN_OBJC_ROOT_CLASS = YES_ERROR;
				CLANG_WARN_RANGE_LOOP_ANALYSIS = YES;
				CLANG_WARN_STRICT_PROTOTYPES = YES;
				CLANG_WARN_SUSPICIOUS_MOVE = YES;
				CLANG_WARN_UNGUARDED_AVAILABILITY = YES_AGGRESSIVE;
				CLANG_WARN_UNREACHABLE_CODE = YES;
				CLANG_WARN__DUPLICATE_METHOD_MATCH = YES;
				COPY_PHASE_STRIP = NO;
				DEBUG_INFORMATION_FORMAT = dwarf;
				ENABLE_STRICT_OBJC_MSGSEND = YES;
				ENABLE_TESTABILITY = YES;
				GCC_C_LANGUAGE_STANDARD = gnu11;
				GCC_DYNAMIC_NO_PIC = NO;
				GCC_NO_COMMON_BLOCKS = YES;
				GCC_OPTIMIZATION_LEVEL = 0;
				GCC_PREPROCESSOR_DEFINITIONS = (
					"DEBUG=1",
					"$(inherited)",
				);
				GCC_WARN_64_TO_32_BIT_CONVERSION = YES;
				GCC_WARN_ABOUT_RETURN_TYPE = YES_ERROR;
				GCC_WARN_UNDECLARED_SELECTOR = YES;
				GCC_WARN_UNINITIALIZED_AUTOS = YES_AGGRESSIVE;
				GCC_WARN_UNUSED_FUNCTION = YES;
				GCC_WARN_UNUSED_VARIABLE = YES;
				IPHONEOS_DEPLOYMENT_TARGET = 11.0;
				MTL_ENABLE_DEBUG_INFO = INCLUDE_SOURCE;
				MTL_FAST_MATH = YES;
				ONLY_ACTIVE_ARCH = YES;
				SDKROOT = iphoneos;
				SWIFT_ACTIVE_COMPILATION_CONDITIONS = DEBUG;
				SWIFT_OPTIMIZATION_LEVEL = "-Onone";
			};
			name = Debug;
		};
		01A58D9A23DCADFC004F124C /* Release */ = {
			isa = XCBuildConfiguration;
			buildSettings = {
				ALWAYS_SEARCH_USER_PATHS = NO;
				CLANG_ANALYZER_NONNULL = YES;
				CLANG_ANALYZER_NUMBER_OBJECT_CONVERSION = YES_AGGRESSIVE;
				CLANG_CXX_LANGUAGE_STANDARD = "gnu++14";
				CLANG_CXX_LIBRARY = "libc++";
				CLANG_ENABLE_MODULES = YES;
				CLANG_ENABLE_OBJC_ARC = YES;
				CLANG_ENABLE_OBJC_WEAK = YES;
				CLANG_WARN_BLOCK_CAPTURE_AUTORELEASING = YES;
				CLANG_WARN_BOOL_CONVERSION = YES;
				CLANG_WARN_COMMA = YES;
				CLANG_WARN_CONSTANT_CONVERSION = YES;
				CLANG_WARN_DEPRECATED_OBJC_IMPLEMENTATIONS = YES;
				CLANG_WARN_DIRECT_OBJC_ISA_USAGE = YES_ERROR;
				CLANG_WARN_DOCUMENTATION_COMMENTS = YES;
				CLANG_WARN_EMPTY_BODY = YES;
				CLANG_WARN_ENUM_CONVERSION = YES;
				CLANG_WARN_INFINITE_RECURSION = YES;
				CLANG_WARN_INT_CONVERSION = YES;
				CLANG_WARN_NON_LITERAL_NULL_CONVERSION = YES;
				CLANG_WARN_OBJC_IMPLICIT_RETAIN_SELF = YES;
				CLANG_WARN_OBJC_LITERAL_CONVERSION = YES;
				CLANG_WARN_OBJC_ROOT_CLASS = YES_ERROR;
				CLANG_WARN_RANGE_LOOP_ANALYSIS = YES;
				CLANG_WARN_STRICT_PROTOTYPES = YES;
				CLANG_WARN_SUSPICIOUS_MOVE = YES;
				CLANG_WARN_UNGUARDED_AVAILABILITY = YES_AGGRESSIVE;
				CLANG_WARN_UNREACHABLE_CODE = YES;
				CLANG_WARN__DUPLICATE_METHOD_MATCH = YES;
				COPY_PHASE_STRIP = NO;
				DEBUG_INFORMATION_FORMAT = "dwarf-with-dsym";
				ENABLE_NS_ASSERTIONS = NO;
				ENABLE_STRICT_OBJC_MSGSEND = YES;
				GCC_C_LANGUAGE_STANDARD = gnu11;
				GCC_NO_COMMON_BLOCKS = YES;
				GCC_WARN_64_TO_32_BIT_CONVERSION = YES;
				GCC_WARN_ABOUT_RETURN_TYPE = YES_ERROR;
				GCC_WARN_UNDECLARED_SELECTOR = YES;
				GCC_WARN_UNINITIALIZED_AUTOS = YES_AGGRESSIVE;
				GCC_WARN_UNUSED_FUNCTION = YES;
				GCC_WARN_UNUSED_VARIABLE = YES;
				IPHONEOS_DEPLOYMENT_TARGET = 11.0;
				MTL_ENABLE_DEBUG_INFO = NO;
				MTL_FAST_MATH = YES;
				SDKROOT = iphoneos;
				SWIFT_COMPILATION_MODE = wholemodule;
				SWIFT_OPTIMIZATION_LEVEL = "-O";
				VALIDATE_PRODUCT = YES;
			};
			name = Release;
		};
		01A58D9C23DCADFC004F124C /* Debug */ = {
			isa = XCBuildConfiguration;
			baseConfigurationReference = 08900C8C6FEE549447528E83 /* Pods-Financial Assistant.debug.xcconfig */;
			buildSettings = {
				ASSETCATALOG_COMPILER_APPICON_NAME = AppIcon;
				CODE_SIGN_STYLE = Automatic;
				CURRENT_PROJECT_VERSION = 38;
				DEVELOPMENT_TEAM = PTRW36GG78;
				INFOPLIST_FILE = "Financial Assistant/Info.plist";
				IPHONEOS_DEPLOYMENT_TARGET = 11.0;
				LD_RUNPATH_SEARCH_PATHS = (
					"$(inherited)",
					"@executable_path/Frameworks",
				);
				PRODUCT_BUNDLE_IDENTIFIER = "com.Andrew11US.Financial-Assistant";
				PRODUCT_NAME = "$(TARGET_NAME)";
				SWIFT_VERSION = 5.0;
				TARGETED_DEVICE_FAMILY = "1,2";
			};
			name = Debug;
		};
		01A58D9D23DCADFC004F124C /* Release */ = {
			isa = XCBuildConfiguration;
			baseConfigurationReference = BBECA15D6EE526C947F75F8A /* Pods-Financial Assistant.release.xcconfig */;
			buildSettings = {
				ASSETCATALOG_COMPILER_APPICON_NAME = AppIcon;
				CODE_SIGN_STYLE = Automatic;
				CURRENT_PROJECT_VERSION = 38;
				DEVELOPMENT_TEAM = PTRW36GG78;
				INFOPLIST_FILE = "Financial Assistant/Info.plist";
				IPHONEOS_DEPLOYMENT_TARGET = 11.0;
				LD_RUNPATH_SEARCH_PATHS = (
					"$(inherited)",
					"@executable_path/Frameworks",
				);
				PRODUCT_BUNDLE_IDENTIFIER = "com.Andrew11US.Financial-Assistant";
				PRODUCT_NAME = "$(TARGET_NAME)";
				SWIFT_VERSION = 5.0;
				TARGETED_DEVICE_FAMILY = "1,2";
			};
			name = Release;
		};
		01A58D9F23DCADFC004F124C /* Debug */ = {
			isa = XCBuildConfiguration;
			baseConfigurationReference = 114DCD98F2004057D96EA491 /* Pods-Financial AssistantTests.debug.xcconfig */;
			buildSettings = {
				ALWAYS_EMBED_SWIFT_STANDARD_LIBRARIES = YES;
				BUNDLE_LOADER = "$(TEST_HOST)";
				CODE_SIGN_STYLE = Automatic;
				DEVELOPMENT_TEAM = PTRW36GG78;
				INFOPLIST_FILE = "Financial AssistantTests/Info.plist";
				IPHONEOS_DEPLOYMENT_TARGET = 13.2;
				LD_RUNPATH_SEARCH_PATHS = (
					"$(inherited)",
					"@executable_path/Frameworks",
					"@loader_path/Frameworks",
				);
				PRODUCT_BUNDLE_IDENTIFIER = "com.Andrew11US.Financial-AssistantTests";
				PRODUCT_NAME = "$(TARGET_NAME)";
				SWIFT_VERSION = 5.0;
				TARGETED_DEVICE_FAMILY = "1,2";
				TEST_HOST = "$(BUILT_PRODUCTS_DIR)/Financial Assistant.app/Financial Assistant";
			};
			name = Debug;
		};
		01A58DA023DCADFC004F124C /* Release */ = {
			isa = XCBuildConfiguration;
			baseConfigurationReference = 97915949F6FB595C22BDFFD2 /* Pods-Financial AssistantTests.release.xcconfig */;
			buildSettings = {
				ALWAYS_EMBED_SWIFT_STANDARD_LIBRARIES = YES;
				BUNDLE_LOADER = "$(TEST_HOST)";
				CODE_SIGN_STYLE = Automatic;
				DEVELOPMENT_TEAM = PTRW36GG78;
				INFOPLIST_FILE = "Financial AssistantTests/Info.plist";
				IPHONEOS_DEPLOYMENT_TARGET = 13.2;
				LD_RUNPATH_SEARCH_PATHS = (
					"$(inherited)",
					"@executable_path/Frameworks",
					"@loader_path/Frameworks",
				);
				PRODUCT_BUNDLE_IDENTIFIER = "com.Andrew11US.Financial-AssistantTests";
				PRODUCT_NAME = "$(TARGET_NAME)";
				SWIFT_VERSION = 5.0;
				TARGETED_DEVICE_FAMILY = "1,2";
				TEST_HOST = "$(BUILT_PRODUCTS_DIR)/Financial Assistant.app/Financial Assistant";
			};
			name = Release;
		};
		01A58DA223DCADFC004F124C /* Debug */ = {
			isa = XCBuildConfiguration;
			baseConfigurationReference = C2484CB326186FFD47BF604E /* Pods-Financial Assistant-Financial AssistantUITests.debug.xcconfig */;
			buildSettings = {
				ALWAYS_EMBED_SWIFT_STANDARD_LIBRARIES = YES;
				CODE_SIGN_STYLE = Automatic;
				DEVELOPMENT_TEAM = PTRW36GG78;
				INFOPLIST_FILE = "Financial AssistantUITests/Info.plist";
				LD_RUNPATH_SEARCH_PATHS = (
					"$(inherited)",
					"@executable_path/Frameworks",
					"@loader_path/Frameworks",
				);
				PRODUCT_BUNDLE_IDENTIFIER = "com.Andrew11US.Financial-AssistantUITests";
				PRODUCT_NAME = "$(TARGET_NAME)";
				SWIFT_VERSION = 5.0;
				TARGETED_DEVICE_FAMILY = "1,2";
				TEST_TARGET_NAME = "Financial Assistant";
			};
			name = Debug;
		};
		01A58DA323DCADFC004F124C /* Release */ = {
			isa = XCBuildConfiguration;
			baseConfigurationReference = 5F4F3A5DB80E6E85032CB556 /* Pods-Financial Assistant-Financial AssistantUITests.release.xcconfig */;
			buildSettings = {
				ALWAYS_EMBED_SWIFT_STANDARD_LIBRARIES = YES;
				CODE_SIGN_STYLE = Automatic;
				DEVELOPMENT_TEAM = PTRW36GG78;
				INFOPLIST_FILE = "Financial AssistantUITests/Info.plist";
				LD_RUNPATH_SEARCH_PATHS = (
					"$(inherited)",
					"@executable_path/Frameworks",
					"@loader_path/Frameworks",
				);
				PRODUCT_BUNDLE_IDENTIFIER = "com.Andrew11US.Financial-AssistantUITests";
				PRODUCT_NAME = "$(TARGET_NAME)";
				SWIFT_VERSION = 5.0;
				TARGETED_DEVICE_FAMILY = "1,2";
				TEST_TARGET_NAME = "Financial Assistant";
			};
			name = Release;
		};
/* End XCBuildConfiguration section */

/* Begin XCConfigurationList section */
		01A58D6723DCADFA004F124C /* Build configuration list for PBXProject "Financial Assistant" */ = {
			isa = XCConfigurationList;
			buildConfigurations = (
				01A58D9923DCADFC004F124C /* Debug */,
				01A58D9A23DCADFC004F124C /* Release */,
			);
			defaultConfigurationIsVisible = 0;
			defaultConfigurationName = Release;
		};
		01A58D9B23DCADFC004F124C /* Build configuration list for PBXNativeTarget "Financial Assistant" */ = {
			isa = XCConfigurationList;
			buildConfigurations = (
				01A58D9C23DCADFC004F124C /* Debug */,
				01A58D9D23DCADFC004F124C /* Release */,
			);
			defaultConfigurationIsVisible = 0;
			defaultConfigurationName = Release;
		};
		01A58D9E23DCADFC004F124C /* Build configuration list for PBXNativeTarget "Financial AssistantTests" */ = {
			isa = XCConfigurationList;
			buildConfigurations = (
				01A58D9F23DCADFC004F124C /* Debug */,
				01A58DA023DCADFC004F124C /* Release */,
			);
			defaultConfigurationIsVisible = 0;
			defaultConfigurationName = Release;
		};
		01A58DA123DCADFC004F124C /* Build configuration list for PBXNativeTarget "Financial AssistantUITests" */ = {
			isa = XCConfigurationList;
			buildConfigurations = (
				01A58DA223DCADFC004F124C /* Debug */,
				01A58DA323DCADFC004F124C /* Release */,
			);
			defaultConfigurationIsVisible = 0;
			defaultConfigurationName = Release;
		};
/* End XCConfigurationList section */

/* Begin XCVersionGroup section */
		01A58D7A23DCADFA004F124C /* Financial_Assistant.xcdatamodeld */ = {
			isa = XCVersionGroup;
			children = (
				01A58D7B23DCADFA004F124C /* Financial_Assistant.xcdatamodel */,
			);
			currentVersion = 01A58D7B23DCADFA004F124C /* Financial_Assistant.xcdatamodel */;
			path = Financial_Assistant.xcdatamodeld;
			sourceTree = "<group>";
			versionGroupType = wrapper.xcdatamodel;
		};
/* End XCVersionGroup section */
	};
	rootObject = 01A58D6423DCADFA004F124C /* Project object */;
}
