// !$*UTF8*$!
{
	archiveVersion = 1;
	classes = {
	};
	objectVersion = 51;
	objects = {

/* Begin PBXBuildFile section */
		0104A03423F717FA00C52ED2 /* SignInVC.swift in Sources */ = {isa = PBXBuildFile; fileRef = 0104A03323F717FA00C52ED2 /* SignInVC.swift */; };
		0104A03623F719AC00C52ED2 /* AppEnums.swift in Sources */ = {isa = PBXBuildFile; fileRef = 0104A03523F719AC00C52ED2 /* AppEnums.swift */; };
		0106E87423F722C700429EBE /* GlobalData.swift in Sources */ = {isa = PBXBuildFile; fileRef = 0106E87323F722C700429EBE /* GlobalData.swift */; };
		0106E87623F7502500429EBE /* TemporaryData.swift in Sources */ = {isa = PBXBuildFile; fileRef = 0106E87523F7502500429EBE /* TemporaryData.swift */; };
		010713BF23F89E8100D2EA7F /* WalletCell.swift in Sources */ = {isa = PBXBuildFile; fileRef = 010713BE23F89E8100D2EA7F /* WalletCell.swift */; };
		010713C123F8A41C00D2EA7F /* AddWalletVC.swift in Sources */ = {isa = PBXBuildFile; fileRef = 010713C023F8A41C00D2EA7F /* AddWalletVC.swift */; };
		013C84B823F4A9620007B7EB /* Transaction.swift in Sources */ = {isa = PBXBuildFile; fileRef = 013C84B723F4A9620007B7EB /* Transaction.swift */; };
		013C84BA23F4A96C0007B7EB /* Wallet.swift in Sources */ = {isa = PBXBuildFile; fileRef = 013C84B923F4A96C0007B7EB /* Wallet.swift */; };
		013C84BC23F4A9A30007B7EB /* Extensions.swift in Sources */ = {isa = PBXBuildFile; fileRef = 013C84BB23F4A9A30007B7EB /* Extensions.swift */; };
		013C84BE23F4A9F10007B7EB /* ExchangeManager.swift in Sources */ = {isa = PBXBuildFile; fileRef = 013C84BD23F4A9F10007B7EB /* ExchangeManager.swift */; };
		013C84C023F4AA0D0007B7EB /* StorageManager.swift in Sources */ = {isa = PBXBuildFile; fileRef = 013C84BF23F4AA0D0007B7EB /* StorageManager.swift */; };
		013C84C223F4AB220007B7EB /* Enums.swift in Sources */ = {isa = PBXBuildFile; fileRef = 013C84C123F4AB220007B7EB /* Enums.swift */; };
		013C84C423F4AD770007B7EB /* Factory.swift in Sources */ = {isa = PBXBuildFile; fileRef = 013C84C323F4AD770007B7EB /* Factory.swift */; };
		013C84C623F4AF600007B7EB /* TestData.swift in Sources */ = {isa = PBXBuildFile; fileRef = 013C84C523F4AF600007B7EB /* TestData.swift */; };
		013C84C823F4B3C00007B7EB /* OverviewTransactionCell.swift in Sources */ = {isa = PBXBuildFile; fileRef = 013C84C723F4B3C00007B7EB /* OverviewTransactionCell.swift */; };
		013C84CA23F4B3D20007B7EB /* TransactionCell.swift in Sources */ = {isa = PBXBuildFile; fileRef = 013C84C923F4B3D20007B7EB /* TransactionCell.swift */; };
		0146E20923F5DBCB0076CC61 /* AddTransactionVC.swift in Sources */ = {isa = PBXBuildFile; fileRef = 0146E20823F5DBCB0076CC61 /* AddTransactionVC.swift */; };
		0165347F23F6E87E00776770 /* GoogleService-Info.plist in Resources */ = {isa = PBXBuildFile; fileRef = 0165347E23F6E87E00776770 /* GoogleService-Info.plist */; };
		01A58D7023DCADFA004F124C /* AppDelegate.swift in Sources */ = {isa = PBXBuildFile; fileRef = 01A58D6F23DCADFA004F124C /* AppDelegate.swift */; };
		01A58D7223DCADFA004F124C /* SceneDelegate.swift in Sources */ = {isa = PBXBuildFile; fileRef = 01A58D7123DCADFA004F124C /* SceneDelegate.swift */; };
		01A58D7423DCADFA004F124C /* OverviewVC.swift in Sources */ = {isa = PBXBuildFile; fileRef = 01A58D7323DCADFA004F124C /* OverviewVC.swift */; };
		01A58D7623DCADFA004F124C /* WalletVC.swift in Sources */ = {isa = PBXBuildFile; fileRef = 01A58D7523DCADFA004F124C /* WalletVC.swift */; };
		01A58D7923DCADFA004F124C /* Main.storyboard in Resources */ = {isa = PBXBuildFile; fileRef = 01A58D7723DCADFA004F124C /* Main.storyboard */; };
		01A58D7C23DCADFA004F124C /* Financial_Assistant.xcdatamodeld in Sources */ = {isa = PBXBuildFile; fileRef = 01A58D7A23DCADFA004F124C /* Financial_Assistant.xcdatamodeld */; };
		01A58D7E23DCADFC004F124C /* Assets.xcassets in Resources */ = {isa = PBXBuildFile; fileRef = 01A58D7D23DCADFC004F124C /* Assets.xcassets */; };
		01A58D8123DCADFC004F124C /* LaunchScreen.storyboard in Resources */ = {isa = PBXBuildFile; fileRef = 01A58D7F23DCADFC004F124C /* LaunchScreen.storyboard */; };
		01A58D8C23DCADFC004F124C /* Financial_AssistantTests.swift in Sources */ = {isa = PBXBuildFile; fileRef = 01A58D8B23DCADFC004F124C /* Financial_AssistantTests.swift */; };
		01A58D9723DCADFC004F124C /* Financial_AssistantUITests.swift in Sources */ = {isa = PBXBuildFile; fileRef = 01A58D9623DCADFC004F124C /* Financial_AssistantUITests.swift */; };
		01D3037923F9A4D500D5448C /* DetailTransactionVC.swift in Sources */ = {isa = PBXBuildFile; fileRef = 01D3037823F9A4D500D5448C /* DetailTransactionVC.swift */; };
		01D3037B23F9BD4000D5448C /* SpinnerViewController.swift in Sources */ = {isa = PBXBuildFile; fileRef = 01D3037A23F9BD4000D5448C /* SpinnerViewController.swift */; };
		01D3037D23F9C3F000D5448C /* DetailWalletVC.swift in Sources */ = {isa = PBXBuildFile; fileRef = 01D3037C23F9C3F000D5448C /* DetailWalletVC.swift */; };
		01D891D423EE150D0009FD5A /* TransactionsVC.swift in Sources */ = {isa = PBXBuildFile; fileRef = 01D891D323EE150D0009FD5A /* TransactionsVC.swift */; };
		01D891D623EE1B890009FD5A /* StatisticsVC.swift in Sources */ = {isa = PBXBuildFile; fileRef = 01D891D523EE1B890009FD5A /* StatisticsVC.swift */; };
		01D891D823EE1B9F0009FD5A /* PlanningVC.swift in Sources */ = {isa = PBXBuildFile; fileRef = 01D891D723EE1B9F0009FD5A /* PlanningVC.swift */; };
		01D891DA23EE1BB00009FD5A /* SettingsVC.swift in Sources */ = {isa = PBXBuildFile; fileRef = 01D891D923EE1BB00009FD5A /* SettingsVC.swift */; };
		2AF39AAA13126845F8E1AA52 /* Pods_Financial_Assistant_Financial_AssistantUITests.framework in Frameworks */ = {isa = PBXBuildFile; fileRef = 9068C0C598984CC8E5D7C2D3 /* Pods_Financial_Assistant_Financial_AssistantUITests.framework */; };
		419A7304580E49D33DC63C4F /* Pods_Financial_AssistantTests.framework in Frameworks */ = {isa = PBXBuildFile; fileRef = D32A3B623323BDFC53972DF6 /* Pods_Financial_AssistantTests.framework */; };
		64D1080FF5680F6319FE028B /* Pods_Financial_Assistant.framework in Frameworks */ = {isa = PBXBuildFile; fileRef = 064357AD4F8FFA20CB940FDD /* Pods_Financial_Assistant.framework */; };
/* End PBXBuildFile section */

/* Begin PBXContainerItemProxy section */
		01A58D8823DCADFC004F124C /* PBXContainerItemProxy */ = {
			isa = PBXContainerItemProxy;
			containerPortal = 01A58D6423DCADFA004F124C /* Project object */;
			proxyType = 1;
			remoteGlobalIDString = 01A58D6B23DCADFA004F124C;
			remoteInfo = "Financial Assistant";
		};
		01A58D9323DCADFC004F124C /* PBXContainerItemProxy */ = {
			isa = PBXContainerItemProxy;
			containerPortal = 01A58D6423DCADFA004F124C /* Project object */;
			proxyType = 1;
			remoteGlobalIDString = 01A58D6B23DCADFA004F124C;
			remoteInfo = "Financial Assistant";
		};
/* End PBXContainerItemProxy section */

/* Begin PBXFileReference section */
		0104A03323F717FA00C52ED2 /* SignInVC.swift */ = {isa = PBXFileReference; lastKnownFileType = sourcecode.swift; path = SignInVC.swift; sourceTree = "<group>"; };
		0104A03523F719AC00C52ED2 /* AppEnums.swift */ = {isa = PBXFileReference; lastKnownFileType = sourcecode.swift; path = AppEnums.swift; sourceTree = "<group>"; };
		0106E87323F722C700429EBE /* GlobalData.swift */ = {isa = PBXFileReference; lastKnownFileType = sourcecode.swift; path = GlobalData.swift; sourceTree = "<group>"; };
		0106E87523F7502500429EBE /* TemporaryData.swift */ = {isa = PBXFileReference; lastKnownFileType = sourcecode.swift; path = TemporaryData.swift; sourceTree = "<group>"; };
		010713BE23F89E8100D2EA7F /* WalletCell.swift */ = {isa = PBXFileReference; lastKnownFileType = sourcecode.swift; path = WalletCell.swift; sourceTree = "<group>"; };
		010713C023F8A41C00D2EA7F /* AddWalletVC.swift */ = {isa = PBXFileReference; lastKnownFileType = sourcecode.swift; path = AddWalletVC.swift; sourceTree = "<group>"; };
		013C84B723F4A9620007B7EB /* Transaction.swift */ = {isa = PBXFileReference; lastKnownFileType = sourcecode.swift; path = Transaction.swift; sourceTree = "<group>"; };
		013C84B923F4A96C0007B7EB /* Wallet.swift */ = {isa = PBXFileReference; lastKnownFileType = sourcecode.swift; path = Wallet.swift; sourceTree = "<group>"; };
		013C84BB23F4A9A30007B7EB /* Extensions.swift */ = {isa = PBXFileReference; lastKnownFileType = sourcecode.swift; path = Extensions.swift; sourceTree = "<group>"; };
		013C84BD23F4A9F10007B7EB /* ExchangeManager.swift */ = {isa = PBXFileReference; lastKnownFileType = sourcecode.swift; path = ExchangeManager.swift; sourceTree = "<group>"; };
		013C84BF23F4AA0D0007B7EB /* StorageManager.swift */ = {isa = PBXFileReference; lastKnownFileType = sourcecode.swift; path = StorageManager.swift; sourceTree = "<group>"; };
		013C84C123F4AB220007B7EB /* Enums.swift */ = {isa = PBXFileReference; lastKnownFileType = sourcecode.swift; path = Enums.swift; sourceTree = "<group>"; };
		013C84C323F4AD770007B7EB /* Factory.swift */ = {isa = PBXFileReference; lastKnownFileType = sourcecode.swift; path = Factory.swift; sourceTree = "<group>"; };
		013C84C523F4AF600007B7EB /* TestData.swift */ = {isa = PBXFileReference; lastKnownFileType = sourcecode.swift; path = TestData.swift; sourceTree = "<group>"; };
		013C84C723F4B3C00007B7EB /* OverviewTransactionCell.swift */ = {isa = PBXFileReference; lastKnownFileType = sourcecode.swift; path = OverviewTransactionCell.swift; sourceTree = "<group>"; };
		013C84C923F4B3D20007B7EB /* TransactionCell.swift */ = {isa = PBXFileReference; lastKnownFileType = sourcecode.swift; path = TransactionCell.swift; sourceTree = "<group>"; };
		0146E20823F5DBCB0076CC61 /* AddTransactionVC.swift */ = {isa = PBXFileReference; lastKnownFileType = sourcecode.swift; path = AddTransactionVC.swift; sourceTree = "<group>"; };
		0165347E23F6E87E00776770 /* GoogleService-Info.plist */ = {isa = PBXFileReference; fileEncoding = 4; lastKnownFileType = text.plist.xml; path = "GoogleService-Info.plist"; sourceTree = "<group>"; };
		01A58D6C23DCADFA004F124C /* Financial Assistant.app */ = {isa = PBXFileReference; explicitFileType = wrapper.application; includeInIndex = 0; path = "Financial Assistant.app"; sourceTree = BUILT_PRODUCTS_DIR; };
		01A58D6F23DCADFA004F124C /* AppDelegate.swift */ = {isa = PBXFileReference; lastKnownFileType = sourcecode.swift; path = AppDelegate.swift; sourceTree = "<group>"; };
		01A58D7123DCADFA004F124C /* SceneDelegate.swift */ = {isa = PBXFileReference; lastKnownFileType = sourcecode.swift; path = SceneDelegate.swift; sourceTree = "<group>"; };
		01A58D7323DCADFA004F124C /* OverviewVC.swift */ = {isa = PBXFileReference; lastKnownFileType = sourcecode.swift; path = OverviewVC.swift; sourceTree = "<group>"; };
		01A58D7523DCADFA004F124C /* WalletVC.swift */ = {isa = PBXFileReference; lastKnownFileType = sourcecode.swift; path = WalletVC.swift; sourceTree = "<group>"; };
		01A58D7823DCADFA004F124C /* Base */ = {isa = PBXFileReference; lastKnownFileType = file.storyboard; name = Base; path = Base.lproj/Main.storyboard; sourceTree = "<group>"; };
		01A58D7B23DCADFA004F124C /* Financial_Assistant.xcdatamodel */ = {isa = PBXFileReference; lastKnownFileType = wrapper.xcdatamodel; path = Financial_Assistant.xcdatamodel; sourceTree = "<group>"; };
		01A58D7D23DCADFC004F124C /* Assets.xcassets */ = {isa = PBXFileReference; lastKnownFileType = folder.assetcatalog; path = Assets.xcassets; sourceTree = "<group>"; };
		01A58D8023DCADFC004F124C /* Base */ = {isa = PBXFileReference; lastKnownFileType = file.storyboard; name = Base; path = Base.lproj/LaunchScreen.storyboard; sourceTree = "<group>"; };
		01A58D8223DCADFC004F124C /* Info.plist */ = {isa = PBXFileReference; lastKnownFileType = text.plist.xml; path = Info.plist; sourceTree = "<group>"; };
		01A58D8723DCADFC004F124C /* Financial AssistantTests.xctest */ = {isa = PBXFileReference; explicitFileType = wrapper.cfbundle; includeInIndex = 0; path = "Financial AssistantTests.xctest"; sourceTree = BUILT_PRODUCTS_DIR; };
		01A58D8B23DCADFC004F124C /* Financial_AssistantTests.swift */ = {isa = PBXFileReference; lastKnownFileType = sourcecode.swift; path = Financial_AssistantTests.swift; sourceTree = "<group>"; };
		01A58D8D23DCADFC004F124C /* Info.plist */ = {isa = PBXFileReference; lastKnownFileType = text.plist.xml; path = Info.plist; sourceTree = "<group>"; };
		01A58D9223DCADFC004F124C /* Financial AssistantUITests.xctest */ = {isa = PBXFileReference; explicitFileType = wrapper.cfbundle; includeInIndex = 0; path = "Financial AssistantUITests.xctest"; sourceTree = BUILT_PRODUCTS_DIR; };
		01A58D9623DCADFC004F124C /* Financial_AssistantUITests.swift */ = {isa = PBXFileReference; lastKnownFileType = sourcecode.swift; path = Financial_AssistantUITests.swift; sourceTree = "<group>"; };
		01A58D9823DCADFC004F124C /* Info.plist */ = {isa = PBXFileReference; lastKnownFileType = text.plist.xml; path = Info.plist; sourceTree = "<group>"; };
		01D3037823F9A4D500D5448C /* DetailTransactionVC.swift */ = {isa = PBXFileReference; lastKnownFileType = sourcecode.swift; path = DetailTransactionVC.swift; sourceTree = "<group>"; };
		01D3037A23F9BD4000D5448C /* SpinnerViewController.swift */ = {isa = PBXFileReference; lastKnownFileType = sourcecode.swift; path = SpinnerViewController.swift; sourceTree = "<group>"; };
		01D3037C23F9C3F000D5448C /* DetailWalletVC.swift */ = {isa = PBXFileReference; lastKnownFileType = sourcecode.swift; path = DetailWalletVC.swift; sourceTree = "<group>"; };
		01D891D323EE150D0009FD5A /* TransactionsVC.swift */ = {isa = PBXFileReference; lastKnownFileType = sourcecode.swift; path = TransactionsVC.swift; sourceTree = "<group>"; };
		01D891D523EE1B890009FD5A /* StatisticsVC.swift */ = {isa = PBXFileReference; lastKnownFileType = sourcecode.swift; path = StatisticsVC.swift; sourceTree = "<group>"; };
		01D891D723EE1B9F0009FD5A /* PlanningVC.swift */ = {isa = PBXFileReference; lastKnownFileType = sourcecode.swift; path = PlanningVC.swift; sourceTree = "<group>"; };
		01D891D923EE1BB00009FD5A /* SettingsVC.swift */ = {isa = PBXFileReference; lastKnownFileType = sourcecode.swift; path = SettingsVC.swift; sourceTree = "<group>"; };
		064357AD4F8FFA20CB940FDD /* Pods_Financial_Assistant.framework */ = {isa = PBXFileReference; explicitFileType = wrapper.framework; includeInIndex = 0; path = Pods_Financial_Assistant.framework; sourceTree = BUILT_PRODUCTS_DIR; };
		08900C8C6FEE549447528E83 /* Pods-Financial Assistant.debug.xcconfig */ = {isa = PBXFileReference; includeInIndex = 1; lastKnownFileType = text.xcconfig; name = "Pods-Financial Assistant.debug.xcconfig"; path = "Target Support Files/Pods-Financial Assistant/Pods-Financial Assistant.debug.xcconfig"; sourceTree = "<group>"; };
		114DCD98F2004057D96EA491 /* Pods-Financial AssistantTests.debug.xcconfig */ = {isa = PBXFileReference; includeInIndex = 1; lastKnownFileType = text.xcconfig; name = "Pods-Financial AssistantTests.debug.xcconfig"; path = "Target Support Files/Pods-Financial AssistantTests/Pods-Financial AssistantTests.debug.xcconfig"; sourceTree = "<group>"; };
		5F4F3A5DB80E6E85032CB556 /* Pods-Financial Assistant-Financial AssistantUITests.release.xcconfig */ = {isa = PBXFileReference; includeInIndex = 1; lastKnownFileType = text.xcconfig; name = "Pods-Financial Assistant-Financial AssistantUITests.release.xcconfig"; path = "Target Support Files/Pods-Financial Assistant-Financial AssistantUITests/Pods-Financial Assistant-Financial AssistantUITests.release.xcconfig"; sourceTree = "<group>"; };
		9068C0C598984CC8E5D7C2D3 /* Pods_Financial_Assistant_Financial_AssistantUITests.framework */ = {isa = PBXFileReference; explicitFileType = wrapper.framework; includeInIndex = 0; path = Pods_Financial_Assistant_Financial_AssistantUITests.framework; sourceTree = BUILT_PRODUCTS_DIR; };
		97915949F6FB595C22BDFFD2 /* Pods-Financial AssistantTests.release.xcconfig */ = {isa = PBXFileReference; includeInIndex = 1; lastKnownFileType = text.xcconfig; name = "Pods-Financial AssistantTests.release.xcconfig"; path = "Target Support Files/Pods-Financial AssistantTests/Pods-Financial AssistantTests.release.xcconfig"; sourceTree = "<group>"; };
		BBECA15D6EE526C947F75F8A /* Pods-Financial Assistant.release.xcconfig */ = {isa = PBXFileReference; includeInIndex = 1; lastKnownFileType = text.xcconfig; name = "Pods-Financial Assistant.release.xcconfig"; path = "Target Support Files/Pods-Financial Assistant/Pods-Financial Assistant.release.xcconfig"; sourceTree = "<group>"; };
		C2484CB326186FFD47BF604E /* Pods-Financial Assistant-Financial AssistantUITests.debug.xcconfig */ = {isa = PBXFileReference; includeInIndex = 1; lastKnownFileType = text.xcconfig; name = "Pods-Financial Assistant-Financial AssistantUITests.debug.xcconfig"; path = "Target Support Files/Pods-Financial Assistant-Financial AssistantUITests/Pods-Financial Assistant-Financial AssistantUITests.debug.xcconfig"; sourceTree = "<group>"; };
		D32A3B623323BDFC53972DF6 /* Pods_Financial_AssistantTests.framework */ = {isa = PBXFileReference; explicitFileType = wrapper.framework; includeInIndex = 0; path = Pods_Financial_AssistantTests.framework; sourceTree = BUILT_PRODUCTS_DIR; };
/* End PBXFileReference section */

/* Begin PBXFrameworksBuildPhase section */
		01A58D6923DCADFA004F124C /* Frameworks */ = {
			isa = PBXFrameworksBuildPhase;
			buildActionMask = 2147483647;
			files = (
				64D1080FF5680F6319FE028B /* Pods_Financial_Assistant.framework in Frameworks */,
			);
			runOnlyForDeploymentPostprocessing = 0;
		};
		01A58D8423DCADFC004F124C /* Frameworks */ = {
			isa = PBXFrameworksBuildPhase;
			buildActionMask = 2147483647;
			files = (
				419A7304580E49D33DC63C4F /* Pods_Financial_AssistantTests.framework in Frameworks */,
			);
			runOnlyForDeploymentPostprocessing = 0;
		};
		01A58D8F23DCADFC004F124C /* Frameworks */ = {
			isa = PBXFrameworksBuildPhase;
			buildActionMask = 2147483647;
			files = (
				2AF39AAA13126845F8E1AA52 /* Pods_Financial_Assistant_Financial_AssistantUITests.framework in Frameworks */,
			);
			runOnlyForDeploymentPostprocessing = 0;
		};
/* End PBXFrameworksBuildPhase section */

/* Begin PBXGroup section */
		014916B723DD9D3B005D4C8F /* View */ = {
			isa = PBXGroup;
			children = (
				013C84C723F4B3C00007B7EB /* OverviewTransactionCell.swift */,
				013C84C923F4B3D20007B7EB /* TransactionCell.swift */,
				010713BE23F89E8100D2EA7F /* WalletCell.swift */,
				01D3037A23F9BD4000D5448C /* SpinnerViewController.swift */,
			);
			name = View;
			sourceTree = "<group>";
		};
		014916B823DD9D46005D4C8F /* Controllers */ = {
			isa = PBXGroup;
			children = (
				0104A03323F717FA00C52ED2 /* SignInVC.swift */,
				01A58D7323DCADFA004F124C /* OverviewVC.swift */,
				01A58D7523DCADFA004F124C /* WalletVC.swift */,
				01D891D323EE150D0009FD5A /* TransactionsVC.swift */,
				01D891D523EE1B890009FD5A /* StatisticsVC.swift */,
				01D891D723EE1B9F0009FD5A /* PlanningVC.swift */,
				01D891D923EE1BB00009FD5A /* SettingsVC.swift */,
				0146E20823F5DBCB0076CC61 /* AddTransactionVC.swift */,
				010713C023F8A41C00D2EA7F /* AddWalletVC.swift */,
				01D3037823F9A4D500D5448C /* DetailTransactionVC.swift */,
				01D3037C23F9C3F000D5448C /* DetailWalletVC.swift */,
			);
			name = Controllers;
			sourceTree = "<group>";
		};
		014916B923DD9D56005D4C8F /* Storyboards */ = {
			isa = PBXGroup;
			children = (
				01A58D7723DCADFA004F124C /* Main.storyboard */,
				01A58D7F23DCADFC004F124C /* LaunchScreen.storyboard */,
			);
			name = Storyboards;
			sourceTree = "<group>";
		};
		014916BA23DD9D5F005D4C8F /* Model */ = {
			isa = PBXGroup;
			children = (
				013C84B723F4A9620007B7EB /* Transaction.swift */,
				013C84B923F4A96C0007B7EB /* Wallet.swift */,
				013C84BD23F4A9F10007B7EB /* ExchangeManager.swift */,
				013C84C323F4AD770007B7EB /* Factory.swift */,
				013C84C123F4AB220007B7EB /* Enums.swift */,
				013C84C523F4AF600007B7EB /* TestData.swift */,
				0106E87523F7502500429EBE /* TemporaryData.swift */,
			);
			name = Model;
			sourceTree = "<group>";
		};
		014916BB23DD9D6A005D4C8F /* App Extensions */ = {
			isa = PBXGroup;
			children = (
				0104A03523F719AC00C52ED2 /* AppEnums.swift */,
				013C84BB23F4A9A30007B7EB /* Extensions.swift */,
				0106E87323F722C700429EBE /* GlobalData.swift */,
			);
			name = "App Extensions";
			sourceTree = "<group>";
		};
		014916BC23DD9D71005D4C8F /* Fonts */ = {
			isa = PBXGroup;
			children = (
			);
			name = Fonts;
			sourceTree = "<group>";
		};
		014916BD23DD9D7E005D4C8F /* Support Files */ = {
			isa = PBXGroup;
			children = (
				01A58D6F23DCADFA004F124C /* AppDelegate.swift */,
				01A58D7123DCADFA004F124C /* SceneDelegate.swift */,
				01A58D8223DCADFC004F124C /* Info.plist */,
				0165347E23F6E87E00776770 /* GoogleService-Info.plist */,
				01A58D7A23DCADFA004F124C /* Financial_Assistant.xcdatamodeld */,
			);
			name = "Support Files";
			sourceTree = "<group>";
		};
		014916BE23DD9F25005D4C8F /* Storage Manager */ = {
			isa = PBXGroup;
			children = (
				013C84BF23F4AA0D0007B7EB /* StorageManager.swift */,
			);
			name = "Storage Manager";
			sourceTree = "<group>";
		};
		01A58D6323DCADFA004F124C = {
			isa = PBXGroup;
			children = (
				01A58D6E23DCADFA004F124C /* Financial Assistant */,
				01A58D8A23DCADFC004F124C /* Financial AssistantTests */,
				01A58D9523DCADFC004F124C /* Financial AssistantUITests */,
				01A58D6D23DCADFA004F124C /* Products */,
				BE90C68969CFE7892771344A /* Pods */,
				FCD9BAD85C1BA77171158745 /* Frameworks */,
			);
			sourceTree = "<group>";
		};
		01A58D6D23DCADFA004F124C /* Products */ = {
			isa = PBXGroup;
			children = (
				01A58D6C23DCADFA004F124C /* Financial Assistant.app */,
				01A58D8723DCADFC004F124C /* Financial AssistantTests.xctest */,
				01A58D9223DCADFC004F124C /* Financial AssistantUITests.xctest */,
			);
			name = Products;
			sourceTree = "<group>";
		};
		01A58D6E23DCADFA004F124C /* Financial Assistant */ = {
			isa = PBXGroup;
			children = (
				014916B723DD9D3B005D4C8F /* View */,
				014916B923DD9D56005D4C8F /* Storyboards */,
				014916B823DD9D46005D4C8F /* Controllers */,
				014916BA23DD9D5F005D4C8F /* Model */,
				014916BE23DD9F25005D4C8F /* Storage Manager */,
				014916BB23DD9D6A005D4C8F /* App Extensions */,
				014916BC23DD9D71005D4C8F /* Fonts */,
				014916BD23DD9D7E005D4C8F /* Support Files */,
				01A58D7D23DCADFC004F124C /* Assets.xcassets */,
			);
			path = "Financial Assistant";
			sourceTree = "<group>";
		};
		01A58D8A23DCADFC004F124C /* Financial AssistantTests */ = {
			isa = PBXGroup;
			children = (
				01A58D8B23DCADFC004F124C /* Financial_AssistantTests.swift */,
				01A58D8D23DCADFC004F124C /* Info.plist */,
			);
			path = "Financial AssistantTests";
			sourceTree = "<group>";
		};
		01A58D9523DCADFC004F124C /* Financial AssistantUITests */ = {
			isa = PBXGroup;
			children = (
				01A58D9623DCADFC004F124C /* Financial_AssistantUITests.swift */,
				01A58D9823DCADFC004F124C /* Info.plist */,
			);
			path = "Financial AssistantUITests";
			sourceTree = "<group>";
		};
		BE90C68969CFE7892771344A /* Pods */ = {
			isa = PBXGroup;
			children = (
				08900C8C6FEE549447528E83 /* Pods-Financial Assistant.debug.xcconfig */,
				BBECA15D6EE526C947F75F8A /* Pods-Financial Assistant.release.xcconfig */,
				C2484CB326186FFD47BF604E /* Pods-Financial Assistant-Financial AssistantUITests.debug.xcconfig */,
				5F4F3A5DB80E6E85032CB556 /* Pods-Financial Assistant-Financial AssistantUITests.release.xcconfig */,
				114DCD98F2004057D96EA491 /* Pods-Financial AssistantTests.debug.xcconfig */,
				97915949F6FB595C22BDFFD2 /* Pods-Financial AssistantTests.release.xcconfig */,
			);
			path = Pods;
			sourceTree = "<group>";
		};
		FCD9BAD85C1BA77171158745 /* Frameworks */ = {
			isa = PBXGroup;
			children = (
				064357AD4F8FFA20CB940FDD /* Pods_Financial_Assistant.framework */,
				9068C0C598984CC8E5D7C2D3 /* Pods_Financial_Assistant_Financial_AssistantUITests.framework */,
				D32A3B623323BDFC53972DF6 /* Pods_Financial_AssistantTests.framework */,
			);
			name = Frameworks;
			sourceTree = "<group>";
		};
/* End PBXGroup section */

/* Begin PBXNativeTarget section */
		01A58D6B23DCADFA004F124C /* Financial Assistant */ = {
			isa = PBXNativeTarget;
			buildConfigurationList = 01A58D9B23DCADFC004F124C /* Build configuration list for PBXNativeTarget "Financial Assistant" */;
			buildPhases = (
				59ABB8E008A31B40A0E42945 /* [CP] Check Pods Manifest.lock */,
				01A58D6823DCADFA004F124C /* Sources */,
				01A58D6923DCADFA004F124C /* Frameworks */,
				01A58D6A23DCADFA004F124C /* Resources */,
				D2D62B4603B77A2C2B9A5656 /* [CP] Embed Pods Frameworks */,
				0F38DE22F7E8FCCC8B996B9C /* [CP] Copy Pods Resources */,
			);
			buildRules = (
			);
			dependencies = (
			);
			name = "Financial Assistant";
			productName = "Financial Assistant";
			productReference = 01A58D6C23DCADFA004F124C /* Financial Assistant.app */;
			productType = "com.apple.product-type.application";
		};
		01A58D8623DCADFC004F124C /* Financial AssistantTests */ = {
			isa = PBXNativeTarget;
			buildConfigurationList = 01A58D9E23DCADFC004F124C /* Build configuration list for PBXNativeTarget "Financial AssistantTests" */;
			buildPhases = (
				DEC5537F9DF9AEB9DC8F59E0 /* [CP] Check Pods Manifest.lock */,
				01A58D8323DCADFC004F124C /* Sources */,
				01A58D8423DCADFC004F124C /* Frameworks */,
				01A58D8523DCADFC004F124C /* Resources */,
			);
			buildRules = (
			);
			dependencies = (
				01A58D8923DCADFC004F124C /* PBXTargetDependency */,
			);
			name = "Financial AssistantTests";
			productName = "Financial AssistantTests";
			productReference = 01A58D8723DCADFC004F124C /* Financial AssistantTests.xctest */;
			productType = "com.apple.product-type.bundle.unit-test";
		};
		01A58D9123DCADFC004F124C /* Financial AssistantUITests */ = {
			isa = PBXNativeTarget;
			buildConfigurationList = 01A58DA123DCADFC004F124C /* Build configuration list for PBXNativeTarget "Financial AssistantUITests" */;
			buildPhases = (
				0AAE9662D1CBC8EFE1CDB26A /* [CP] Check Pods Manifest.lock */,
				01A58D8E23DCADFC004F124C /* Sources */,
				01A58D8F23DCADFC004F124C /* Frameworks */,
				01A58D9023DCADFC004F124C /* Resources */,
				7AC5B72C9C1721BF28808921 /* [CP] Embed Pods Frameworks */,
				C14D4E9752DEE0AC5F38A875 /* [CP] Copy Pods Resources */,
			);
			buildRules = (
			);
			dependencies = (
				01A58D9423DCADFC004F124C /* PBXTargetDependency */,
			);
			name = "Financial AssistantUITests";
			productName = "Financial AssistantUITests";
			productReference = 01A58D9223DCADFC004F124C /* Financial AssistantUITests.xctest */;
			productType = "com.apple.product-type.bundle.ui-testing";
		};
/* End PBXNativeTarget section */

/* Begin PBXProject section */
		01A58D6423DCADFA004F124C /* Project object */ = {
			isa = PBXProject;
			attributes = {
				LastSwiftUpdateCheck = 1130;
				LastUpgradeCheck = 1130;
				ORGANIZATIONNAME = "Andrii Halabuda";
				TargetAttributes = {
					01A58D6B23DCADFA004F124C = {
						CreatedOnToolsVersion = 11.3.1;
					};
					01A58D8623DCADFC004F124C = {
						CreatedOnToolsVersion = 11.3.1;
						TestTargetID = 01A58D6B23DCADFA004F124C;
					};
					01A58D9123DCADFC004F124C = {
						CreatedOnToolsVersion = 11.3.1;
						TestTargetID = 01A58D6B23DCADFA004F124C;
					};
				};
			};
			buildConfigurationList = 01A58D6723DCADFA004F124C /* Build configuration list for PBXProject "Financial Assistant" */;
			compatibilityVersion = "Xcode 9.3";
			developmentRegion = en;
			hasScannedForEncodings = 0;
			knownRegions = (
				en,
				Base,
			);
			mainGroup = 01A58D6323DCADFA004F124C;
			productRefGroup = 01A58D6D23DCADFA004F124C /* Products */;
			projectDirPath = "";
			projectRoot = "";
			targets = (
				01A58D6B23DCADFA004F124C /* Financial Assistant */,
				01A58D8623DCADFC004F124C /* Financial AssistantTests */,
				01A58D9123DCADFC004F124C /* Financial AssistantUITests */,
			);
		};
/* End PBXProject section */

/* Begin PBXResourcesBuildPhase section */
		01A58D6A23DCADFA004F124C /* Resources */ = {
			isa = PBXResourcesBuildPhase;
			buildActionMask = 2147483647;
			files = (
				01A58D8123DCADFC004F124C /* LaunchScreen.storyboard in Resources */,
				0165347F23F6E87E00776770 /* GoogleService-Info.plist in Resources */,
				01A58D7E23DCADFC004F124C /* Assets.xcassets in Resources */,
				01A58D7923DCADFA004F124C /* Main.storyboard in Resources */,
			);
			runOnlyForDeploymentPostprocessing = 0;
		};
		01A58D8523DCADFC004F124C /* Resources */ = {
			isa = PBXResourcesBuildPhase;
			buildActionMask = 2147483647;
			files = (
			);
			runOnlyForDeploymentPostprocessing = 0;
		};
		01A58D9023DCADFC004F124C /* Resources */ = {
			isa = PBXResourcesBuildPhase;
			buildActionMask = 2147483647;
			files = (
			);
			runOnlyForDeploymentPostprocessing = 0;
		};
/* End PBXResourcesBuildPhase section */

/* Begin PBXShellScriptBuildPhase section */
		0AAE9662D1CBC8EFE1CDB26A /* [CP] Check Pods Manifest.lock */ = {
			isa = PBXShellScriptBuildPhase;
			buildActionMask = 2147483647;
			files = (
			);
			inputFileListPaths = (
			);
			inputPaths = (
				"${PODS_PODFILE_DIR_PATH}/Podfile.lock",
				"${PODS_ROOT}/Manifest.lock",
			);
			name = "[CP] Check Pods Manifest.lock";
			outputFileListPaths = (
			);
			outputPaths = (
				"$(DERIVED_FILE_DIR)/Pods-Financial Assistant-Financial AssistantUITests-checkManifestLockResult.txt",
			);
			runOnlyForDeploymentPostprocessing = 0;
			shellPath = /bin/sh;
			shellScript = "diff \"${PODS_PODFILE_DIR_PATH}/Podfile.lock\" \"${PODS_ROOT}/Manifest.lock\" > /dev/null\nif [ $? != 0 ] ; then\n    # print error to STDERR\n    echo \"error: The sandbox is not in sync with the Podfile.lock. Run 'pod install' or update your CocoaPods installation.\" >&2\n    exit 1\nfi\n# This output is used by Xcode 'outputs' to avoid re-running this script phase.\necho \"SUCCESS\" > \"${SCRIPT_OUTPUT_FILE_0}\"\n";
			showEnvVarsInLog = 0;
		};
		0F38DE22F7E8FCCC8B996B9C /* [CP] Copy Pods Resources */ = {
			isa = PBXShellScriptBuildPhase;
			buildActionMask = 2147483647;
			files = (
			);
			inputFileListPaths = (
				"${PODS_ROOT}/Target Support Files/Pods-Financial Assistant/Pods-Financial Assistant-resources-${CONFIGURATION}-input-files.xcfilelist",
			);
			name = "[CP] Copy Pods Resources";
			outputFileListPaths = (
				"${PODS_ROOT}/Target Support Files/Pods-Financial Assistant/Pods-Financial Assistant-resources-${CONFIGURATION}-output-files.xcfilelist",
			);
			runOnlyForDeploymentPostprocessing = 0;
			shellPath = /bin/sh;
			shellScript = "\"${PODS_ROOT}/Target Support Files/Pods-Financial Assistant/Pods-Financial Assistant-resources.sh\"\n";
			showEnvVarsInLog = 0;
		};
		59ABB8E008A31B40A0E42945 /* [CP] Check Pods Manifest.lock */ = {
			isa = PBXShellScriptBuildPhase;
			buildActionMask = 2147483647;
			files = (
			);
			inputFileListPaths = (
			);
			inputPaths = (
				"${PODS_PODFILE_DIR_PATH}/Podfile.lock",
				"${PODS_ROOT}/Manifest.lock",
			);
			name = "[CP] Check Pods Manifest.lock";
			outputFileListPaths = (
			);
			outputPaths = (
				"$(DERIVED_FILE_DIR)/Pods-Financial Assistant-checkManifestLockResult.txt",
			);
			runOnlyForDeploymentPostprocessing = 0;
			shellPath = /bin/sh;
			shellScript = "diff \"${PODS_PODFILE_DIR_PATH}/Podfile.lock\" \"${PODS_ROOT}/Manifest.lock\" > /dev/null\nif [ $? != 0 ] ; then\n    # print error to STDERR\n    echo \"error: The sandbox is not in sync with the Podfile.lock. Run 'pod install' or update your CocoaPods installation.\" >&2\n    exit 1\nfi\n# This output is used by Xcode 'outputs' to avoid re-running this script phase.\necho \"SUCCESS\" > \"${SCRIPT_OUTPUT_FILE_0}\"\n";
			showEnvVarsInLog = 0;
		};
		7AC5B72C9C1721BF28808921 /* [CP] Embed Pods Frameworks */ = {
			isa = PBXShellScriptBuildPhase;
			buildActionMask = 2147483647;
			files = (
			);
			inputFileListPaths = (
				"${PODS_ROOT}/Target Support Files/Pods-Financial Assistant-Financial AssistantUITests/Pods-Financial Assistant-Financial AssistantUITests-frameworks-${CONFIGURATION}-input-files.xcfilelist",
			);
			name = "[CP] Embed Pods Frameworks";
			outputFileListPaths = (
				"${PODS_ROOT}/Target Support Files/Pods-Financial Assistant-Financial AssistantUITests/Pods-Financial Assistant-Financial AssistantUITests-frameworks-${CONFIGURATION}-output-files.xcfilelist",
			);
			runOnlyForDeploymentPostprocessing = 0;
			shellPath = /bin/sh;
			shellScript = "\"${PODS_ROOT}/Target Support Files/Pods-Financial Assistant-Financial AssistantUITests/Pods-Financial Assistant-Financial AssistantUITests-frameworks.sh\"\n";
			showEnvVarsInLog = 0;
		};
		C14D4E9752DEE0AC5F38A875 /* [CP] Copy Pods Resources */ = {
			isa = PBXShellScriptBuildPhase;
			buildActionMask = 2147483647;
			files = (
			);
			inputFileListPaths = (
				"${PODS_ROOT}/Target Support Files/Pods-Financial Assistant-Financial AssistantUITests/Pods-Financial Assistant-Financial AssistantUITests-resources-${CONFIGURATION}-input-files.xcfilelist",
			);
			name = "[CP] Copy Pods Resources";
			outputFileListPaths = (
				"${PODS_ROOT}/Target Support Files/Pods-Financial Assistant-Financial AssistantUITests/Pods-Financial Assistant-Financial AssistantUITests-resources-${CONFIGURATION}-output-files.xcfilelist",
			);
			runOnlyForDeploymentPostprocessing = 0;
			shellPath = /bin/sh;
			shellScript = "\"${PODS_ROOT}/Target Support Files/Pods-Financial Assistant-Financial AssistantUITests/Pods-Financial Assistant-Financial AssistantUITests-resources.sh\"\n";
			showEnvVarsInLog = 0;
		};
		D2D62B4603B77A2C2B9A5656 /* [CP] Embed Pods Frameworks */ = {
			isa = PBXShellScriptBuildPhase;
			buildActionMask = 2147483647;
			files = (
			);
			inputFileListPaths = (
				"${PODS_ROOT}/Target Support Files/Pods-Financial Assistant/Pods-Financial Assistant-frameworks-${CONFIGURATION}-input-files.xcfilelist",
			);
			name = "[CP] Embed Pods Frameworks";
			outputFileListPaths = (
				"${PODS_ROOT}/Target Support Files/Pods-Financial Assistant/Pods-Financial Assistant-frameworks-${CONFIGURATION}-output-files.xcfilelist",
			);
			runOnlyForDeploymentPostprocessing = 0;
			shellPath = /bin/sh;
			shellScript = "\"${PODS_ROOT}/Target Support Files/Pods-Financial Assistant/Pods-Financial Assistant-frameworks.sh\"\n";
			showEnvVarsInLog = 0;
		};
		DEC5537F9DF9AEB9DC8F59E0 /* [CP] Check Pods Manifest.lock */ = {
			isa = PBXShellScriptBuildPhase;
			buildActionMask = 2147483647;
			files = (
			);
			inputFileListPaths = (
			);
			inputPaths = (
				"${PODS_PODFILE_DIR_PATH}/Podfile.lock",
				"${PODS_ROOT}/Manifest.lock",
			);
			name = "[CP] Check Pods Manifest.lock";
			outputFileListPaths = (
			);
			outputPaths = (
				"$(DERIVED_FILE_DIR)/Pods-Financial AssistantTests-checkManifestLockResult.txt",
			);
			runOnlyForDeploymentPostprocessing = 0;
			shellPath = /bin/sh;
			shellScript = "diff \"${PODS_PODFILE_DIR_PATH}/Podfile.lock\" \"${PODS_ROOT}/Manifest.lock\" > /dev/null\nif [ $? != 0 ] ; then\n    # print error to STDERR\n    echo \"error: The sandbox is not in sync with the Podfile.lock. Run 'pod install' or update your CocoaPods installation.\" >&2\n    exit 1\nfi\n# This output is used by Xcode 'outputs' to avoid re-running this script phase.\necho \"SUCCESS\" > \"${SCRIPT_OUTPUT_FILE_0}\"\n";
			showEnvVarsInLog = 0;
		};
/* End PBXShellScriptBuildPhase section */

/* Begin PBXSourcesBuildPhase section */
		01A58D6823DCADFA004F124C /* Sources */ = {
			isa = PBXSourcesBuildPhase;
			buildActionMask = 2147483647;
			files = (
				013C84C423F4AD770007B7EB /* Factory.swift in Sources */,
				01A58D7C23DCADFA004F124C /* Financial_Assistant.xcdatamodeld in Sources */,
				0106E87423F722C700429EBE /* GlobalData.swift in Sources */,
				01A58D7623DCADFA004F124C /* WalletVC.swift in Sources */,
				013C84CA23F4B3D20007B7EB /* TransactionCell.swift in Sources */,
				0104A03423F717FA00C52ED2 /* SignInVC.swift in Sources */,
				01A58D7423DCADFA004F124C /* OverviewVC.swift in Sources */,
				01D3037D23F9C3F000D5448C /* DetailWalletVC.swift in Sources */,
				0146E20923F5DBCB0076CC61 /* AddTransactionVC.swift in Sources */,
				013C84C023F4AA0D0007B7EB /* StorageManager.swift in Sources */,
				010713C123F8A41C00D2EA7F /* AddWalletVC.swift in Sources */,
				013C84C823F4B3C00007B7EB /* OverviewTransactionCell.swift in Sources */,
				013C84BA23F4A96C0007B7EB /* Wallet.swift in Sources */,
				01D3037B23F9BD4000D5448C /* SpinnerViewController.swift in Sources */,
				01D891D823EE1B9F0009FD5A /* PlanningVC.swift in Sources */,
				01D3037923F9A4D500D5448C /* DetailTransactionVC.swift in Sources */,
				013C84BC23F4A9A30007B7EB /* Extensions.swift in Sources */,
				013C84C223F4AB220007B7EB /* Enums.swift in Sources */,
				013C84C623F4AF600007B7EB /* TestData.swift in Sources */,
				013C84BE23F4A9F10007B7EB /* ExchangeManager.swift in Sources */,
				013C84B823F4A9620007B7EB /* Transaction.swift in Sources */,
				010713BF23F89E8100D2EA7F /* WalletCell.swift in Sources */,
				01D891D423EE150D0009FD5A /* TransactionsVC.swift in Sources */,
				01D891D623EE1B890009FD5A /* StatisticsVC.swift in Sources */,
				0106E87623F7502500429EBE /* TemporaryData.swift in Sources */,
				0104A03623F719AC00C52ED2 /* AppEnums.swift in Sources */,
				01A58D7023DCADFA004F124C /* AppDelegate.swift in Sources */,
				01A58D7223DCADFA004F124C /* SceneDelegate.swift in Sources */,
				01D891DA23EE1BB00009FD5A /* SettingsVC.swift in Sources */,
			);
			runOnlyForDeploymentPostprocessing = 0;
		};
		01A58D8323DCADFC004F124C /* Sources */ = {
			isa = PBXSourcesBuildPhase;
			buildActionMask = 2147483647;
			files = (
				01A58D8C23DCADFC004F124C /* Financial_AssistantTests.swift in Sources */,
			);
			runOnlyForDeploymentPostprocessing = 0;
		};
		01A58D8E23DCADFC004F124C /* Sources */ = {
			isa = PBXSourcesBuildPhase;
			buildActionMask = 2147483647;
			files = (
				01A58D9723DCADFC004F124C /* Financial_AssistantUITests.swift in Sources */,
			);
			runOnlyForDeploymentPostprocessing = 0;
		};
/* End PBXSourcesBuildPhase section */

/* Begin PBXTargetDependency section */
		01A58D8923DCADFC004F124C /* PBXTargetDependency */ = {
			isa = PBXTargetDependency;
			target = 01A58D6B23DCADFA004F124C /* Financial Assistant */;
			targetProxy = 01A58D8823DCADFC004F124C /* PBXContainerItemProxy */;
		};
		01A58D9423DCADFC004F124C /* PBXTargetDependency */ = {
			isa = PBXTargetDependency;
			target = 01A58D6B23DCADFA004F124C /* Financial Assistant */;
			targetProxy = 01A58D9323DCADFC004F124C /* PBXContainerItemProxy */;
		};
/* End PBXTargetDependency section */

/* Begin PBXVariantGroup section */
		01A58D7723DCADFA004F124C /* Main.storyboard */ = {
			isa = PBXVariantGroup;
			children = (
				01A58D7823DCADFA004F124C /* Base */,
			);
			name = Main.storyboard;
			sourceTree = "<group>";
		};
		01A58D7F23DCADFC004F124C /* LaunchScreen.storyboard */ = {
			isa = PBXVariantGroup;
			children = (
				01A58D8023DCADFC004F124C /* Base */,
			);
			name = LaunchScreen.storyboard;
			sourceTree = "<group>";
		};
/* End PBXVariantGroup section */

/* Begin XCBuildConfiguration section */
		01A58D9923DCADFC004F124C /* Debug */ = {
			isa = XCBuildConfiguration;
			buildSettings = {
				ALWAYS_SEARCH_USER_PATHS = NO;
				CLANG_ANALYZER_NONNULL = YES;
				CLANG_ANALYZER_NUMBER_OBJECT_CONVERSION = YES_AGGRESSIVE;
				CLANG_CXX_LANGUAGE_STANDARD = "gnu++14";
				CLANG_CXX_LIBRARY = "libc++";
				CLANG_ENABLE_MODULES = YES;
				CLANG_ENABLE_OBJC_ARC = YES;
				CLANG_ENABLE_OBJC_WEAK = YES;
				CLANG_WARN_BLOCK_CAPTURE_AUTORELEASING = YES;
				CLANG_WARN_BOOL_CONVERSION = YES;
				CLANG_WARN_COMMA = YES;
				CLANG_WARN_CONSTANT_CONVERSION = YES;
				CLANG_WARN_DEPRECATED_OBJC_IMPLEMENTATIONS = YES;
				CLANG_WARN_DIRECT_OBJC_ISA_USAGE = YES_ERROR;
				CLANG_WARN_DOCUMENTATION_COMMENTS = YES;
				CLANG_WARN_EMPTY_BODY = YES;
				CLANG_WARN_ENUM_CONVERSION = YES;
				CLANG_WARN_INFINITE_RECURSION = YES;
				CLANG_WARN_INT_CONVERSION = YES;
				CLANG_WARN_NON_LITERAL_NULL_CONVERSION = YES;
				CLANG_WARN_OBJC_IMPLICIT_RETAIN_SELF = YES;
				CLANG_WARN_OBJC_LITERAL_CONVERSION = YES;
				CLANG_WARN_OBJC_ROOT_CLASS = YES_ERROR;
				CLANG_WARN_RANGE_LOOP_ANALYSIS = YES;
				CLANG_WARN_STRICT_PROTOTYPES = YES;
				CLANG_WARN_SUSPICIOUS_MOVE = YES;
				CLANG_WARN_UNGUARDED_AVAILABILITY = YES_AGGRESSIVE;
				CLANG_WARN_UNREACHABLE_CODE = YES;
				CLANG_WARN__DUPLICATE_METHOD_MATCH = YES;
				COPY_PHASE_STRIP = NO;
				DEBUG_INFORMATION_FORMAT = dwarf;
				ENABLE_STRICT_OBJC_MSGSEND = YES;
				ENABLE_TESTABILITY = YES;
				GCC_C_LANGUAGE_STANDARD = gnu11;
				GCC_DYNAMIC_NO_PIC = NO;
				GCC_NO_COMMON_BLOCKS = YES;
				GCC_OPTIMIZATION_LEVEL = 0;
				GCC_PREPROCESSOR_DEFINITIONS = (
					"DEBUG=1",
					"$(inherited)",
				);
				GCC_WARN_64_TO_32_BIT_CONVERSION = YES;
				GCC_WARN_ABOUT_RETURN_TYPE = YES_ERROR;
				GCC_WARN_UNDECLARED_SELECTOR = YES;
				GCC_WARN_UNINITIALIZED_AUTOS = YES_AGGRESSIVE;
				GCC_WARN_UNUSED_FUNCTION = YES;
				GCC_WARN_UNUSED_VARIABLE = YES;
				IPHONEOS_DEPLOYMENT_TARGET = 11.0;
				MTL_ENABLE_DEBUG_INFO = INCLUDE_SOURCE;
				MTL_FAST_MATH = YES;
				ONLY_ACTIVE_ARCH = YES;
				SDKROOT = iphoneos;
				SWIFT_ACTIVE_COMPILATION_CONDITIONS = DEBUG;
				SWIFT_OPTIMIZATION_LEVEL = "-Onone";
			};
			name = Debug;
		};
		01A58D9A23DCADFC004F124C /* Release */ = {
			isa = XCBuildConfiguration;
			buildSettings = {
				ALWAYS_SEARCH_USER_PATHS = NO;
				CLANG_ANALYZER_NONNULL = YES;
				CLANG_ANALYZER_NUMBER_OBJECT_CONVERSION = YES_AGGRESSIVE;
				CLANG_CXX_LANGUAGE_STANDARD = "gnu++14";
				CLANG_CXX_LIBRARY = "libc++";
				CLANG_ENABLE_MODULES = YES;
				CLANG_ENABLE_OBJC_ARC = YES;
				CLANG_ENABLE_OBJC_WEAK = YES;
				CLANG_WARN_BLOCK_CAPTURE_AUTORELEASING = YES;
				CLANG_WARN_BOOL_CONVERSION = YES;
				CLANG_WARN_COMMA = YES;
				CLANG_WARN_CONSTANT_CONVERSION = YES;
				CLANG_WARN_DEPRECATED_OBJC_IMPLEMENTATIONS = YES;
				CLANG_WARN_DIRECT_OBJC_ISA_USAGE = YES_ERROR;
				CLANG_WARN_DOCUMENTATION_COMMENTS = YES;
				CLANG_WARN_EMPTY_BODY = YES;
				CLANG_WARN_ENUM_CONVERSION = YES;
				CLANG_WARN_INFINITE_RECURSION = YES;
				CLANG_WARN_INT_CONVERSION = YES;
				CLANG_WARN_NON_LITERAL_NULL_CONVERSION = YES;
				CLANG_WARN_OBJC_IMPLICIT_RETAIN_SELF = YES;
				CLANG_WARN_OBJC_LITERAL_CONVERSION = YES;
				CLANG_WARN_OBJC_ROOT_CLASS = YES_ERROR;
				CLANG_WARN_RANGE_LOOP_ANALYSIS = YES;
				CLANG_WARN_STRICT_PROTOTYPES = YES;
				CLANG_WARN_SUSPICIOUS_MOVE = YES;
				CLANG_WARN_UNGUARDED_AVAILABILITY = YES_AGGRESSIVE;
				CLANG_WARN_UNREACHABLE_CODE = YES;
				CLANG_WARN__DUPLICATE_METHOD_MATCH = YES;
				COPY_PHASE_STRIP = NO;
				DEBUG_INFORMATION_FORMAT = "dwarf-with-dsym";
				ENABLE_NS_ASSERTIONS = NO;
				ENABLE_STRICT_OBJC_MSGSEND = YES;
				GCC_C_LANGUAGE_STANDARD = gnu11;
				GCC_NO_COMMON_BLOCKS = YES;
				GCC_WARN_64_TO_32_BIT_CONVERSION = YES;
				GCC_WARN_ABOUT_RETURN_TYPE = YES_ERROR;
				GCC_WARN_UNDECLARED_SELECTOR = YES;
				GCC_WARN_UNINITIALIZED_AUTOS = YES_AGGRESSIVE;
				GCC_WARN_UNUSED_FUNCTION = YES;
				GCC_WARN_UNUSED_VARIABLE = YES;
				IPHONEOS_DEPLOYMENT_TARGET = 11.0;
				MTL_ENABLE_DEBUG_INFO = NO;
				MTL_FAST_MATH = YES;
				SDKROOT = iphoneos;
				SWIFT_COMPILATION_MODE = wholemodule;
				SWIFT_OPTIMIZATION_LEVEL = "-O";
				VALIDATE_PRODUCT = YES;
			};
			name = Release;
		};
		01A58D9C23DCADFC004F124C /* Debug */ = {
			isa = XCBuildConfiguration;
			baseConfigurationReference = 08900C8C6FEE549447528E83 /* Pods-Financial Assistant.debug.xcconfig */;
			buildSettings = {
				ASSETCATALOG_COMPILER_APPICON_NAME = AppIcon;
				CODE_SIGN_STYLE = Automatic;
				CURRENT_PROJECT_VERSION = 31;
				DEVELOPMENT_TEAM = PTRW36GG78;
				INFOPLIST_FILE = "Financial Assistant/Info.plist";
				IPHONEOS_DEPLOYMENT_TARGET = 11.0;
				LD_RUNPATH_SEARCH_PATHS = (
					"$(inherited)",
					"@executable_path/Frameworks",
				);
				PRODUCT_BUNDLE_IDENTIFIER = "com.Andrew11US.Financial-Assistant";
				PRODUCT_NAME = "$(TARGET_NAME)";
				SWIFT_VERSION = 5.0;
				TARGETED_DEVICE_FAMILY = "1,2";
			};
			name = Debug;
		};
		01A58D9D23DCADFC004F124C /* Release */ = {
			isa = XCBuildConfiguration;
			baseConfigurationReference = BBECA15D6EE526C947F75F8A /* Pods-Financial Assistant.release.xcconfig */;
			buildSettings = {
				ASSETCATALOG_COMPILER_APPICON_NAME = AppIcon;
				CODE_SIGN_STYLE = Automatic;
				CURRENT_PROJECT_VERSION = 31;
				DEVELOPMENT_TEAM = PTRW36GG78;
				INFOPLIST_FILE = "Financial Assistant/Info.plist";
				IPHONEOS_DEPLOYMENT_TARGET = 11.0;
				LD_RUNPATH_SEARCH_PATHS = (
					"$(inherited)",
					"@executable_path/Frameworks",
				);
				PRODUCT_BUNDLE_IDENTIFIER = "com.Andrew11US.Financial-Assistant";
				PRODUCT_NAME = "$(TARGET_NAME)";
				SWIFT_VERSION = 5.0;
				TARGETED_DEVICE_FAMILY = "1,2";
			};
			name = Release;
		};
		01A58D9F23DCADFC004F124C /* Debug */ = {
			isa = XCBuildConfiguration;
			baseConfigurationReference = 114DCD98F2004057D96EA491 /* Pods-Financial AssistantTests.debug.xcconfig */;
			buildSettings = {
				ALWAYS_EMBED_SWIFT_STANDARD_LIBRARIES = YES;
				BUNDLE_LOADER = "$(TEST_HOST)";
				CODE_SIGN_STYLE = Automatic;
				DEVELOPMENT_TEAM = PTRW36GG78;
				INFOPLIST_FILE = "Financial AssistantTests/Info.plist";
				IPHONEOS_DEPLOYMENT_TARGET = 13.2;
				LD_RUNPATH_SEARCH_PATHS = (
					"$(inherited)",
					"@executable_path/Frameworks",
					"@loader_path/Frameworks",
				);
				PRODUCT_BUNDLE_IDENTIFIER = "com.Andrew11US.Financial-AssistantTests";
				PRODUCT_NAME = "$(TARGET_NAME)";
				SWIFT_VERSION = 5.0;
				TARGETED_DEVICE_FAMILY = "1,2";
				TEST_HOST = "$(BUILT_PRODUCTS_DIR)/Financial Assistant.app/Financial Assistant";
			};
			name = Debug;
		};
		01A58DA023DCADFC004F124C /* Release */ = {
			isa = XCBuildConfiguration;
			baseConfigurationReference = 97915949F6FB595C22BDFFD2 /* Pods-Financial AssistantTests.release.xcconfig */;
			buildSettings = {
				ALWAYS_EMBED_SWIFT_STANDARD_LIBRARIES = YES;
				BUNDLE_LOADER = "$(TEST_HOST)";
				CODE_SIGN_STYLE = Automatic;
				DEVELOPMENT_TEAM = PTRW36GG78;
				INFOPLIST_FILE = "Financial AssistantTests/Info.plist";
				IPHONEOS_DEPLOYMENT_TARGET = 13.2;
				LD_RUNPATH_SEARCH_PATHS = (
					"$(inherited)",
					"@executable_path/Frameworks",
					"@loader_path/Frameworks",
				);
				PRODUCT_BUNDLE_IDENTIFIER = "com.Andrew11US.Financial-AssistantTests";
				PRODUCT_NAME = "$(TARGET_NAME)";
				SWIFT_VERSION = 5.0;
				TARGETED_DEVICE_FAMILY = "1,2";
				TEST_HOST = "$(BUILT_PRODUCTS_DIR)/Financial Assistant.app/Financial Assistant";
			};
			name = Release;
		};
		01A58DA223DCADFC004F124C /* Debug */ = {
			isa = XCBuildConfiguration;
			baseConfigurationReference = C2484CB326186FFD47BF604E /* Pods-Financial Assistant-Financial AssistantUITests.debug.xcconfig */;
			buildSettings = {
				ALWAYS_EMBED_SWIFT_STANDARD_LIBRARIES = YES;
				CODE_SIGN_STYLE = Automatic;
				DEVELOPMENT_TEAM = PTRW36GG78;
				INFOPLIST_FILE = "Financial AssistantUITests/Info.plist";
				LD_RUNPATH_SEARCH_PATHS = (
					"$(inherited)",
					"@executable_path/Frameworks",
					"@loader_path/Frameworks",
				);
				PRODUCT_BUNDLE_IDENTIFIER = "com.Andrew11US.Financial-AssistantUITests";
				PRODUCT_NAME = "$(TARGET_NAME)";
				SWIFT_VERSION = 5.0;
				TARGETED_DEVICE_FAMILY = "1,2";
				TEST_TARGET_NAME = "Financial Assistant";
			};
			name = Debug;
		};
		01A58DA323DCADFC004F124C /* Release */ = {
			isa = XCBuildConfiguration;
			baseConfigurationReference = 5F4F3A5DB80E6E85032CB556 /* Pods-Financial Assistant-Financial AssistantUITests.release.xcconfig */;
			buildSettings = {
				ALWAYS_EMBED_SWIFT_STANDARD_LIBRARIES = YES;
				CODE_SIGN_STYLE = Automatic;
				DEVELOPMENT_TEAM = PTRW36GG78;
				INFOPLIST_FILE = "Financial AssistantUITests/Info.plist";
				LD_RUNPATH_SEARCH_PATHS = (
					"$(inherited)",
					"@executable_path/Frameworks",
					"@loader_path/Frameworks",
				);
				PRODUCT_BUNDLE_IDENTIFIER = "com.Andrew11US.Financial-AssistantUITests";
				PRODUCT_NAME = "$(TARGET_NAME)";
				SWIFT_VERSION = 5.0;
				TARGETED_DEVICE_FAMILY = "1,2";
				TEST_TARGET_NAME = "Financial Assistant";
			};
			name = Release;
		};
/* End XCBuildConfiguration section */

/* Begin XCConfigurationList section */
		01A58D6723DCADFA004F124C /* Build configuration list for PBXProject "Financial Assistant" */ = {
			isa = XCConfigurationList;
			buildConfigurations = (
				01A58D9923DCADFC004F124C /* Debug */,
				01A58D9A23DCADFC004F124C /* Release */,
			);
			defaultConfigurationIsVisible = 0;
			defaultConfigurationName = Release;
		};
		01A58D9B23DCADFC004F124C /* Build configuration list for PBXNativeTarget "Financial Assistant" */ = {
			isa = XCConfigurationList;
			buildConfigurations = (
				01A58D9C23DCADFC004F124C /* Debug */,
				01A58D9D23DCADFC004F124C /* Release */,
			);
			defaultConfigurationIsVisible = 0;
			defaultConfigurationName = Release;
		};
		01A58D9E23DCADFC004F124C /* Build configuration list for PBXNativeTarget "Financial AssistantTests" */ = {
			isa = XCConfigurationList;
			buildConfigurations = (
				01A58D9F23DCADFC004F124C /* Debug */,
				01A58DA023DCADFC004F124C /* Release */,
			);
			defaultConfigurationIsVisible = 0;
			defaultConfigurationName = Release;
		};
		01A58DA123DCADFC004F124C /* Build configuration list for PBXNativeTarget "Financial AssistantUITests" */ = {
			isa = XCConfigurationList;
			buildConfigurations = (
				01A58DA223DCADFC004F124C /* Debug */,
				01A58DA323DCADFC004F124C /* Release */,
			);
			defaultConfigurationIsVisible = 0;
			defaultConfigurationName = Release;
		};
/* End XCConfigurationList section */

/* Begin XCVersionGroup section */
		01A58D7A23DCADFA004F124C /* Financial_Assistant.xcdatamodeld */ = {
			isa = XCVersionGroup;
			children = (
				01A58D7B23DCADFA004F124C /* Financial_Assistant.xcdatamodel */,
			);
			currentVersion = 01A58D7B23DCADFA004F124C /* Financial_Assistant.xcdatamodel */;
			path = Financial_Assistant.xcdatamodeld;
			sourceTree = "<group>";
			versionGroupType = wrapper.xcdatamodel;
		};
/* End XCVersionGroup section */
	};
	rootObject = 01A58D6423DCADFA004F124C /* Project object */;
}
