// !$*UTF8*$!
{
	archiveVersion = 1;
	classes = {
	};
	objectVersion = 50;
	objects = {

/* Begin PBXBuildFile section */
		01A58D7023DCADFA004F124C /* AppDelegate.swift in Sources */ = {isa = PBXBuildFile; fileRef = 01A58D6F23DCADFA004F124C /* AppDelegate.swift */; };
		01A58D7223DCADFA004F124C /* SceneDelegate.swift in Sources */ = {isa = PBXBuildFile; fileRef = 01A58D7123DCADFA004F124C /* SceneDelegate.swift */; };
		01A58D7423DCADFA004F124C /* OverviewVC.swift in Sources */ = {isa = PBXBuildFile; fileRef = 01A58D7323DCADFA004F124C /* OverviewVC.swift */; };
		01A58D7623DCADFA004F124C /* WalletVC.swift in Sources */ = {isa = PBXBuildFile; fileRef = 01A58D7523DCADFA004F124C /* WalletVC.swift */; };
		01A58D7923DCADFA004F124C /* Main.storyboard in Resources */ = {isa = PBXBuildFile; fileRef = 01A58D7723DCADFA004F124C /* Main.storyboard */; };
		01A58D7C23DCADFA004F124C /* Financial_Assistant.xcdatamodeld in Sources */ = {isa = PBXBuildFile; fileRef = 01A58D7A23DCADFA004F124C /* Financial_Assistant.xcdatamodeld */; };
		01A58D7E23DCADFC004F124C /* Assets.xcassets in Resources */ = {isa = PBXBuildFile; fileRef = 01A58D7D23DCADFC004F124C /* Assets.xcassets */; };
		01A58D8123DCADFC004F124C /* LaunchScreen.storyboard in Resources */ = {isa = PBXBuildFile; fileRef = 01A58D7F23DCADFC004F124C /* LaunchScreen.storyboard */; };
		01A58D8C23DCADFC004F124C /* Financial_AssistantTests.swift in Sources */ = {isa = PBXBuildFile; fileRef = 01A58D8B23DCADFC004F124C /* Financial_AssistantTests.swift */; };
		01A58D9723DCADFC004F124C /* Financial_AssistantUITests.swift in Sources */ = {isa = PBXBuildFile; fileRef = 01A58D9623DCADFC004F124C /* Financial_AssistantUITests.swift */; };
		01D891D423EE150D0009FD5A /* TransactionsVC.swift in Sources */ = {isa = PBXBuildFile; fileRef = 01D891D323EE150D0009FD5A /* TransactionsVC.swift */; };
		01D891D623EE1B890009FD5A /* StatisticsVC.swift in Sources */ = {isa = PBXBuildFile; fileRef = 01D891D523EE1B890009FD5A /* StatisticsVC.swift */; };
		01D891D823EE1B9F0009FD5A /* PlanningVC.swift in Sources */ = {isa = PBXBuildFile; fileRef = 01D891D723EE1B9F0009FD5A /* PlanningVC.swift */; };
		01D891DA23EE1BB00009FD5A /* SettingsVC.swift in Sources */ = {isa = PBXBuildFile; fileRef = 01D891D923EE1BB00009FD5A /* SettingsVC.swift */; };
/* End PBXBuildFile section */

/* Begin PBXContainerItemProxy section */
		01A58D8823DCADFC004F124C /* PBXContainerItemProxy */ = {
			isa = PBXContainerItemProxy;
			containerPortal = 01A58D6423DCADFA004F124C /* Project object */;
			proxyType = 1;
			remoteGlobalIDString = 01A58D6B23DCADFA004F124C;
			remoteInfo = "Financial Assistant";
		};
		01A58D9323DCADFC004F124C /* PBXContainerItemProxy */ = {
			isa = PBXContainerItemProxy;
			containerPortal = 01A58D6423DCADFA004F124C /* Project object */;
			proxyType = 1;
			remoteGlobalIDString = 01A58D6B23DCADFA004F124C;
			remoteInfo = "Financial Assistant";
		};
/* End PBXContainerItemProxy section */

/* Begin PBXFileReference section */
		01A58D6C23DCADFA004F124C /* Financial Assistant.app */ = {isa = PBXFileReference; explicitFileType = wrapper.application; includeInIndex = 0; path = "Financial Assistant.app"; sourceTree = BUILT_PRODUCTS_DIR; };
		01A58D6F23DCADFA004F124C /* AppDelegate.swift */ = {isa = PBXFileReference; lastKnownFileType = sourcecode.swift; path = AppDelegate.swift; sourceTree = "<group>"; };
		01A58D7123DCADFA004F124C /* SceneDelegate.swift */ = {isa = PBXFileReference; lastKnownFileType = sourcecode.swift; path = SceneDelegate.swift; sourceTree = "<group>"; };
		01A58D7323DCADFA004F124C /* OverviewVC.swift */ = {isa = PBXFileReference; lastKnownFileType = sourcecode.swift; path = OverviewVC.swift; sourceTree = "<group>"; };
		01A58D7523DCADFA004F124C /* WalletVC.swift */ = {isa = PBXFileReference; lastKnownFileType = sourcecode.swift; path = WalletVC.swift; sourceTree = "<group>"; };
		01A58D7823DCADFA004F124C /* Base */ = {isa = PBXFileReference; lastKnownFileType = file.storyboard; name = Base; path = Base.lproj/Main.storyboard; sourceTree = "<group>"; };
		01A58D7B23DCADFA004F124C /* Financial_Assistant.xcdatamodel */ = {isa = PBXFileReference; lastKnownFileType = wrapper.xcdatamodel; path = Financial_Assistant.xcdatamodel; sourceTree = "<group>"; };
		01A58D7D23DCADFC004F124C /* Assets.xcassets */ = {isa = PBXFileReference; lastKnownFileType = folder.assetcatalog; path = Assets.xcassets; sourceTree = "<group>"; };
		01A58D8023DCADFC004F124C /* Base */ = {isa = PBXFileReference; lastKnownFileType = file.storyboard; name = Base; path = Base.lproj/LaunchScreen.storyboard; sourceTree = "<group>"; };
		01A58D8223DCADFC004F124C /* Info.plist */ = {isa = PBXFileReference; lastKnownFileType = text.plist.xml; path = Info.plist; sourceTree = "<group>"; };
		01A58D8723DCADFC004F124C /* Financial AssistantTests.xctest */ = {isa = PBXFileReference; explicitFileType = wrapper.cfbundle; includeInIndex = 0; path = "Financial AssistantTests.xctest"; sourceTree = BUILT_PRODUCTS_DIR; };
		01A58D8B23DCADFC004F124C /* Financial_AssistantTests.swift */ = {isa = PBXFileReference; lastKnownFileType = sourcecode.swift; path = Financial_AssistantTests.swift; sourceTree = "<group>"; };
		01A58D8D23DCADFC004F124C /* Info.plist */ = {isa = PBXFileReference; lastKnownFileType = text.plist.xml; path = Info.plist; sourceTree = "<group>"; };
		01A58D9223DCADFC004F124C /* Financial AssistantUITests.xctest */ = {isa = PBXFileReference; explicitFileType = wrapper.cfbundle; includeInIndex = 0; path = "Financial AssistantUITests.xctest"; sourceTree = BUILT_PRODUCTS_DIR; };
		01A58D9623DCADFC004F124C /* Financial_AssistantUITests.swift */ = {isa = PBXFileReference; lastKnownFileType = sourcecode.swift; path = Financial_AssistantUITests.swift; sourceTree = "<group>"; };
		01A58D9823DCADFC004F124C /* Info.plist */ = {isa = PBXFileReference; lastKnownFileType = text.plist.xml; path = Info.plist; sourceTree = "<group>"; };
		01D891D323EE150D0009FD5A /* TransactionsVC.swift */ = {isa = PBXFileReference; lastKnownFileType = sourcecode.swift; path = TransactionsVC.swift; sourceTree = "<group>"; };
		01D891D523EE1B890009FD5A /* StatisticsVC.swift */ = {isa = PBXFileReference; lastKnownFileType = sourcecode.swift; path = StatisticsVC.swift; sourceTree = "<group>"; };
		01D891D723EE1B9F0009FD5A /* PlanningVC.swift */ = {isa = PBXFileReference; lastKnownFileType = sourcecode.swift; path = PlanningVC.swift; sourceTree = "<group>"; };
		01D891D923EE1BB00009FD5A /* SettingsVC.swift */ = {isa = PBXFileReference; lastKnownFileType = sourcecode.swift; path = SettingsVC.swift; sourceTree = "<group>"; };
/* End PBXFileReference section */

/* Begin PBXFrameworksBuildPhase section */
		01A58D6923DCADFA004F124C /* Frameworks */ = {
			isa = PBXFrameworksBuildPhase;
			buildActionMask = 2147483647;
			files = (
			);
			runOnlyForDeploymentPostprocessing = 0;
		};
		01A58D8423DCADFC004F124C /* Frameworks */ = {
			isa = PBXFrameworksBuildPhase;
			buildActionMask = 2147483647;
			files = (
			);
			runOnlyForDeploymentPostprocessing = 0;
		};
		01A58D8F23DCADFC004F124C /* Frameworks */ = {
			isa = PBXFrameworksBuildPhase;
			buildActionMask = 2147483647;
			files = (
			);
			runOnlyForDeploymentPostprocessing = 0;
		};
/* End PBXFrameworksBuildPhase section */

/* Begin PBXGroup section */
		014916B723DD9D3B005D4C8F /* View */ = {
			isa = PBXGroup;
			children = (
			);
			name = View;
			sourceTree = "<group>";
		};
		014916B823DD9D46005D4C8F /* Controllers */ = {
			isa = PBXGroup;
			children = (
				01A58D7323DCADFA004F124C /* OverviewVC.swift */,
				01A58D7523DCADFA004F124C /* WalletVC.swift */,
				01D891D323EE150D0009FD5A /* TransactionsVC.swift */,
				01D891D523EE1B890009FD5A /* StatisticsVC.swift */,
				01D891D723EE1B9F0009FD5A /* PlanningVC.swift */,
				01D891D923EE1BB00009FD5A /* SettingsVC.swift */,
			);
			name = Controllers;
			sourceTree = "<group>";
		};
		014916B923DD9D56005D4C8F /* Storyboards */ = {
			isa = PBXGroup;
			children = (
				01A58D7723DCADFA004F124C /* Main.storyboard */,
				01A58D7F23DCADFC004F124C /* LaunchScreen.storyboard */,
			);
			name = Storyboards;
			sourceTree = "<group>";
		};
		014916BA23DD9D5F005D4C8F /* Model */ = {
			isa = PBXGroup;
			children = (
			);
			name = Model;
			sourceTree = "<group>";
		};
		014916BB23DD9D6A005D4C8F /* Extensions */ = {
			isa = PBXGroup;
			children = (
			);
			name = Extensions;
			sourceTree = "<group>";
		};
		014916BC23DD9D71005D4C8F /* Fonts */ = {
			isa = PBXGroup;
			children = (
			);
			name = Fonts;
			sourceTree = "<group>";
		};
		014916BD23DD9D7E005D4C8F /* Support Files */ = {
			isa = PBXGroup;
			children = (
				01A58D6F23DCADFA004F124C /* AppDelegate.swift */,
				01A58D7123DCADFA004F124C /* SceneDelegate.swift */,
				01A58D8223DCADFC004F124C /* Info.plist */,
				01A58D7A23DCADFA004F124C /* Financial_Assistant.xcdatamodeld */,
			);
			name = "Support Files";
			sourceTree = "<group>";
		};
		014916BE23DD9F25005D4C8F /* Storage Manager */ = {
			isa = PBXGroup;
			children = (
			);
			name = "Storage Manager";
			sourceTree = "<group>";
		};
		01A58D6323DCADFA004F124C = {
			isa = PBXGroup;
			children = (
				01A58D6E23DCADFA004F124C /* Financial Assistant */,
				01A58D8A23DCADFC004F124C /* Financial AssistantTests */,
				01A58D9523DCADFC004F124C /* Financial AssistantUITests */,
				01A58D6D23DCADFA004F124C /* Products */,
			);
			sourceTree = "<group>";
		};
		01A58D6D23DCADFA004F124C /* Products */ = {
			isa = PBXGroup;
			children = (
				01A58D6C23DCADFA004F124C /* Financial Assistant.app */,
				01A58D8723DCADFC004F124C /* Financial AssistantTests.xctest */,
				01A58D9223DCADFC004F124C /* Financial AssistantUITests.xctest */,
			);
			name = Products;
			sourceTree = "<group>";
		};
		01A58D6E23DCADFA004F124C /* Financial Assistant */ = {
			isa = PBXGroup;
			children = (
				014916B723DD9D3B005D4C8F /* View */,
				014916B923DD9D56005D4C8F /* Storyboards */,
				014916B823DD9D46005D4C8F /* Controllers */,
				014916BA23DD9D5F005D4C8F /* Model */,
				014916BE23DD9F25005D4C8F /* Storage Manager */,
				014916BB23DD9D6A005D4C8F /* Extensions */,
				014916BC23DD9D71005D4C8F /* Fonts */,
				014916BD23DD9D7E005D4C8F /* Support Files */,
				01A58D7D23DCADFC004F124C /* Assets.xcassets */,
			);
			path = "Financial Assistant";
			sourceTree = "<group>";
		};
		01A58D8A23DCADFC004F124C /* Financial AssistantTests */ = {
			isa = PBXGroup;
			children = (
				01A58D8B23DCADFC004F124C /* Financial_AssistantTests.swift */,
				01A58D8D23DCADFC004F124C /* Info.plist */,
			);
			path = "Financial AssistantTests";
			sourceTree = "<group>";
		};
		01A58D9523DCADFC004F124C /* Financial AssistantUITests */ = {
			isa = PBXGroup;
			children = (
				01A58D9623DCADFC004F124C /* Financial_AssistantUITests.swift */,
				01A58D9823DCADFC004F124C /* Info.plist */,
			);
			path = "Financial AssistantUITests";
			sourceTree = "<group>";
		};
/* End PBXGroup section */

/* Begin PBXNativeTarget section */
		01A58D6B23DCADFA004F124C /* Financial Assistant */ = {
			isa = PBXNativeTarget;
			buildConfigurationList = 01A58D9B23DCADFC004F124C /* Build configuration list for PBXNativeTarget "Financial Assistant" */;
			buildPhases = (
				01A58D6823DCADFA004F124C /* Sources */,
				01A58D6923DCADFA004F124C /* Frameworks */,
				01A58D6A23DCADFA004F124C /* Resources */,
			);
			buildRules = (
			);
			dependencies = (
			);
			name = "Financial Assistant";
			productName = "Financial Assistant";
			productReference = 01A58D6C23DCADFA004F124C /* Financial Assistant.app */;
			productType = "com.apple.product-type.application";
		};
		01A58D8623DCADFC004F124C /* Financial AssistantTests */ = {
			isa = PBXNativeTarget;
			buildConfigurationList = 01A58D9E23DCADFC004F124C /* Build configuration list for PBXNativeTarget "Financial AssistantTests" */;
			buildPhases = (
				01A58D8323DCADFC004F124C /* Sources */,
				01A58D8423DCADFC004F124C /* Frameworks */,
				01A58D8523DCADFC004F124C /* Resources */,
			);
			buildRules = (
			);
			dependencies = (
				01A58D8923DCADFC004F124C /* PBXTargetDependency */,
			);
			name = "Financial AssistantTests";
			productName = "Financial AssistantTests";
			productReference = 01A58D8723DCADFC004F124C /* Financial AssistantTests.xctest */;
			productType = "com.apple.product-type.bundle.unit-test";
		};
		01A58D9123DCADFC004F124C /* Financial AssistantUITests */ = {
			isa = PBXNativeTarget;
			buildConfigurationList = 01A58DA123DCADFC004F124C /* Build configuration list for PBXNativeTarget "Financial AssistantUITests" */;
			buildPhases = (
				01A58D8E23DCADFC004F124C /* Sources */,
				01A58D8F23DCADFC004F124C /* Frameworks */,
				01A58D9023DCADFC004F124C /* Resources */,
			);
			buildRules = (
			);
			dependencies = (
				01A58D9423DCADFC004F124C /* PBXTargetDependency */,
			);
			name = "Financial AssistantUITests";
			productName = "Financial AssistantUITests";
			productReference = 01A58D9223DCADFC004F124C /* Financial AssistantUITests.xctest */;
			productType = "com.apple.product-type.bundle.ui-testing";
		};
/* End PBXNativeTarget section */

/* Begin PBXProject section */
		01A58D6423DCADFA004F124C /* Project object */ = {
			isa = PBXProject;
			attributes = {
				LastSwiftUpdateCheck = 1130;
				LastUpgradeCheck = 1130;
				ORGANIZATIONNAME = "Andrii Halabuda";
				TargetAttributes = {
					01A58D6B23DCADFA004F124C = {
						CreatedOnToolsVersion = 11.3.1;
					};
					01A58D8623DCADFC004F124C = {
						CreatedOnToolsVersion = 11.3.1;
						TestTargetID = 01A58D6B23DCADFA004F124C;
					};
					01A58D9123DCADFC004F124C = {
						CreatedOnToolsVersion = 11.3.1;
						TestTargetID = 01A58D6B23DCADFA004F124C;
					};
				};
			};
			buildConfigurationList = 01A58D6723DCADFA004F124C /* Build configuration list for PBXProject "Financial Assistant" */;
			compatibilityVersion = "Xcode 9.3";
			developmentRegion = en;
			hasScannedForEncodings = 0;
			knownRegions = (
				en,
				Base,
			);
			mainGroup = 01A58D6323DCADFA004F124C;
			productRefGroup = 01A58D6D23DCADFA004F124C /* Products */;
			projectDirPath = "";
			projectRoot = "";
			targets = (
				01A58D6B23DCADFA004F124C /* Financial Assistant */,
				01A58D8623DCADFC004F124C /* Financial AssistantTests */,
				01A58D9123DCADFC004F124C /* Financial AssistantUITests */,
			);
		};
/* End PBXProject section */

/* Begin PBXResourcesBuildPhase section */
		01A58D6A23DCADFA004F124C /* Resources */ = {
			isa = PBXResourcesBuildPhase;
			buildActionMask = 2147483647;
			files = (
				01A58D8123DCADFC004F124C /* LaunchScreen.storyboard in Resources */,
				01A58D7E23DCADFC004F124C /* Assets.xcassets in Resources */,
				01A58D7923DCADFA004F124C /* Main.storyboard in Resources */,
			);
			runOnlyForDeploymentPostprocessing = 0;
		};
		01A58D8523DCADFC004F124C /* Resources */ = {
			isa = PBXResourcesBuildPhase;
			buildActionMask = 2147483647;
			files = (
			);
			runOnlyForDeploymentPostprocessing = 0;
		};
		01A58D9023DCADFC004F124C /* Resources */ = {
			isa = PBXResourcesBuildPhase;
			buildActionMask = 2147483647;
			files = (
			);
			runOnlyForDeploymentPostprocessing = 0;
		};
/* End PBXResourcesBuildPhase section */

/* Begin PBXSourcesBuildPhase section */
		01A58D6823DCADFA004F124C /* Sources */ = {
			isa = PBXSourcesBuildPhase;
			buildActionMask = 2147483647;
			files = (
				01A58D7C23DCADFA004F124C /* Financial_Assistant.xcdatamodeld in Sources */,
				01A58D7623DCADFA004F124C /* WalletVC.swift in Sources */,
				01A58D7423DCADFA004F124C /* OverviewVC.swift in Sources */,
				01D891D823EE1B9F0009FD5A /* PlanningVC.swift in Sources */,
				01D891D423EE150D0009FD5A /* TransactionsVC.swift in Sources */,
				01D891D623EE1B890009FD5A /* StatisticsVC.swift in Sources */,
				01A58D7023DCADFA004F124C /* AppDelegate.swift in Sources */,
				01A58D7223DCADFA004F124C /* SceneDelegate.swift in Sources */,
				01D891DA23EE1BB00009FD5A /* SettingsVC.swift in Sources */,
			);
			runOnlyForDeploymentPostprocessing = 0;
		};
		01A58D8323DCADFC004F124C /* Sources */ = {
			isa = PBXSourcesBuildPhase;
			buildActionMask = 2147483647;
			files = (
				01A58D8C23DCADFC004F124C /* Financial_AssistantTests.swift in Sources */,
			);
			runOnlyForDeploymentPostprocessing = 0;
		};
		01A58D8E23DCADFC004F124C /* Sources */ = {
			isa = PBXSourcesBuildPhase;
			buildActionMask = 2147483647;
			files = (
				01A58D9723DCADFC004F124C /* Financial_AssistantUITests.swift in Sources */,
			);
			runOnlyForDeploymentPostprocessing = 0;
		};
/* End PBXSourcesBuildPhase section */

/* Begin PBXTargetDependency section */
		01A58D8923DCADFC004F124C /* PBXTargetDependency */ = {
			isa = PBXTargetDependency;
			target = 01A58D6B23DCADFA004F124C /* Financial Assistant */;
			targetProxy = 01A58D8823DCADFC004F124C /* PBXContainerItemProxy */;
		};
		01A58D9423DCADFC004F124C /* PBXTargetDependency */ = {
			isa = PBXTargetDependency;
			target = 01A58D6B23DCADFA004F124C /* Financial Assistant */;
			targetProxy = 01A58D9323DCADFC004F124C /* PBXContainerItemProxy */;
		};
/* End PBXTargetDependency section */

/* Begin PBXVariantGroup section */
		01A58D7723DCADFA004F124C /* Main.storyboard */ = {
			isa = PBXVariantGroup;
			children = (
				01A58D7823DCADFA004F124C /* Base */,
			);
			name = Main.storyboard;
			sourceTree = "<group>";
		};
		01A58D7F23DCADFC004F124C /* LaunchScreen.storyboard */ = {
			isa = PBXVariantGroup;
			children = (
				01A58D8023DCADFC004F124C /* Base */,
			);
			name = LaunchScreen.storyboard;
			sourceTree = "<group>";
		};
/* End PBXVariantGroup section */

/* Begin XCBuildConfiguration section */
		01A58D9923DCADFC004F124C /* Debug */ = {
			isa = XCBuildConfiguration;
			buildSettings = {
				ALWAYS_SEARCH_USER_PATHS = NO;
				CLANG_ANALYZER_NONNULL = YES;
				CLANG_ANALYZER_NUMBER_OBJECT_CONVERSION = YES_AGGRESSIVE;
				CLANG_CXX_LANGUAGE_STANDARD = "gnu++14";
				CLANG_CXX_LIBRARY = "libc++";
				CLANG_ENABLE_MODULES = YES;
				CLANG_ENABLE_OBJC_ARC = YES;
				CLANG_ENABLE_OBJC_WEAK = YES;
				CLANG_WARN_BLOCK_CAPTURE_AUTORELEASING = YES;
				CLANG_WARN_BOOL_CONVERSION = YES;
				CLANG_WARN_COMMA = YES;
				CLANG_WARN_CONSTANT_CONVERSION = YES;
				CLANG_WARN_DEPRECATED_OBJC_IMPLEMENTATIONS = YES;
				CLANG_WARN_DIRECT_OBJC_ISA_USAGE = YES_ERROR;
				CLANG_WARN_DOCUMENTATION_COMMENTS = YES;
				CLANG_WARN_EMPTY_BODY = YES;
				CLANG_WARN_ENUM_CONVERSION = YES;
				CLANG_WARN_INFINITE_RECURSION = YES;
				CLANG_WARN_INT_CONVERSION = YES;
				CLANG_WARN_NON_LITERAL_NULL_CONVERSION = YES;
				CLANG_WARN_OBJC_IMPLICIT_RETAIN_SELF = YES;
				CLANG_WARN_OBJC_LITERAL_CONVERSION = YES;
				CLANG_WARN_OBJC_ROOT_CLASS = YES_ERROR;
				CLANG_WARN_RANGE_LOOP_ANALYSIS = YES;
				CLANG_WARN_STRICT_PROTOTYPES = YES;
				CLANG_WARN_SUSPICIOUS_MOVE = YES;
				CLANG_WARN_UNGUARDED_AVAILABILITY = YES_AGGRESSIVE;
				CLANG_WARN_UNREACHABLE_CODE = YES;
				CLANG_WARN__DUPLICATE_METHOD_MATCH = YES;
				COPY_PHASE_STRIP = NO;
				DEBUG_INFORMATION_FORMAT = dwarf;
				ENABLE_STRICT_OBJC_MSGSEND = YES;
				ENABLE_TESTABILITY = YES;
				GCC_C_LANGUAGE_STANDARD = gnu11;
				GCC_DYNAMIC_NO_PIC = NO;
				GCC_NO_COMMON_BLOCKS = YES;
				GCC_OPTIMIZATION_LEVEL = 0;
				GCC_PREPROCESSOR_DEFINITIONS = (
					"DEBUG=1",
					"$(inherited)",
				);
				GCC_WARN_64_TO_32_BIT_CONVERSION = YES;
				GCC_WARN_ABOUT_RETURN_TYPE = YES_ERROR;
				GCC_WARN_UNDECLARED_SELECTOR = YES;
				GCC_WARN_UNINITIALIZED_AUTOS = YES_AGGRESSIVE;
				GCC_WARN_UNUSED_FUNCTION = YES;
				GCC_WARN_UNUSED_VARIABLE = YES;
				IPHONEOS_DEPLOYMENT_TARGET = 11.0;
				MTL_ENABLE_DEBUG_INFO = INCLUDE_SOURCE;
				MTL_FAST_MATH = YES;
				ONLY_ACTIVE_ARCH = YES;
				SDKROOT = iphoneos;
				SWIFT_ACTIVE_COMPILATION_CONDITIONS = DEBUG;
				SWIFT_OPTIMIZATION_LEVEL = "-Onone";
			};
			name = Debug;
		};
		01A58D9A23DCADFC004F124C /* Release */ = {
			isa = XCBuildConfiguration;
			buildSettings = {
				ALWAYS_SEARCH_USER_PATHS = NO;
				CLANG_ANALYZER_NONNULL = YES;
				CLANG_ANALYZER_NUMBER_OBJECT_CONVERSION = YES_AGGRESSIVE;
				CLANG_CXX_LANGUAGE_STANDARD = "gnu++14";
				CLANG_CXX_LIBRARY = "libc++";
				CLANG_ENABLE_MODULES = YES;
				CLANG_ENABLE_OBJC_ARC = YES;
				CLANG_ENABLE_OBJC_WEAK = YES;
				CLANG_WARN_BLOCK_CAPTURE_AUTORELEASING = YES;
				CLANG_WARN_BOOL_CONVERSION = YES;
				CLANG_WARN_COMMA = YES;
				CLANG_WARN_CONSTANT_CONVERSION = YES;
				CLANG_WARN_DEPRECATED_OBJC_IMPLEMENTATIONS = YES;
				CLANG_WARN_DIRECT_OBJC_ISA_USAGE = YES_ERROR;
				CLANG_WARN_DOCUMENTATION_COMMENTS = YES;
				CLANG_WARN_EMPTY_BODY = YES;
				CLANG_WARN_ENUM_CONVERSION = YES;
				CLANG_WARN_INFINITE_RECURSION = YES;
				CLANG_WARN_INT_CONVERSION = YES;
				CLANG_WARN_NON_LITERAL_NULL_CONVERSION = YES;
				CLANG_WARN_OBJC_IMPLICIT_RETAIN_SELF = YES;
				CLANG_WARN_OBJC_LITERAL_CONVERSION = YES;
				CLANG_WARN_OBJC_ROOT_CLASS = YES_ERROR;
				CLANG_WARN_RANGE_LOOP_ANALYSIS = YES;
				CLANG_WARN_STRICT_PROTOTYPES = YES;
				CLANG_WARN_SUSPICIOUS_MOVE = YES;
				CLANG_WARN_UNGUARDED_AVAILABILITY = YES_AGGRESSIVE;
				CLANG_WARN_UNREACHABLE_CODE = YES;
				CLANG_WARN__DUPLICATE_METHOD_MATCH = YES;
				COPY_PHASE_STRIP = NO;
				DEBUG_INFORMATION_FORMAT = "dwarf-with-dsym";
				ENABLE_NS_ASSERTIONS = NO;
				ENABLE_STRICT_OBJC_MSGSEND = YES;
				GCC_C_LANGUAGE_STANDARD = gnu11;
				GCC_NO_COMMON_BLOCKS = YES;
				GCC_WARN_64_TO_32_BIT_CONVERSION = YES;
				GCC_WARN_ABOUT_RETURN_TYPE = YES_ERROR;
				GCC_WARN_UNDECLARED_SELECTOR = YES;
				GCC_WARN_UNINITIALIZED_AUTOS = YES_AGGRESSIVE;
				GCC_WARN_UNUSED_FUNCTION = YES;
				GCC_WARN_UNUSED_VARIABLE = YES;
				IPHONEOS_DEPLOYMENT_TARGET = 11.0;
				MTL_ENABLE_DEBUG_INFO = NO;
				MTL_FAST_MATH = YES;
				SDKROOT = iphoneos;
				SWIFT_COMPILATION_MODE = wholemodule;
				SWIFT_OPTIMIZATION_LEVEL = "-O";
				VALIDATE_PRODUCT = YES;
			};
			name = Release;
		};
		01A58D9C23DCADFC004F124C /* Debug */ = {
			isa = XCBuildConfiguration;
			buildSettings = {
				ASSETCATALOG_COMPILER_APPICON_NAME = AppIcon;
				CODE_SIGN_STYLE = Automatic;
				CURRENT_PROJECT_VERSION = 6;
				DEVELOPMENT_TEAM = PTRW36GG78;
				INFOPLIST_FILE = "Financial Assistant/Info.plist";
				IPHONEOS_DEPLOYMENT_TARGET = 11.0;
				LD_RUNPATH_SEARCH_PATHS = (
					"$(inherited)",
					"@executable_path/Frameworks",
				);
				PRODUCT_BUNDLE_IDENTIFIER = "com.Andrew11US.Financial-Assistant";
				PRODUCT_NAME = "$(TARGET_NAME)";
				SWIFT_VERSION = 5.0;
				TARGETED_DEVICE_FAMILY = "1,2";
			};
			name = Debug;
		};
		01A58D9D23DCADFC004F124C /* Release */ = {
			isa = XCBuildConfiguration;
			buildSettings = {
				ASSETCATALOG_COMPILER_APPICON_NAME = AppIcon;
				CODE_SIGN_STYLE = Automatic;
				CURRENT_PROJECT_VERSION = 6;
				DEVELOPMENT_TEAM = PTRW36GG78;
				INFOPLIST_FILE = "Financial Assistant/Info.plist";
				IPHONEOS_DEPLOYMENT_TARGET = 11.0;
				LD_RUNPATH_SEARCH_PATHS = (
					"$(inherited)",
					"@executable_path/Frameworks",
				);
				PRODUCT_BUNDLE_IDENTIFIER = "com.Andrew11US.Financial-Assistant";
				PRODUCT_NAME = "$(TARGET_NAME)";
				SWIFT_VERSION = 5.0;
				TARGETED_DEVICE_FAMILY = "1,2";
			};
			name = Release;
		};
		01A58D9F23DCADFC004F124C /* Debug */ = {
			isa = XCBuildConfiguration;
			buildSettings = {
				ALWAYS_EMBED_SWIFT_STANDARD_LIBRARIES = YES;
				BUNDLE_LOADER = "$(TEST_HOST)";
				CODE_SIGN_STYLE = Automatic;
				DEVELOPMENT_TEAM = PTRW36GG78;
				INFOPLIST_FILE = "Financial AssistantTests/Info.plist";
				IPHONEOS_DEPLOYMENT_TARGET = 13.2;
				LD_RUNPATH_SEARCH_PATHS = (
					"$(inherited)",
					"@executable_path/Frameworks",
					"@loader_path/Frameworks",
				);
				PRODUCT_BUNDLE_IDENTIFIER = "com.Andrew11US.Financial-AssistantTests";
				PRODUCT_NAME = "$(TARGET_NAME)";
				SWIFT_VERSION = 5.0;
				TARGETED_DEVICE_FAMILY = "1,2";
				TEST_HOST = "$(BUILT_PRODUCTS_DIR)/Financial Assistant.app/Financial Assistant";
			};
			name = Debug;
		};
		01A58DA023DCADFC004F124C /* Release */ = {
			isa = XCBuildConfiguration;
			buildSettings = {
				ALWAYS_EMBED_SWIFT_STANDARD_LIBRARIES = YES;
				BUNDLE_LOADER = "$(TEST_HOST)";
				CODE_SIGN_STYLE = Automatic;
				DEVELOPMENT_TEAM = PTRW36GG78;
				INFOPLIST_FILE = "Financial AssistantTests/Info.plist";
				IPHONEOS_DEPLOYMENT_TARGET = 13.2;
				LD_RUNPATH_SEARCH_PATHS = (
					"$(inherited)",
					"@executable_path/Frameworks",
					"@loader_path/Frameworks",
				);
				PRODUCT_BUNDLE_IDENTIFIER = "com.Andrew11US.Financial-AssistantTests";
				PRODUCT_NAME = "$(TARGET_NAME)";
				SWIFT_VERSION = 5.0;
				TARGETED_DEVICE_FAMILY = "1,2";
				TEST_HOST = "$(BUILT_PRODUCTS_DIR)/Financial Assistant.app/Financial Assistant";
			};
			name = Release;
		};
		01A58DA223DCADFC004F124C /* Debug */ = {
			isa = XCBuildConfiguration;
			buildSettings = {
				ALWAYS_EMBED_SWIFT_STANDARD_LIBRARIES = YES;
				CODE_SIGN_STYLE = Automatic;
				DEVELOPMENT_TEAM = PTRW36GG78;
				INFOPLIST_FILE = "Financial AssistantUITests/Info.plist";
				LD_RUNPATH_SEARCH_PATHS = (
					"$(inherited)",
					"@executable_path/Frameworks",
					"@loader_path/Frameworks",
				);
				PRODUCT_BUNDLE_IDENTIFIER = "com.Andrew11US.Financial-AssistantUITests";
				PRODUCT_NAME = "$(TARGET_NAME)";
				SWIFT_VERSION = 5.0;
				TARGETED_DEVICE_FAMILY = "1,2";
				TEST_TARGET_NAME = "Financial Assistant";
			};
			name = Debug;
		};
		01A58DA323DCADFC004F124C /* Release */ = {
			isa = XCBuildConfiguration;
			buildSettings = {
				ALWAYS_EMBED_SWIFT_STANDARD_LIBRARIES = YES;
				CODE_SIGN_STYLE = Automatic;
				DEVELOPMENT_TEAM = PTRW36GG78;
				INFOPLIST_FILE = "Financial AssistantUITests/Info.plist";
				LD_RUNPATH_SEARCH_PATHS = (
					"$(inherited)",
					"@executable_path/Frameworks",
					"@loader_path/Frameworks",
				);
				PRODUCT_BUNDLE_IDENTIFIER = "com.Andrew11US.Financial-AssistantUITests";
				PRODUCT_NAME = "$(TARGET_NAME)";
				SWIFT_VERSION = 5.0;
				TARGETED_DEVICE_FAMILY = "1,2";
				TEST_TARGET_NAME = "Financial Assistant";
			};
			name = Release;
		};
/* End XCBuildConfiguration section */

/* Begin XCConfigurationList section */
		01A58D6723DCADFA004F124C /* Build configuration list for PBXProject "Financial Assistant" */ = {
			isa = XCConfigurationList;
			buildConfigurations = (
				01A58D9923DCADFC004F124C /* Debug */,
				01A58D9A23DCADFC004F124C /* Release */,
			);
			defaultConfigurationIsVisible = 0;
			defaultConfigurationName = Release;
		};
		01A58D9B23DCADFC004F124C /* Build configuration list for PBXNativeTarget "Financial Assistant" */ = {
			isa = XCConfigurationList;
			buildConfigurations = (
				01A58D9C23DCADFC004F124C /* Debug */,
				01A58D9D23DCADFC004F124C /* Release */,
			);
			defaultConfigurationIsVisible = 0;
			defaultConfigurationName = Release;
		};
		01A58D9E23DCADFC004F124C /* Build configuration list for PBXNativeTarget "Financial AssistantTests" */ = {
			isa = XCConfigurationList;
			buildConfigurations = (
				01A58D9F23DCADFC004F124C /* Debug */,
				01A58DA023DCADFC004F124C /* Release */,
			);
			defaultConfigurationIsVisible = 0;
			defaultConfigurationName = Release;
		};
		01A58DA123DCADFC004F124C /* Build configuration list for PBXNativeTarget "Financial AssistantUITests" */ = {
			isa = XCConfigurationList;
			buildConfigurations = (
				01A58DA223DCADFC004F124C /* Debug */,
				01A58DA323DCADFC004F124C /* Release */,
			);
			defaultConfigurationIsVisible = 0;
			defaultConfigurationName = Release;
		};
/* End XCConfigurationList section */

/* Begin XCVersionGroup section */
		01A58D7A23DCADFA004F124C /* Financial_Assistant.xcdatamodeld */ = {
			isa = XCVersionGroup;
			children = (
				01A58D7B23DCADFA004F124C /* Financial_Assistant.xcdatamodel */,
			);
			currentVersion = 01A58D7B23DCADFA004F124C /* Financial_Assistant.xcdatamodel */;
			path = Financial_Assistant.xcdatamodeld;
			sourceTree = "<group>";
			versionGroupType = wrapper.xcdatamodel;
		};
/* End XCVersionGroup section */
	};
	rootObject = 01A58D6423DCADFA004F124C /* Project object */;
}
